// !$*UTF8*$!
{
	archiveVersion = 1;
	classes = {
	};
	objectVersion = 77;
	objects = {

/* Begin PBXBuildFile section */
		09C9196B2DE4E89E00C5F469 /* MockAVPlayerViewControllerBinding.m in Sources */ = {isa = PBXBuildFile; fileRef = 09C919692DE4E89E00C5F469 /* MockAVPlayerViewControllerBinding.m */; };
		09CA2C622DCE81BE0032474D /* MUXSDKCore+Mock.m in Sources */ = {isa = PBXBuildFile; fileRef = 09CA2C612DCE81BE0032474D /* MUXSDKCore+Mock.m */; };
		0D3D84D32E2193EE00B3D243 /* Swifter in Frameworks */ = {isa = PBXBuildFile; productRef = 0D3D84D22E2193EE00B3D243 /* Swifter */; };
		0D3D85162E253AA600B3D243 /* IntegrationTestUtilities in Frameworks */ = {isa = PBXBuildFile; productRef = 0D3D85152E253AA600B3D243 /* IntegrationTestUtilities */; };
		0D3D85182E253B0C00B3D243 /* IntegrationTestAssets in Frameworks */ = {isa = PBXBuildFile; productRef = 0D3D85172E253B0C00B3D243 /* IntegrationTestAssets */; };
		7255C2F52D7A6EA700E1D797 /* MUXSDKStats in Frameworks */ = {isa = PBXBuildFile; productRef = 7255C2F42D7A6EA700E1D797 /* MUXSDKStats */; };
		7290270B2DB9688400E08127 /* MUXSDKStats in Frameworks */ = {isa = PBXBuildFile; productRef = 7290270A2DB9688400E08127 /* MUXSDKStats */; };
/* End PBXBuildFile section */

/* Begin PBXContainerItemProxy section */
		7225C9D72D77C2980003066B /* PBXContainerItemProxy */ = {
			isa = PBXContainerItemProxy;
			containerPortal = 7225C9BD2D77C2980003066B /* Project object */;
			proxyType = 1;
			remoteGlobalIDString = 7225C9C42D77C2980003066B;
			remoteInfo = IntegrationTestHost;
		};
		7225C9E12D77C2980003066B /* PBXContainerItemProxy */ = {
			isa = PBXContainerItemProxy;
			containerPortal = 7225C9BD2D77C2980003066B /* Project object */;
			proxyType = 1;
			remoteGlobalIDString = 7225C9C42D77C2980003066B;
			remoteInfo = IntegrationTestHost;
		};
/* End PBXContainerItemProxy section */

/* Begin PBXFileReference section */
		09C919652DE4E83D00C5F469 /* MockAVPlayerViewControllerBinding.h */ = {isa = PBXFileReference; lastKnownFileType = sourcecode.c.h; path = MockAVPlayerViewControllerBinding.h; sourceTree = "<group>"; };
		09C919692DE4E89E00C5F469 /* MockAVPlayerViewControllerBinding.m */ = {isa = PBXFileReference; lastKnownFileType = sourcecode.c.objc; path = MockAVPlayerViewControllerBinding.m; sourceTree = "<group>"; };
		09CA2C5F2DC2A2380032474D /* IntegrationTests-Bridging-Header.h */ = {isa = PBXFileReference; lastKnownFileType = sourcecode.c.h; path = "IntegrationTests-Bridging-Header.h"; sourceTree = "<group>"; };
		09CA2C602DCE81BE0032474D /* MUXSDKCore+Mock.h */ = {isa = PBXFileReference; lastKnownFileType = sourcecode.c.h; path = "MUXSDKCore+Mock.h"; sourceTree = "<group>"; };
		09CA2C612DCE81BE0032474D /* MUXSDKCore+Mock.m */ = {isa = PBXFileReference; lastKnownFileType = sourcecode.c.objc; path = "MUXSDKCore+Mock.m"; sourceTree = "<group>"; };
		7225C9C52D77C2980003066B /* IntegrationTestHost.app */ = {isa = PBXFileReference; explicitFileType = wrapper.application; includeInIndex = 0; path = IntegrationTestHost.app; sourceTree = BUILT_PRODUCTS_DIR; };
		7225C9D62D77C2980003066B /* IntegrationTests.xctest */ = {isa = PBXFileReference; explicitFileType = wrapper.cfbundle; includeInIndex = 0; path = IntegrationTests.xctest; sourceTree = BUILT_PRODUCTS_DIR; };
		7225C9E02D77C2980003066B /* UITests.xctest */ = {isa = PBXFileReference; explicitFileType = wrapper.cfbundle; includeInIndex = 0; path = UITests.xctest; sourceTree = BUILT_PRODUCTS_DIR; };
		729026F92DB967B700E08127 /* ObjCTarget.framework */ = {isa = PBXFileReference; explicitFileType = wrapper.framework; includeInIndex = 0; path = ObjCTarget.framework; sourceTree = BUILT_PRODUCTS_DIR; };
/* End PBXFileReference section */

/* Begin PBXFileSystemSynchronizedBuildFileExceptionSet section */
		0D3D7BC62E1FF41700B3D243 /* Exceptions for "IntegrationTestHost" folder in "IntegrationTestHost" target */ = {
			isa = PBXFileSystemSynchronizedBuildFileExceptionSet;
			membershipExceptions = (
				Assets.xcassets,
				"Assets/scripts/assets-make-cmaf.sh",
				"Assets/scripts/assets-make-encrypted.sh",
				"Assets/scripts/assets-make-segments.sh",
				"Assets/scripts/assets-make-variants.sh",
				"Assets/scripts/build-all.sh",
				"Assets/scripts/download-inputs.sh",
				Assets/static/subs.vtt,
				"Assets/test-cases/cdn-change/cdn-change-index.m3u8",
				"Assets/test-cases/cdn-change/failing-cdn-stream.m3u8",
				"Assets/test-cases/cdn-change/second-cdn-stream.m3u8",
				"Assets/test-cases/cmaf/audio.m3u8",
				"Assets/test-cases/cmaf/cmaf-template-index.m3u8",
				"Assets/test-cases/cmaf/video.m3u8",
				"Assets/test-cases/http-codes/redirected-stream.m3u8",
				"Assets/test-cases/http-codes/request-canceled-stream.m3u8",
				"Assets/test-cases/http-codes/request-failed-stream.m3u8",
				"Assets/test-cases/input.mp4",
				"Assets/test-cases/standard/encrypted-stream.m3u8",
				"Assets/test-cases/standard/multi-variant.m3u8",
				"Assets/test-cases/standard/ts-stream.m3u8",
			);
			target = 7225C9C42D77C2980003066B /* IntegrationTestHost */;
		};
		729027032DB967B700E08127 /* Exceptions for "ObjCTarget" folder in "ObjCTarget" target */ = {
			isa = PBXFileSystemSynchronizedBuildFileExceptionSet;
			publicHeaders = (
				ObjCTarget.h,
			);
			target = 729026F82DB967B700E08127 /* ObjCTarget */;
		};
/* End PBXFileSystemSynchronizedBuildFileExceptionSet section */

/* Begin PBXFileSystemSynchronizedRootGroup section */
		7225C9C72D77C2980003066B /* IntegrationTestHost */ = {
			isa = PBXFileSystemSynchronizedRootGroup;
			exceptions = (
				0D3D7BC62E1FF41700B3D243 /* Exceptions for "IntegrationTestHost" folder in "IntegrationTestHost" target */,
			);
			path = IntegrationTestHost;
			sourceTree = "<group>";
		};
		7225C9D92D77C2980003066B /* IntegrationTests */ = {
			isa = PBXFileSystemSynchronizedRootGroup;
			path = IntegrationTests;
			sourceTree = "<group>";
		};
		7225C9E32D77C2980003066B /* UITests */ = {
			isa = PBXFileSystemSynchronizedRootGroup;
			path = UITests;
			sourceTree = "<group>";
		};
		722CF7F92D83AD980005B60D /* Configuration */ = {
			isa = PBXFileSystemSynchronizedRootGroup;
			name = Configuration;
			path = ../../Configuration;
			sourceTree = SOURCE_ROOT;
		};
		729026FA2DB967B700E08127 /* ObjCTarget */ = {
			isa = PBXFileSystemSynchronizedRootGroup;
			exceptions = (
				729027032DB967B700E08127 /* Exceptions for "ObjCTarget" folder in "ObjCTarget" target */,
			);
			path = ObjCTarget;
			sourceTree = "<group>";
		};
/* End PBXFileSystemSynchronizedRootGroup section */

/* Begin PBXFrameworksBuildPhase section */
		7225C9C22D77C2980003066B /* Frameworks */ = {
			isa = PBXFrameworksBuildPhase;
			buildActionMask = 2147483647;
			files = (
				0D3D85162E253AA600B3D243 /* IntegrationTestUtilities in Frameworks */,
				7255C2F52D7A6EA700E1D797 /* MUXSDKStats in Frameworks */,
				0D3D85182E253B0C00B3D243 /* IntegrationTestAssets in Frameworks */,
			);
			runOnlyForDeploymentPostprocessing = 0;
		};
		7225C9D32D77C2980003066B /* Frameworks */ = {
			isa = PBXFrameworksBuildPhase;
			buildActionMask = 2147483647;
			files = (
				0D3D84D32E2193EE00B3D243 /* Swifter in Frameworks */,
			);
			runOnlyForDeploymentPostprocessing = 0;
		};
		7225C9DD2D77C2980003066B /* Frameworks */ = {
			isa = PBXFrameworksBuildPhase;
			buildActionMask = 2147483647;
			files = (
			);
			runOnlyForDeploymentPostprocessing = 0;
		};
		729026F62DB967B700E08127 /* Frameworks */ = {
			isa = PBXFrameworksBuildPhase;
			buildActionMask = 2147483647;
			files = (
				7290270B2DB9688400E08127 /* MUXSDKStats in Frameworks */,
			);
			runOnlyForDeploymentPostprocessing = 0;
		};
/* End PBXFrameworksBuildPhase section */

/* Begin PBXGroup section */
		09C918672DD39B2700C5F469 /* Mocks */ = {
			isa = PBXGroup;
			children = (
				09CA2C602DCE81BE0032474D /* MUXSDKCore+Mock.h */,
				09CA2C612DCE81BE0032474D /* MUXSDKCore+Mock.m */,
				09C919652DE4E83D00C5F469 /* MockAVPlayerViewControllerBinding.h */,
				09C919692DE4E89E00C5F469 /* MockAVPlayerViewControllerBinding.m */,
			);
			path = Mocks;
			sourceTree = "<group>";
		};
		7225C9BC2D77C2980003066B = {
			isa = PBXGroup;
			children = (
				09C918672DD39B2700C5F469 /* Mocks */,
				722CF7F92D83AD980005B60D /* Configuration */,
				7225C9C72D77C2980003066B /* IntegrationTestHost */,
				7225C9D92D77C2980003066B /* IntegrationTests */,
				7225C9E32D77C2980003066B /* UITests */,
				729026FA2DB967B700E08127 /* ObjCTarget */,
				7255C2F32D7A6EA700E1D797 /* Frameworks */,
				7225C9C62D77C2980003066B /* Products */,
				09CA2C5F2DC2A2380032474D /* IntegrationTests-Bridging-Header.h */,
			);
			sourceTree = "<group>";
		};
		7225C9C62D77C2980003066B /* Products */ = {
			isa = PBXGroup;
			children = (
				7225C9C52D77C2980003066B /* IntegrationTestHost.app */,
				7225C9D62D77C2980003066B /* IntegrationTests.xctest */,
				7225C9E02D77C2980003066B /* UITests.xctest */,
				729026F92DB967B700E08127 /* ObjCTarget.framework */,
			);
			name = Products;
			sourceTree = "<group>";
		};
		7255C2F32D7A6EA700E1D797 /* Frameworks */ = {
			isa = PBXGroup;
			children = (
			);
			name = Frameworks;
			sourceTree = "<group>";
		};
/* End PBXGroup section */

/* Begin PBXHeadersBuildPhase section */
		729026F42DB967B700E08127 /* Headers */ = {
			isa = PBXHeadersBuildPhase;
			buildActionMask = 2147483647;
			files = (
			);
			runOnlyForDeploymentPostprocessing = 0;
		};
/* End PBXHeadersBuildPhase section */

/* Begin PBXNativeTarget section */
		7225C9C42D77C2980003066B /* IntegrationTestHost */ = {
			isa = PBXNativeTarget;
			buildConfigurationList = 7225C9EA2D77C2980003066B /* Build configuration list for PBXNativeTarget "IntegrationTestHost" */;
			buildPhases = (
				7225C9C12D77C2980003066B /* Sources */,
				7225C9C22D77C2980003066B /* Frameworks */,
				7225C9C32D77C2980003066B /* Resources */,
			);
			buildRules = (
			);
			dependencies = (
			);
			fileSystemSynchronizedGroups = (
				7225C9C72D77C2980003066B /* IntegrationTestHost */,
			);
			name = IntegrationTestHost;
			packageProductDependencies = (
				7255C2F42D7A6EA700E1D797 /* MUXSDKStats */,
				0D3D85152E253AA600B3D243 /* IntegrationTestUtilities */,
				0D3D85172E253B0C00B3D243 /* IntegrationTestAssets */,
			);
			productName = IntegrationTestHost;
			productReference = 7225C9C52D77C2980003066B /* IntegrationTestHost.app */;
			productType = "com.apple.product-type.application";
		};
		7225C9D52D77C2980003066B /* IntegrationTests */ = {
			isa = PBXNativeTarget;
			buildConfigurationList = 7225C9ED2D77C2980003066B /* Build configuration list for PBXNativeTarget "IntegrationTests" */;
			buildPhases = (
				7225C9D22D77C2980003066B /* Sources */,
				7225C9D32D77C2980003066B /* Frameworks */,
				7225C9D42D77C2980003066B /* Resources */,
			);
			buildRules = (
			);
			dependencies = (
				7225C9D82D77C2980003066B /* PBXTargetDependency */,
			);
			fileSystemSynchronizedGroups = (
				7225C9D92D77C2980003066B /* IntegrationTests */,
			);
			name = IntegrationTests;
			packageProductDependencies = (
				0D3D84D22E2193EE00B3D243 /* Swifter */,
			);
			productName = IntegrationTestHostTests;
			productReference = 7225C9D62D77C2980003066B /* IntegrationTests.xctest */;
			productType = "com.apple.product-type.bundle.unit-test";
		};
		7225C9DF2D77C2980003066B /* UITests */ = {
			isa = PBXNativeTarget;
			buildConfigurationList = 7225C9F02D77C2980003066B /* Build configuration list for PBXNativeTarget "UITests" */;
			buildPhases = (
				7225C9DC2D77C2980003066B /* Sources */,
				7225C9DD2D77C2980003066B /* Frameworks */,
				7225C9DE2D77C2980003066B /* Resources */,
			);
			buildRules = (
			);
			dependencies = (
				7225C9E22D77C2980003066B /* PBXTargetDependency */,
			);
			fileSystemSynchronizedGroups = (
				7225C9E32D77C2980003066B /* UITests */,
			);
			name = UITests;
			packageProductDependencies = (
			);
			productName = UITests;
			productReference = 7225C9E02D77C2980003066B /* UITests.xctest */;
			productType = "com.apple.product-type.bundle.ui-testing";
		};
		729026F82DB967B700E08127 /* ObjCTarget */ = {
			isa = PBXNativeTarget;
			buildConfigurationList = 729027042DB967B700E08127 /* Build configuration list for PBXNativeTarget "ObjCTarget" */;
			buildPhases = (
				729026F42DB967B700E08127 /* Headers */,
				729026F52DB967B700E08127 /* Sources */,
				729026F62DB967B700E08127 /* Frameworks */,
				729026F72DB967B700E08127 /* Resources */,
			);
			buildRules = (
			);
			dependencies = (
			);
			fileSystemSynchronizedGroups = (
				729026FA2DB967B700E08127 /* ObjCTarget */,
			);
			name = ObjCTarget;
			packageProductDependencies = (
				7290270A2DB9688400E08127 /* MUXSDKStats */,
			);
			productName = ObjCTarget;
			productReference = 729026F92DB967B700E08127 /* ObjCTarget.framework */;
			productType = "com.apple.product-type.framework";
		};
/* End PBXNativeTarget section */

/* Begin PBXProject section */
		7225C9BD2D77C2980003066B /* Project object */ = {
			isa = PBXProject;
			attributes = {
				BuildIndependentTargetsInParallel = 1;
				LastSwiftUpdateCheck = 1620;
				LastUpgradeCheck = 1620;
				TargetAttributes = {
					7225C9C42D77C2980003066B = {
						CreatedOnToolsVersion = 16.2;
					};
					7225C9D52D77C2980003066B = {
						CreatedOnToolsVersion = 16.2;
						LastSwiftMigration = 1630;
						TestTargetID = 7225C9C42D77C2980003066B;
					};
					7225C9DF2D77C2980003066B = {
						CreatedOnToolsVersion = 16.2;
						TestTargetID = 7225C9C42D77C2980003066B;
					};
					729026F82DB967B700E08127 = {
						CreatedOnToolsVersion = 16.3;
					};
				};
			};
			buildConfigurationList = 7225C9C02D77C2980003066B /* Build configuration list for PBXProject "IntegrationTests" */;
			developmentRegion = en;
			hasScannedForEncodings = 0;
			knownRegions = (
				en,
				Base,
			);
			mainGroup = 7225C9BC2D77C2980003066B;
			minimizedProjectReferenceProxies = 1;
			packageReferences = (
				0D3D84D12E2193DC00B3D243 /* XCRemoteSwiftPackageReference "swifter" */,
				0D3D85132E253A7600B3D243 /* XCLocalSwiftPackageReference "../../Packages/IntegrationTestAssets" */,
				0D3D85142E253AA600B3D243 /* XCLocalSwiftPackageReference "../../Packages/IntegrationTestUtilities" */,
			);
			preferredProjectObjectVersion = 77;
			productRefGroup = 7225C9C62D77C2980003066B /* Products */;
			projectDirPath = "";
			projectRoot = "";
			targets = (
				7225C9C42D77C2980003066B /* IntegrationTestHost */,
				7225C9D52D77C2980003066B /* IntegrationTests */,
				7225C9DF2D77C2980003066B /* UITests */,
				729026F82DB967B700E08127 /* ObjCTarget */,
			);
		};
/* End PBXProject section */

/* Begin PBXResourcesBuildPhase section */
		7225C9C32D77C2980003066B /* Resources */ = {
			isa = PBXResourcesBuildPhase;
			buildActionMask = 2147483647;
			files = (
			);
			runOnlyForDeploymentPostprocessing = 0;
		};
		7225C9D42D77C2980003066B /* Resources */ = {
			isa = PBXResourcesBuildPhase;
			buildActionMask = 2147483647;
			files = (
			);
			runOnlyForDeploymentPostprocessing = 0;
		};
		7225C9DE2D77C2980003066B /* Resources */ = {
			isa = PBXResourcesBuildPhase;
			buildActionMask = 2147483647;
			files = (
			);
			runOnlyForDeploymentPostprocessing = 0;
		};
		729026F72DB967B700E08127 /* Resources */ = {
			isa = PBXResourcesBuildPhase;
			buildActionMask = 2147483647;
			files = (
			);
			runOnlyForDeploymentPostprocessing = 0;
		};
/* End PBXResourcesBuildPhase section */

/* Begin PBXSourcesBuildPhase section */
		7225C9C12D77C2980003066B /* Sources */ = {
			isa = PBXSourcesBuildPhase;
			buildActionMask = 2147483647;
			files = (
				09CA2C622DCE81BE0032474D /* MUXSDKCore+Mock.m in Sources */,
			);
			runOnlyForDeploymentPostprocessing = 0;
		};
		7225C9D22D77C2980003066B /* Sources */ = {
			isa = PBXSourcesBuildPhase;
			buildActionMask = 2147483647;
			files = (
				09C9196B2DE4E89E00C5F469 /* MockAVPlayerViewControllerBinding.m in Sources */,
			);
			runOnlyForDeploymentPostprocessing = 0;
		};
		7225C9DC2D77C2980003066B /* Sources */ = {
			isa = PBXSourcesBuildPhase;
			buildActionMask = 2147483647;
			files = (
			);
			runOnlyForDeploymentPostprocessing = 0;
		};
		729026F52DB967B700E08127 /* Sources */ = {
			isa = PBXSourcesBuildPhase;
			buildActionMask = 2147483647;
			files = (
			);
			runOnlyForDeploymentPostprocessing = 0;
		};
/* End PBXSourcesBuildPhase section */

/* Begin PBXTargetDependency section */
		7225C9D82D77C2980003066B /* PBXTargetDependency */ = {
			isa = PBXTargetDependency;
			target = 7225C9C42D77C2980003066B /* IntegrationTestHost */;
			targetProxy = 7225C9D72D77C2980003066B /* PBXContainerItemProxy */;
		};
		7225C9E22D77C2980003066B /* PBXTargetDependency */ = {
			isa = PBXTargetDependency;
			platformFilters = (
				ios,
				tvos,
				xros,
			);
			target = 7225C9C42D77C2980003066B /* IntegrationTestHost */;
			targetProxy = 7225C9E12D77C2980003066B /* PBXContainerItemProxy */;
		};
/* End PBXTargetDependency section */

/* Begin XCBuildConfiguration section */
		7225C9E82D77C2980003066B /* Debug */ = {
			isa = XCBuildConfiguration;
			baseConfigurationReferenceAnchor = 722CF7F92D83AD980005B60D /* Configuration */;
			baseConfigurationReferenceRelativePath = CodeSigning.local.xcconfig;
			buildSettings = {
				ALLOW_TARGET_PLATFORM_SPECIALIZATION = YES;
				ALWAYS_SEARCH_USER_PATHS = NO;
				ASSETCATALOG_COMPILER_GENERATE_SWIFT_ASSET_SYMBOL_EXTENSIONS = YES;
				CLANG_ANALYZER_NONNULL = YES;
				CLANG_ANALYZER_NUMBER_OBJECT_CONVERSION = YES_AGGRESSIVE;
				CLANG_CXX_LANGUAGE_STANDARD = "gnu++20";
				CLANG_ENABLE_MODULES = YES;
				CLANG_ENABLE_OBJC_ARC = YES;
				CLANG_ENABLE_OBJC_WEAK = YES;
				CLANG_WARN_BLOCK_CAPTURE_AUTORELEASING = YES;
				CLANG_WARN_BOOL_CONVERSION = YES;
				CLANG_WARN_COMMA = YES;
				CLANG_WARN_CONSTANT_CONVERSION = YES;
				CLANG_WARN_DEPRECATED_OBJC_IMPLEMENTATIONS = YES;
				CLANG_WARN_DIRECT_OBJC_ISA_USAGE = YES_ERROR;
				CLANG_WARN_DOCUMENTATION_COMMENTS = YES;
				CLANG_WARN_EMPTY_BODY = YES;
				CLANG_WARN_ENUM_CONVERSION = YES;
				CLANG_WARN_INFINITE_RECURSION = YES;
				CLANG_WARN_INT_CONVERSION = YES;
				CLANG_WARN_NON_LITERAL_NULL_CONVERSION = YES;
				CLANG_WARN_OBJC_IMPLICIT_RETAIN_SELF = YES;
				CLANG_WARN_OBJC_LITERAL_CONVERSION = YES;
				CLANG_WARN_OBJC_ROOT_CLASS = YES_ERROR;
				CLANG_WARN_QUOTED_INCLUDE_IN_FRAMEWORK_HEADER = YES_ERROR;
				CLANG_WARN_RANGE_LOOP_ANALYSIS = YES;
				CLANG_WARN_STRICT_PROTOTYPES = YES;
				CLANG_WARN_SUSPICIOUS_MOVE = YES;
				CLANG_WARN_UNGUARDED_AVAILABILITY = YES_AGGRESSIVE;
				CLANG_WARN_UNREACHABLE_CODE = YES;
				CLANG_WARN__DUPLICATE_METHOD_MATCH = YES;
				COPY_PHASE_STRIP = NO;
				DEBUG_INFORMATION_FORMAT = dwarf;
				DEVELOPMENT_TEAM = "";
				ENABLE_STRICT_OBJC_MSGSEND = YES;
				ENABLE_TESTABILITY = YES;
				ENABLE_USER_SCRIPT_SANDBOXING = YES;
				GCC_C_LANGUAGE_STANDARD = gnu17;
				GCC_DYNAMIC_NO_PIC = NO;
				GCC_NO_COMMON_BLOCKS = YES;
				GCC_OPTIMIZATION_LEVEL = 0;
				GCC_PREPROCESSOR_DEFINITIONS = (
					"DEBUG=1",
					"$(inherited)",
				);
				GCC_WARN_64_TO_32_BIT_CONVERSION = YES;
				GCC_WARN_ABOUT_RETURN_TYPE = YES_ERROR;
				GCC_WARN_UNDECLARED_SELECTOR = YES;
				GCC_WARN_UNINITIALIZED_AUTOS = YES_AGGRESSIVE;
				GCC_WARN_UNUSED_FUNCTION = YES;
				GCC_WARN_UNUSED_VARIABLE = YES;
				IPHONEOS_DEPLOYMENT_TARGET = 13.0;
				LOCALIZATION_PREFERS_STRING_CATALOGS = YES;
				MTL_ENABLE_DEBUG_INFO = INCLUDE_SOURCE;
				MTL_FAST_MATH = YES;
				ONLY_ACTIVE_ARCH = YES;
				SUPPORTED_PLATFORMS = "xrsimulator xros iphonesimulator iphoneos appletvsimulator appletvos";
				SUPPORTS_MACCATALYST = YES;
				SWIFT_ACTIVE_COMPILATION_CONDITIONS = "DEBUG $(inherited)";
				SWIFT_OPTIMIZATION_LEVEL = "-Onone";
				SWIFT_STRICT_CONCURRENCY = complete;
				TVOS_DEPLOYMENT_TARGET = 13.0;
				XROS_DEPLOYMENT_TARGET = 1.3;
			};
			name = Debug;
		};
		7225C9E92D77C2980003066B /* Release */ = {
			isa = XCBuildConfiguration;
			baseConfigurationReferenceAnchor = 722CF7F92D83AD980005B60D /* Configuration */;
			baseConfigurationReferenceRelativePath = CodeSigning.local.xcconfig;
			buildSettings = {
				ALLOW_TARGET_PLATFORM_SPECIALIZATION = YES;
				ALWAYS_SEARCH_USER_PATHS = NO;
				ASSETCATALOG_COMPILER_GENERATE_SWIFT_ASSET_SYMBOL_EXTENSIONS = YES;
				CLANG_ANALYZER_NONNULL = YES;
				CLANG_ANALYZER_NUMBER_OBJECT_CONVERSION = YES_AGGRESSIVE;
				CLANG_CXX_LANGUAGE_STANDARD = "gnu++20";
				CLANG_ENABLE_MODULES = YES;
				CLANG_ENABLE_OBJC_ARC = YES;
				CLANG_ENABLE_OBJC_WEAK = YES;
				CLANG_WARN_BLOCK_CAPTURE_AUTORELEASING = YES;
				CLANG_WARN_BOOL_CONVERSION = YES;
				CLANG_WARN_COMMA = YES;
				CLANG_WARN_CONSTANT_CONVERSION = YES;
				CLANG_WARN_DEPRECATED_OBJC_IMPLEMENTATIONS = YES;
				CLANG_WARN_DIRECT_OBJC_ISA_USAGE = YES_ERROR;
				CLANG_WARN_DOCUMENTATION_COMMENTS = YES;
				CLANG_WARN_EMPTY_BODY = YES;
				CLANG_WARN_ENUM_CONVERSION = YES;
				CLANG_WARN_INFINITE_RECURSION = YES;
				CLANG_WARN_INT_CONVERSION = YES;
				CLANG_WARN_NON_LITERAL_NULL_CONVERSION = YES;
				CLANG_WARN_OBJC_IMPLICIT_RETAIN_SELF = YES;
				CLANG_WARN_OBJC_LITERAL_CONVERSION = YES;
				CLANG_WARN_OBJC_ROOT_CLASS = YES_ERROR;
				CLANG_WARN_QUOTED_INCLUDE_IN_FRAMEWORK_HEADER = YES_ERROR;
				CLANG_WARN_RANGE_LOOP_ANALYSIS = YES;
				CLANG_WARN_STRICT_PROTOTYPES = YES;
				CLANG_WARN_SUSPICIOUS_MOVE = YES;
				CLANG_WARN_UNGUARDED_AVAILABILITY = YES_AGGRESSIVE;
				CLANG_WARN_UNREACHABLE_CODE = YES;
				CLANG_WARN__DUPLICATE_METHOD_MATCH = YES;
				COPY_PHASE_STRIP = NO;
				DEBUG_INFORMATION_FORMAT = "dwarf-with-dsym";
				DEVELOPMENT_TEAM = "";
				ENABLE_NS_ASSERTIONS = NO;
				ENABLE_STRICT_OBJC_MSGSEND = YES;
				ENABLE_USER_SCRIPT_SANDBOXING = YES;
				GCC_C_LANGUAGE_STANDARD = gnu17;
				GCC_NO_COMMON_BLOCKS = YES;
				GCC_WARN_64_TO_32_BIT_CONVERSION = YES;
				GCC_WARN_ABOUT_RETURN_TYPE = YES_ERROR;
				GCC_WARN_UNDECLARED_SELECTOR = YES;
				GCC_WARN_UNINITIALIZED_AUTOS = YES_AGGRESSIVE;
				GCC_WARN_UNUSED_FUNCTION = YES;
				GCC_WARN_UNUSED_VARIABLE = YES;
				IPHONEOS_DEPLOYMENT_TARGET = 13.0;
				LOCALIZATION_PREFERS_STRING_CATALOGS = YES;
				MTL_ENABLE_DEBUG_INFO = NO;
				MTL_FAST_MATH = YES;
				SUPPORTED_PLATFORMS = "xrsimulator xros iphonesimulator iphoneos appletvsimulator appletvos";
				SUPPORTS_MACCATALYST = YES;
				SWIFT_COMPILATION_MODE = wholemodule;
				SWIFT_STRICT_CONCURRENCY = complete;
				TVOS_DEPLOYMENT_TARGET = 13.0;
				XROS_DEPLOYMENT_TARGET = 1.3;
			};
			name = Release;
		};
		7225C9EB2D77C2980003066B /* Debug */ = {
			isa = XCBuildConfiguration;
			baseConfigurationReferenceRelativePath = CodeSigning.local.xcconfig;
			buildSettings = {
				ASSETCATALOG_COMPILER_APPICON_NAME = AppIcon;
				ASSETCATALOG_COMPILER_GLOBAL_ACCENT_COLOR_NAME = AccentColor;
				CODE_SIGN_ENTITLEMENTS = IntegrationTestHost/IntegrationTestHost.entitlements;
				CODE_SIGN_STYLE = Automatic;
				CURRENT_PROJECT_VERSION = 1;
				DEVELOPMENT_TEAM = "";
				DEVELOPMENT_ASSET_PATHS = "\"IntegrationTestHost/Preview Content\"";
				ENABLE_HARDENED_RUNTIME = YES;
				ENABLE_PREVIEWS = YES;
				GENERATE_INFOPLIST_FILE = YES;
				"INFOPLIST_KEY_UIApplicationSceneManifest_Generation[sdk=iphoneos*]" = YES;
				"INFOPLIST_KEY_UIApplicationSceneManifest_Generation[sdk=iphonesimulator*]" = YES;
				"INFOPLIST_KEY_UIApplicationSupportsIndirectInputEvents[sdk=iphoneos*]" = YES;
				"INFOPLIST_KEY_UIApplicationSupportsIndirectInputEvents[sdk=iphonesimulator*]" = YES;
				"INFOPLIST_KEY_UILaunchScreen_Generation[sdk=iphoneos*]" = YES;
				"INFOPLIST_KEY_UILaunchScreen_Generation[sdk=iphonesimulator*]" = YES;
				"INFOPLIST_KEY_UIStatusBarStyle[sdk=iphoneos*]" = UIStatusBarStyleDefault;
				"INFOPLIST_KEY_UIStatusBarStyle[sdk=iphonesimulator*]" = UIStatusBarStyleDefault;
				INFOPLIST_KEY_UISupportedInterfaceOrientations_iPad = "UIInterfaceOrientationPortrait UIInterfaceOrientationPortraitUpsideDown UIInterfaceOrientationLandscapeLeft UIInterfaceOrientationLandscapeRight";
				INFOPLIST_KEY_UISupportedInterfaceOrientations_iPhone = "UIInterfaceOrientationPortrait UIInterfaceOrientationLandscapeLeft UIInterfaceOrientationLandscapeRight";
				LD_RUNPATH_SEARCH_PATHS = "@executable_path/Frameworks";
				"LD_RUNPATH_SEARCH_PATHS[sdk=macosx*]" = "@executable_path/../Frameworks";
				MARKETING_VERSION = 1.0;
				PRODUCT_BUNDLE_IDENTIFIER = "com.mux.stats-avplayer.IntegrationTestHost${BUNDLE_ID_DISAMBIGUATOR}";
				PRODUCT_NAME = "$(TARGET_NAME)";
				SDKROOT = auto;
				SUPPORTS_MACCATALYST = YES;
				SWIFT_EMIT_LOC_STRINGS = YES;
				SWIFT_VERSION = 5.0;
				TARGETED_DEVICE_FAMILY = "1,2,3,7";
			};
			name = Debug;
		};
		7225C9EC2D77C2980003066B /* Release */ = {
			isa = XCBuildConfiguration;
			baseConfigurationReferenceRelativePath = CodeSigning.local.xcconfig;
			buildSettings = {
				ASSETCATALOG_COMPILER_APPICON_NAME = AppIcon;
				ASSETCATALOG_COMPILER_GLOBAL_ACCENT_COLOR_NAME = AccentColor;
				CODE_SIGN_ENTITLEMENTS = IntegrationTestHost/IntegrationTestHost.entitlements;
				CODE_SIGN_STYLE = Automatic;
				CURRENT_PROJECT_VERSION = 1;
				DEVELOPMENT_TEAM = "";
				DEVELOPMENT_ASSET_PATHS = "\"IntegrationTestHost/Preview Content\"";
				ENABLE_HARDENED_RUNTIME = YES;
				ENABLE_PREVIEWS = YES;
				GENERATE_INFOPLIST_FILE = YES;
				"INFOPLIST_KEY_UIApplicationSceneManifest_Generation[sdk=iphoneos*]" = YES;
				"INFOPLIST_KEY_UIApplicationSceneManifest_Generation[sdk=iphonesimulator*]" = YES;
				"INFOPLIST_KEY_UIApplicationSupportsIndirectInputEvents[sdk=iphoneos*]" = YES;
				"INFOPLIST_KEY_UIApplicationSupportsIndirectInputEvents[sdk=iphonesimulator*]" = YES;
				"INFOPLIST_KEY_UILaunchScreen_Generation[sdk=iphoneos*]" = YES;
				"INFOPLIST_KEY_UILaunchScreen_Generation[sdk=iphonesimulator*]" = YES;
				"INFOPLIST_KEY_UIStatusBarStyle[sdk=iphoneos*]" = UIStatusBarStyleDefault;
				"INFOPLIST_KEY_UIStatusBarStyle[sdk=iphonesimulator*]" = UIStatusBarStyleDefault;
				INFOPLIST_KEY_UISupportedInterfaceOrientations_iPad = "UIInterfaceOrientationPortrait UIInterfaceOrientationPortraitUpsideDown UIInterfaceOrientationLandscapeLeft UIInterfaceOrientationLandscapeRight";
				INFOPLIST_KEY_UISupportedInterfaceOrientations_iPhone = "UIInterfaceOrientationPortrait UIInterfaceOrientationLandscapeLeft UIInterfaceOrientationLandscapeRight";
				LD_RUNPATH_SEARCH_PATHS = "@executable_path/Frameworks";
				"LD_RUNPATH_SEARCH_PATHS[sdk=macosx*]" = "@executable_path/../Frameworks";
				MARKETING_VERSION = 1.0;
				PRODUCT_BUNDLE_IDENTIFIER = "com.mux.stats-avplayer.IntegrationTestHost${BUNDLE_ID_DISAMBIGUATOR}";
				PRODUCT_NAME = "$(TARGET_NAME)";
				SDKROOT = auto;
				SUPPORTS_MACCATALYST = YES;
				SWIFT_EMIT_LOC_STRINGS = YES;
				SWIFT_VERSION = 5.0;
				TARGETED_DEVICE_FAMILY = "1,2,3,7";
			};
			name = Release;
		};
		7225C9EE2D77C2980003066B /* Debug */ = {
			isa = XCBuildConfiguration;
			baseConfigurationReferenceRelativePath = CodeSigning.local.xcconfig;
			buildSettings = {
				BUNDLE_LOADER = "$(TEST_HOST)";
				CLANG_ENABLE_MODULES = YES;
				CODE_SIGN_STYLE = Automatic;
				DEVELOPMENT_TEAM = "";
				CURRENT_PROJECT_VERSION = 1;
				GENERATE_INFOPLIST_FILE = YES;
				MARKETING_VERSION = 1.0;
				PRODUCT_BUNDLE_IDENTIFIER = "com.mux.stats-avplayer.IntegrationTestHostTests${BUNDLE_ID_DISAMBIGUATOR}";
				PRODUCT_NAME = "$(TARGET_NAME)";
				SDKROOT = auto;
				SUPPORTS_MACCATALYST = YES;
				SWIFT_EMIT_LOC_STRINGS = NO;
				SWIFT_OBJC_BRIDGING_HEADER = "IntegrationTests-Bridging-Header.h";
				SWIFT_OPTIMIZATION_LEVEL = "-Onone";
				SWIFT_PRECOMPILE_BRIDGING_HEADER = NO;
				SWIFT_VERSION = 5.0;
				TARGETED_DEVICE_FAMILY = "1,2,3,7";
				TEST_HOST = "$(BUILT_PRODUCTS_DIR)/IntegrationTestHost.app/$(BUNDLE_EXECUTABLE_FOLDER_PATH)/IntegrationTestHost";
			};
			name = Debug;
		};
		7225C9EF2D77C2980003066B /* Release */ = {
			isa = XCBuildConfiguration;
			baseConfigurationReferenceRelativePath = CodeSigning.local.xcconfig;
			buildSettings = {
				BUNDLE_LOADER = "$(TEST_HOST)";
				CLANG_ENABLE_MODULES = YES;
				CODE_SIGN_STYLE = Automatic;
				DEVELOPMENT_TEAM = "";
				CURRENT_PROJECT_VERSION = 1;
				GENERATE_INFOPLIST_FILE = YES;
				MARKETING_VERSION = 1.0;
				PRODUCT_BUNDLE_IDENTIFIER = "com.mux.stats-avplayer.IntegrationTestHostTests${BUNDLE_ID_DISAMBIGUATOR}";
				PRODUCT_NAME = "$(TARGET_NAME)";
				SDKROOT = auto;
				SUPPORTS_MACCATALYST = YES;
				SWIFT_EMIT_LOC_STRINGS = NO;
				SWIFT_OBJC_BRIDGING_HEADER = "IntegrationTests-Bridging-Header.h";
				SWIFT_PRECOMPILE_BRIDGING_HEADER = NO;
				SWIFT_VERSION = 5.0;
				TARGETED_DEVICE_FAMILY = "1,2,3,7";
				TEST_HOST = "$(BUILT_PRODUCTS_DIR)/IntegrationTestHost.app/$(BUNDLE_EXECUTABLE_FOLDER_PATH)/IntegrationTestHost";
			};
			name = Release;
		};
		7225C9F12D77C2980003066B /* Debug */ = {
			isa = XCBuildConfiguration;
			baseConfigurationReferenceRelativePath = CodeSigning.local.xcconfig;
			buildSettings = {
				CODE_SIGN_STYLE = Automatic;
				CURRENT_PROJECT_VERSION = 1;
				DEVELOPMENT_TEAM = "";
				GENERATE_INFOPLIST_FILE = YES;
				MARKETING_VERSION = 1.0;
				PRODUCT_BUNDLE_IDENTIFIER = "com.mux.stats-avplayer.UITests${BUNDLE_ID_DISAMBIGUATOR}";
				PRODUCT_NAME = "$(TARGET_NAME)";
				SDKROOT = auto;
				SUPPORTS_MACCATALYST = YES;
				SWIFT_EMIT_LOC_STRINGS = NO;
				SWIFT_VERSION = 5.0;
				TARGETED_DEVICE_FAMILY = "1,2,3,7";
				TEST_TARGET_NAME = IntegrationTestHost;
			};
			name = Debug;
		};
		7225C9F22D77C2980003066B /* Release */ = {
			isa = XCBuildConfiguration;
			baseConfigurationReferenceRelativePath = CodeSigning.local.xcconfig;
			buildSettings = {
				CODE_SIGN_STYLE = Automatic;
				CURRENT_PROJECT_VERSION = 1;
				DEVELOPMENT_TEAM = "";
				GENERATE_INFOPLIST_FILE = YES;
				MARKETING_VERSION = 1.0;
				PRODUCT_BUNDLE_IDENTIFIER = "com.mux.stats-avplayer.UITests${BUNDLE_ID_DISAMBIGUATOR}";
				PRODUCT_NAME = "$(TARGET_NAME)";
				SDKROOT = auto;
				SUPPORTS_MACCATALYST = YES;
				SWIFT_EMIT_LOC_STRINGS = NO;
				SWIFT_VERSION = 5.0;
				TARGETED_DEVICE_FAMILY = "1,2,3,7";
				TEST_TARGET_NAME = IntegrationTestHost;
			};
			name = Release;
		};
		729027052DB967B700E08127 /* Debug */ = {
			isa = XCBuildConfiguration;
			baseConfigurationReferenceRelativePath = CodeSigning.local.xcconfig;
			buildSettings = {
				ALLOW_TARGET_PLATFORM_SPECIALIZATION = YES;
				CODE_SIGN_STYLE = Automatic;
				CURRENT_PROJECT_VERSION = 1;
				DEVELOPMENT_TEAM = "";
				DEFINES_MODULE = YES;
				DYLIB_COMPATIBILITY_VERSION = 1;
				DYLIB_CURRENT_VERSION = 1;
				DYLIB_INSTALL_NAME_BASE = "@rpath";
				ENABLE_MODULE_VERIFIER = YES;
				GENERATE_INFOPLIST_FILE = YES;
				INFOPLIST_KEY_NSHumanReadableCopyright = "";
				INSTALL_PATH = "$(LOCAL_LIBRARY_DIR)/Frameworks";
				IPHONEOS_DEPLOYMENT_TARGET = 18.4;
				LD_RUNPATH_SEARCH_PATHS = (
					"$(inherited)",
					"@executable_path/Frameworks",
					"@loader_path/Frameworks",
				);
				MARKETING_VERSION = 1.0;
				MODULE_VERIFIER_SUPPORTED_LANGUAGES = "objective-c objective-c++";
				MODULE_VERIFIER_SUPPORTED_LANGUAGE_STANDARDS = "gnu17 gnu++20";
				PRODUCT_BUNDLE_IDENTIFIER = "com.mux.stats-avplayer.ObjCTarget${BUNDLE_ID_DISAMBIGUATOR}";
				PRODUCT_NAME = "$(TARGET_NAME:c99extidentifier)";
				SKIP_INSTALL = YES;
				SUPPORTS_MACCATALYST = YES;
				SWIFT_EMIT_LOC_STRINGS = YES;
				TARGETED_DEVICE_FAMILY = "1,2";
				VERSIONING_SYSTEM = "apple-generic";
				VERSION_INFO_PREFIX = "";
			};
			name = Debug;
		};
		729027062DB967B700E08127 /* Release */ = {
			isa = XCBuildConfiguration;
			baseConfigurationReferenceRelativePath = CodeSigning.local.xcconfig;
			buildSettings = {
				ALLOW_TARGET_PLATFORM_SPECIALIZATION = YES;
				CODE_SIGN_STYLE = Automatic;
				CURRENT_PROJECT_VERSION = 1;
				DEVELOPMENT_TEAM = "";
				DEFINES_MODULE = YES;
				DYLIB_COMPATIBILITY_VERSION = 1;
				DYLIB_CURRENT_VERSION = 1;
				DYLIB_INSTALL_NAME_BASE = "@rpath";
				ENABLE_MODULE_VERIFIER = YES;
				GENERATE_INFOPLIST_FILE = YES;
				INFOPLIST_KEY_NSHumanReadableCopyright = "";
				INSTALL_PATH = "$(LOCAL_LIBRARY_DIR)/Frameworks";
				IPHONEOS_DEPLOYMENT_TARGET = 18.4;
				LD_RUNPATH_SEARCH_PATHS = (
					"$(inherited)",
					"@executable_path/Frameworks",
					"@loader_path/Frameworks",
				);
				MARKETING_VERSION = 1.0;
				MODULE_VERIFIER_SUPPORTED_LANGUAGES = "objective-c objective-c++";
				MODULE_VERIFIER_SUPPORTED_LANGUAGE_STANDARDS = "gnu17 gnu++20";
				PRODUCT_BUNDLE_IDENTIFIER = "com.mux.stats-avplayer.ObjCTarget${BUNDLE_ID_DISAMBIGUATOR}";
				PRODUCT_NAME = "$(TARGET_NAME:c99extidentifier)";
				SKIP_INSTALL = YES;
				SUPPORTS_MACCATALYST = YES;
				SWIFT_EMIT_LOC_STRINGS = YES;
				TARGETED_DEVICE_FAMILY = "1,2";
				VALIDATE_PRODUCT = YES;
				VERSIONING_SYSTEM = "apple-generic";
				VERSION_INFO_PREFIX = "";
			};
			name = Release;
		};
/* End XCBuildConfiguration section */

/* Begin XCConfigurationList section */
		7225C9C02D77C2980003066B /* Build configuration list for PBXProject "IntegrationTests" */ = {
			isa = XCConfigurationList;
			buildConfigurations = (
				7225C9E82D77C2980003066B /* Debug */,
				7225C9E92D77C2980003066B /* Release */,
			);
			defaultConfigurationIsVisible = 0;
			defaultConfigurationName = Release;
		};
		7225C9EA2D77C2980003066B /* Build configuration list for PBXNativeTarget "IntegrationTestHost" */ = {
			isa = XCConfigurationList;
			buildConfigurations = (
				7225C9EB2D77C2980003066B /* Debug */,
				7225C9EC2D77C2980003066B /* Release */,
			);
			defaultConfigurationIsVisible = 0;
			defaultConfigurationName = Release;
		};
		7225C9ED2D77C2980003066B /* Build configuration list for PBXNativeTarget "IntegrationTests" */ = {
			isa = XCConfigurationList;
			buildConfigurations = (
				7225C9EE2D77C2980003066B /* Debug */,
				7225C9EF2D77C2980003066B /* Release */,
			);
			defaultConfigurationIsVisible = 0;
			defaultConfigurationName = Release;
		};
		7225C9F02D77C2980003066B /* Build configuration list for PBXNativeTarget "UITests" */ = {
			isa = XCConfigurationList;
			buildConfigurations = (
				7225C9F12D77C2980003066B /* Debug */,
				7225C9F22D77C2980003066B /* Release */,
			);
			defaultConfigurationIsVisible = 0;
			defaultConfigurationName = Release;
		};
		729027042DB967B700E08127 /* Build configuration list for PBXNativeTarget "ObjCTarget" */ = {
			isa = XCConfigurationList;
			buildConfigurations = (
				729027052DB967B700E08127 /* Debug */,
				729027062DB967B700E08127 /* Release */,
			);
			defaultConfigurationIsVisible = 0;
			defaultConfigurationName = Release;
		};
/* End XCConfigurationList section */

/* Begin XCLocalSwiftPackageReference section */
		0D3D85132E253A7600B3D243 /* XCLocalSwiftPackageReference "../../Packages/IntegrationTestAssets" */ = {
			isa = XCLocalSwiftPackageReference;
			relativePath = ../../Packages/IntegrationTestAssets;
		};
		0D3D85142E253AA600B3D243 /* XCLocalSwiftPackageReference "../../Packages/IntegrationTestUtilities" */ = {
			isa = XCLocalSwiftPackageReference;
			relativePath = ../../Packages/IntegrationTestUtilities;
		};

/* End XCLocalSwiftPackageReference section */

/* Begin XCRemoteSwiftPackageReference section */
		0D3D84D12E2193DC00B3D243 /* XCRemoteSwiftPackageReference "swifter" */ = {
			isa = XCRemoteSwiftPackageReference;
			repositoryURL = "https://github.com/httpswift/swifter.git";
			requirement = {
				kind = upToNextMajorVersion;
				minimumVersion = 1.5.0;
			};
		};
/* End XCRemoteSwiftPackageReference section */

/* Begin XCSwiftPackageProductDependency section */
		0D3D84D22E2193EE00B3D243 /* Swifter */ = {
			isa = XCSwiftPackageProductDependency;
			package = 0D3D84D12E2193DC00B3D243 /* XCRemoteSwiftPackageReference "swifter" */;
			productName = Swifter;
		};
		0D3D85152E253AA600B3D243 /* IntegrationTestUtilities */ = {
			isa = XCSwiftPackageProductDependency;
			productName = IntegrationTestUtilities;
		};
		0D3D85172E253B0C00B3D243 /* IntegrationTestAssets */ = {
			isa = XCSwiftPackageProductDependency;
			package = 0D3D85132E253A7600B3D243 /* XCLocalSwiftPackageReference "../../Packages/IntegrationTestAssets" */;
			productName = IntegrationTestAssets;
		};
		7255C2F42D7A6EA700E1D797 /* MUXSDKStats */ = {
			isa = XCSwiftPackageProductDependency;
			productName = MUXSDKStats;
		};
		7290270A2DB9688400E08127 /* MUXSDKStats */ = {
			isa = XCSwiftPackageProductDependency;
			productName = MUXSDKStats;
		};
/* End XCSwiftPackageProductDependency section */
	};
	rootObject = 7225C9BD2D77C2980003066B /* Project object */;
}
