{
  "originHash" : "38cd79400db5261f104c35eaa3c0720b94260d6ec051e1c541fe683eefc01435",
  "pins" : [
    {
      "identity" : "stats-sdk-objc",
      "kind" : "remoteSourceControl",
      "location" : "https://github.com/muxinc/stats-sdk-objc.git",
      "state" : {
        "revision" : "26eeeffe92cc6468588de4051eab0b4ae5a26cd1",
        "version" : "5.8.0"
      }
    }
  ],
  "version" : 3
}
