{
  "pins" : [
    {
      "identity" : "stats-sdk-objc",
      "kind" : "remoteSourceControl",
      "location" : "https://github.com/muxinc/stats-sdk-objc.git",
      "state" : {
        "branch" : "releases/v5.4.0",
        "revision" : "2e7d0ed1bc213f9b5dab91109f7d6196e01544d5"
      }
    }
  ],
  "version" : 2
}
