{
  "originHash" : "2524499ca6bb38ac02f951d8d762cdf4df29b5da00e67394d2970e769f443ed3",
  "pins" : [
    {
      "identity" : "stats-sdk-objc",
      "kind" : "remoteSourceControl",
      "location" : "https://github.com/muxinc/stats-sdk-objc.git",
      "state" : {
        "revision" : "2543664a3ba555863981b7bf17a79025e4501965",
        "version" : "5.5.0"
      }
    }
  ],
  "version" : 3
}
