PODS:
  - Mux-Stats-AVPlayer (3.2.0):
    - Mux-Stats-Core (~> 4.2)
  - Mux-Stats-Core (4.4.0)

DEPENDENCIES:
  - Mux-Stats-AVPlayer (from `../../`)

SPEC REPOS:
  trunk:
    - Mux-Stats-Core

EXTERNAL SOURCES:
  Mux-Stats-AVPlayer:
    :path: "../../"

SPEC CHECKSUMS:
  Mux-Stats-AVPlayer: 4195d9a3ee7f2559837dc09459bd810a618f1afc
  Mux-Stats-Core: 27b28bc277a891190753869600c5e01e2188125c

PODFILE CHECKSUM: fb256b789f631583d0e022345fa2495769ab8194

COCOAPODS: 1.11.3
