PODS:
  - Mux-Stats-AVPlayer (3.3.2):
    - Mux-Stats-Core (~> 4.5.2)
  - Mux-Stats-Core (4.5.2)

DEPENDENCIES:
  - Mux-Stats-AVPlayer (from `../../`)

SPEC REPOS:
  trunk:
    - Mux-Stats-Core

EXTERNAL SOURCES:
  Mux-Stats-AVPlayer:
    :path: "../../"

SPEC CHECKSUMS:
  Mux-Stats-AVPlayer: 24d79beb96c44c45ed763b56db00e8be8191baff
  Mux-Stats-Core: b747ca415f883e2b2d9475d8cc0ac3079167bf6b

PODFILE CHECKSUM: fb256b789f631583d0e022345fa2495769ab8194

COCOAPODS: 1.12.1
