// !$*UTF8*$!
{
	archiveVersion = 1;
	classes = {
	};
	objectVersion = 46;
	objects = {

/* Begin PBXBuildFile section */
		0218F2562548B9A3009DF1FF /* DemoAppUITests.m in Sources */ = {isa = PBXBuildFile; fileRef = 0218F2552548B9A3009DF1FF /* DemoAppUITests.m */; };
		88F106B036A24BCC2E685C77 /* Pods_DemoApp.framework in Frameworks */ = {isa = PBXBuildFile; fileRef = AA478DFEC8DA483DA986B46A /* Pods_DemoApp.framework */; };
		F444D43D1DDB8EBF00FE804F /* main.m in Sources */ = {isa = PBXBuildFile; fileRef = F444D43C1DDB8EBF00FE804F /* main.m */; };
		F444D4401DDB8EBF00FE804F /* AppDelegate.m in Sources */ = {isa = PBXBuildFile; fileRef = F444D43F1DDB8EBF00FE804F /* AppDelegate.m */; };
		F444D4431DDB8EBF00FE804F /* ViewController.m in Sources */ = {isa = PBXBuildFile; fileRef = F444D4421DDB8EBF00FE804F /* ViewController.m */; };
		F444D4461DDB8EBF00FE804F /* Main.storyboard in Resources */ = {isa = PBXBuildFile; fileRef = F444D4441DDB8EBF00FE804F /* Main.storyboard */; };
		F444D4481DDB8EBF00FE804F /* Assets.xcassets in Resources */ = {isa = PBXBuildFile; fileRef = F444D4471DDB8EBF00FE804F /* Assets.xcassets */; };
		F444D44B1DDB8EBF00FE804F /* LaunchScreen.storyboard in Resources */ = {isa = PBXBuildFile; fileRef = F444D4491DDB8EBF00FE804F /* LaunchScreen.storyboard */; };
/* End PBXBuildFile section */

/* Begin PBXContainerItemProxy section */
		0218F2582548B9A3009DF1FF /* PBXContainerItemProxy */ = {
			isa = PBXContainerItemProxy;
			containerPortal = F444D4301DDB8EBF00FE804F /* Project object */;
			proxyType = 1;
			remoteGlobalIDString = F444D4371DDB8EBF00FE804F;
			remoteInfo = DemoApp;
		};
/* End PBXContainerItemProxy section */

/* Begin PBXFileReference section */
		0218F2532548B9A3009DF1FF /* DemoAppUITests.xctest */ = {isa = PBXFileReference; explicitFileType = wrapper.cfbundle; includeInIndex = 0; path = DemoAppUITests.xctest; sourceTree = BUILT_PRODUCTS_DIR; };
		0218F2552548B9A3009DF1FF /* DemoAppUITests.m */ = {isa = PBXFileReference; lastKnownFileType = sourcecode.c.objc; path = DemoAppUITests.m; sourceTree = "<group>"; };
		0218F2572548B9A3009DF1FF /* Info.plist */ = {isa = PBXFileReference; lastKnownFileType = text.plist.xml; path = Info.plist; sourceTree = "<group>"; };
		5295EC382E7F10E7A6888A54 /* Pods-DemoApp.release.xcconfig */ = {isa = PBXFileReference; includeInIndex = 1; lastKnownFileType = text.xcconfig; name = "Pods-DemoApp.release.xcconfig"; path = "Target Support Files/Pods-DemoApp/Pods-DemoApp.release.xcconfig"; sourceTree = "<group>"; };
		AA478DFEC8DA483DA986B46A /* Pods_DemoApp.framework */ = {isa = PBXFileReference; explicitFileType = wrapper.framework; includeInIndex = 0; path = Pods_DemoApp.framework; sourceTree = BUILT_PRODUCTS_DIR; };
		BC5EA289A0FA33B72042513F /* Pods-DemoApp.debug.xcconfig */ = {isa = PBXFileReference; includeInIndex = 1; lastKnownFileType = text.xcconfig; name = "Pods-DemoApp.debug.xcconfig"; path = "Target Support Files/Pods-DemoApp/Pods-DemoApp.debug.xcconfig"; sourceTree = "<group>"; };
		F444D4381DDB8EBF00FE804F /* DemoApp.app */ = {isa = PBXFileReference; explicitFileType = wrapper.application; includeInIndex = 0; path = DemoApp.app; sourceTree = BUILT_PRODUCTS_DIR; };
		F444D43C1DDB8EBF00FE804F /* main.m */ = {isa = PBXFileReference; lastKnownFileType = sourcecode.c.objc; path = main.m; sourceTree = "<group>"; };
		F444D43E1DDB8EBF00FE804F /* AppDelegate.h */ = {isa = PBXFileReference; lastKnownFileType = sourcecode.c.h; path = AppDelegate.h; sourceTree = "<group>"; };
		F444D43F1DDB8EBF00FE804F /* AppDelegate.m */ = {isa = PBXFileReference; lastKnownFileType = sourcecode.c.objc; path = AppDelegate.m; sourceTree = "<group>"; };
		F444D4411DDB8EBF00FE804F /* ViewController.h */ = {isa = PBXFileReference; lastKnownFileType = sourcecode.c.h; path = ViewController.h; sourceTree = "<group>"; };
		F444D4421DDB8EBF00FE804F /* ViewController.m */ = {isa = PBXFileReference; lastKnownFileType = sourcecode.c.objc; path = ViewController.m; sourceTree = "<group>"; };
		F444D4451DDB8EBF00FE804F /* Base */ = {isa = PBXFileReference; lastKnownFileType = file.storyboard; name = Base; path = Base.lproj/Main.storyboard; sourceTree = "<group>"; };
		F444D4471DDB8EBF00FE804F /* Assets.xcassets */ = {isa = PBXFileReference; lastKnownFileType = folder.assetcatalog; path = Assets.xcassets; sourceTree = "<group>"; };
		F444D44A1DDB8EBF00FE804F /* Base */ = {isa = PBXFileReference; lastKnownFileType = file.storyboard; name = Base; path = Base.lproj/LaunchScreen.storyboard; sourceTree = "<group>"; };
		F444D44C1DDB8EBF00FE804F /* Info.plist */ = {isa = PBXFileReference; lastKnownFileType = text.plist.xml; path = Info.plist; sourceTree = "<group>"; };
		F444D4521DDBB14400FE804F /* MUXSDKStats.framework */ = {isa = PBXFileReference; lastKnownFileType = wrapper.framework; path = MUXSDKStats.framework; sourceTree = "<group>"; };
/* End PBXFileReference section */

/* Begin PBXFrameworksBuildPhase section */
		0218F2502548B9A3009DF1FF /* Frameworks */ = {
			isa = PBXFrameworksBuildPhase;
			buildActionMask = 2147483647;
			files = (
			);
			runOnlyForDeploymentPostprocessing = 0;
		};
		F444D4351DDB8EBF00FE804F /* Frameworks */ = {
			isa = PBXFrameworksBuildPhase;
			buildActionMask = 2147483647;
			files = (
				88F106B036A24BCC2E685C77 /* Pods_DemoApp.framework in Frameworks */,
			);
			runOnlyForDeploymentPostprocessing = 0;
		};
/* End PBXFrameworksBuildPhase section */

/* Begin PBXGroup section */
		0218F2542548B9A3009DF1FF /* DemoAppUITests */ = {
			isa = PBXGroup;
			children = (
				0218F2552548B9A3009DF1FF /* DemoAppUITests.m */,
				0218F2572548B9A3009DF1FF /* Info.plist */,
			);
			path = DemoAppUITests;
			sourceTree = "<group>";
		};
		D4FC223FD5BBFE596F4A0787 /* Pods */ = {
			isa = PBXGroup;
			children = (
				BC5EA289A0FA33B72042513F /* Pods-DemoApp.debug.xcconfig */,
				5295EC382E7F10E7A6888A54 /* Pods-DemoApp.release.xcconfig */,
			);
			path = Pods;
			sourceTree = "<group>";
		};
		F444D42F1DDB8EBF00FE804F = {
			isa = PBXGroup;
			children = (
				F444D43A1DDB8EBF00FE804F /* DemoApp */,
				0218F2542548B9A3009DF1FF /* DemoAppUITests */,
				F444D4561DDBB14C00FE804F /* Frameworks */,
				F444D4391DDB8EBF00FE804F /* Products */,
				D4FC223FD5BBFE596F4A0787 /* Pods */,
			);
			sourceTree = "<group>";
		};
		F444D4391DDB8EBF00FE804F /* Products */ = {
			isa = PBXGroup;
			children = (
				F444D4381DDB8EBF00FE804F /* DemoApp.app */,
				0218F2532548B9A3009DF1FF /* DemoAppUITests.xctest */,
			);
			name = Products;
			sourceTree = "<group>";
		};
		F444D43A1DDB8EBF00FE804F /* DemoApp */ = {
			isa = PBXGroup;
			children = (
				F444D43E1DDB8EBF00FE804F /* AppDelegate.h */,
				F444D43F1DDB8EBF00FE804F /* AppDelegate.m */,
				F444D4411DDB8EBF00FE804F /* ViewController.h */,
				F444D4421DDB8EBF00FE804F /* ViewController.m */,
				F444D4441DDB8EBF00FE804F /* Main.storyboard */,
				F444D4471DDB8EBF00FE804F /* Assets.xcassets */,
				F444D4491DDB8EBF00FE804F /* LaunchScreen.storyboard */,
				F444D44C1DDB8EBF00FE804F /* Info.plist */,
				F444D43B1DDB8EBF00FE804F /* Supporting Files */,
			);
			path = DemoApp;
			sourceTree = "<group>";
		};
		F444D43B1DDB8EBF00FE804F /* Supporting Files */ = {
			isa = PBXGroup;
			children = (
				F444D43C1DDB8EBF00FE804F /* main.m */,
			);
			name = "Supporting Files";
			sourceTree = "<group>";
		};
		F444D4561DDBB14C00FE804F /* Frameworks */ = {
			isa = PBXGroup;
			children = (
				F444D4521DDBB14400FE804F /* MUXSDKStats.framework */,
				AA478DFEC8DA483DA986B46A /* Pods_DemoApp.framework */,
			);
			name = Frameworks;
			sourceTree = "<group>";
		};
/* End PBXGroup section */

/* Begin PBXNativeTarget section */
		0218F2522548B9A3009DF1FF /* DemoAppUITests */ = {
			isa = PBXNativeTarget;
			buildConfigurationList = 0218F25C2548B9A3009DF1FF /* Build configuration list for PBXNativeTarget "DemoAppUITests" */;
			buildPhases = (
				0218F24F2548B9A3009DF1FF /* Sources */,
				0218F2502548B9A3009DF1FF /* Frameworks */,
				0218F2512548B9A3009DF1FF /* Resources */,
			);
			buildRules = (
			);
			dependencies = (
				0218F2592548B9A3009DF1FF /* PBXTargetDependency */,
			);
			name = DemoAppUITests;
			productName = DemoAppUITests;
			productReference = 0218F2532548B9A3009DF1FF /* DemoAppUITests.xctest */;
			productType = "com.apple.product-type.bundle.ui-testing";
		};
		F444D4371DDB8EBF00FE804F /* DemoApp */ = {
			isa = PBXNativeTarget;
			buildConfigurationList = F444D44F1DDB8EBF00FE804F /* Build configuration list for PBXNativeTarget "DemoApp" */;
			buildPhases = (
				AED4452C51326046742CB2EF /* [CP] Check Pods Manifest.lock */,
				F444D4341DDB8EBF00FE804F /* Sources */,
				F444D4351DDB8EBF00FE804F /* Frameworks */,
				F444D4361DDB8EBF00FE804F /* Resources */,
				A3942CB47F0E4E56E7BE081B /* [CP] Embed Pods Frameworks */,
			);
			buildRules = (
			);
			dependencies = (
			);
			name = DemoApp;
			productName = DemoApp;
			productReference = F444D4381DDB8EBF00FE804F /* DemoApp.app */;
			productType = "com.apple.product-type.application";
		};
/* End PBXNativeTarget section */

/* Begin PBXProject section */
		F444D4301DDB8EBF00FE804F /* Project object */ = {
			isa = PBXProject;
			attributes = {
				LastUpgradeCheck = 0800;
				ORGANIZATIONNAME = "Mux, Inc.";
				TargetAttributes = {
					0218F2522548B9A3009DF1FF = {
						CreatedOnToolsVersion = 12.0;
						DevelopmentTeam = GFDDVAVUVC;
						ProvisioningStyle = Automatic;
						TestTargetID = F444D4371DDB8EBF00FE804F;
					};
					F444D4371DDB8EBF00FE804F = {
						CreatedOnToolsVersion = 8.0;
						DevelopmentTeam = CX6AHWLHM6;
						ProvisioningStyle = Automatic;
					};
				};
			};
			buildConfigurationList = F444D4331DDB8EBF00FE804F /* Build configuration list for PBXProject "DemoApp" */;
			compatibilityVersion = "Xcode 3.2";
			developmentRegion = English;
			hasScannedForEncodings = 0;
			knownRegions = (
				English,
				en,
				Base,
			);
			mainGroup = F444D42F1DDB8EBF00FE804F;
			productRefGroup = F444D4391DDB8EBF00FE804F /* Products */;
			projectDirPath = "";
			projectRoot = "";
			targets = (
				F444D4371DDB8EBF00FE804F /* DemoApp */,
				0218F2522548B9A3009DF1FF /* DemoAppUITests */,
			);
		};
/* End PBXProject section */

/* Begin PBXResourcesBuildPhase section */
		0218F2512548B9A3009DF1FF /* Resources */ = {
			isa = PBXResourcesBuildPhase;
			buildActionMask = 2147483647;
			files = (
			);
			runOnlyForDeploymentPostprocessing = 0;
		};
		F444D4361DDB8EBF00FE804F /* Resources */ = {
			isa = PBXResourcesBuildPhase;
			buildActionMask = 2147483647;
			files = (
				F444D44B1DDB8EBF00FE804F /* LaunchScreen.storyboard in Resources */,
				F444D4481DDB8EBF00FE804F /* Assets.xcassets in Resources */,
				F444D4461DDB8EBF00FE804F /* Main.storyboard in Resources */,
			);
			runOnlyForDeploymentPostprocessing = 0;
		};
/* End PBXResourcesBuildPhase section */

/* Begin PBXShellScriptBuildPhase section */
		A3942CB47F0E4E56E7BE081B /* [CP] Embed Pods Frameworks */ = {
			isa = PBXShellScriptBuildPhase;
			buildActionMask = 2147483647;
			files = (
			);
			inputPaths = (
				"${PODS_ROOT}/Target Support Files/Pods-DemoApp/Pods-DemoApp-frameworks.sh",
				"${PODS_ROOT}/GoogleAds-IMA-iOS-SDK/GoogleInteractiveMediaAds.framework",
			);
			name = "[CP] Embed Pods Frameworks";
			outputPaths = (
				"${TARGET_BUILD_DIR}/${FRAMEWORKS_FOLDER_PATH}/GoogleInteractiveMediaAds.framework",
			);
			runOnlyForDeploymentPostprocessing = 0;
			shellPath = /bin/sh;
			shellScript = "\"${PODS_ROOT}/Target Support Files/Pods-DemoApp/Pods-DemoApp-frameworks.sh\"\n";
			showEnvVarsInLog = 0;
		};
		AED4452C51326046742CB2EF /* [CP] Check Pods Manifest.lock */ = {
			isa = PBXShellScriptBuildPhase;
			buildActionMask = 2147483647;
			files = (
			);
			inputFileListPaths = (
			);
			inputPaths = (
				"${PODS_PODFILE_DIR_PATH}/Podfile.lock",
				"${PODS_ROOT}/Manifest.lock",
			);
			name = "[CP] Check Pods Manifest.lock";
			outputFileListPaths = (
			);
			outputPaths = (
				"$(DERIVED_FILE_DIR)/Pods-DemoApp-checkManifestLockResult.txt",
			);
			runOnlyForDeploymentPostprocessing = 0;
			shellPath = /bin/sh;
			shellScript = "diff \"${PODS_PODFILE_DIR_PATH}/Podfile.lock\" \"${PODS_ROOT}/Manifest.lock\" > /dev/null\nif [ $? != 0 ] ; then\n    # print error to STDERR\n    echo \"error: The sandbox is not in sync with the Podfile.lock. Run 'pod install' or update your CocoaPods installation.\" >&2\n    exit 1\nfi\n# This output is used by Xcode 'outputs' to avoid re-running this script phase.\necho \"SUCCESS\" > \"${SCRIPT_OUTPUT_FILE_0}\"\n";
			showEnvVarsInLog = 0;
		};
/* End PBXShellScriptBuildPhase section */

/* Begin PBXSourcesBuildPhase section */
		0218F24F2548B9A3009DF1FF /* Sources */ = {
			isa = PBXSourcesBuildPhase;
			buildActionMask = 2147483647;
			files = (
				0218F2562548B9A3009DF1FF /* DemoAppUITests.m in Sources */,
			);
			runOnlyForDeploymentPostprocessing = 0;
		};
		F444D4341DDB8EBF00FE804F /* Sources */ = {
			isa = PBXSourcesBuildPhase;
			buildActionMask = 2147483647;
			files = (
				F444D4431DDB8EBF00FE804F /* ViewController.m in Sources */,
				F444D4401DDB8EBF00FE804F /* AppDelegate.m in Sources */,
				F444D43D1DDB8EBF00FE804F /* main.m in Sources */,
			);
			runOnlyForDeploymentPostprocessing = 0;
		};
/* End PBXSourcesBuildPhase section */

/* Begin PBXTargetDependency section */
		0218F2592548B9A3009DF1FF /* PBXTargetDependency */ = {
			isa = PBXTargetDependency;
			target = F444D4371DDB8EBF00FE804F /* DemoApp */;
			targetProxy = 0218F2582548B9A3009DF1FF /* PBXContainerItemProxy */;
		};
/* End PBXTargetDependency section */

/* Begin PBXVariantGroup section */
		F444D4441DDB8EBF00FE804F /* Main.storyboard */ = {
			isa = PBXVariantGroup;
			children = (
				F444D4451DDB8EBF00FE804F /* Base */,
			);
			name = Main.storyboard;
			sourceTree = "<group>";
		};
		F444D4491DDB8EBF00FE804F /* LaunchScreen.storyboard */ = {
			isa = PBXVariantGroup;
			children = (
				F444D44A1DDB8EBF00FE804F /* Base */,
			);
			name = LaunchScreen.storyboard;
			sourceTree = "<group>";
		};
/* End PBXVariantGroup section */

/* Begin XCBuildConfiguration section */
		0218F25A2548B9A3009DF1FF /* Debug */ = {
			isa = XCBuildConfiguration;
			buildSettings = {
				CLANG_ANALYZER_NUMBER_OBJECT_CONVERSION = YES_AGGRESSIVE;
				CLANG_CXX_LANGUAGE_STANDARD = "gnu++14";
				CLANG_ENABLE_OBJC_WEAK = YES;
				CLANG_WARN_BLOCK_CAPTURE_AUTORELEASING = YES;
				CLANG_WARN_COMMA = YES;
				CLANG_WARN_DEPRECATED_OBJC_IMPLEMENTATIONS = YES;
				CLANG_WARN_NON_LITERAL_NULL_CONVERSION = YES;
				CLANG_WARN_OBJC_IMPLICIT_RETAIN_SELF = YES;
				CLANG_WARN_OBJC_LITERAL_CONVERSION = YES;
				CLANG_WARN_QUOTED_INCLUDE_IN_FRAMEWORK_HEADER = YES;
				CLANG_WARN_RANGE_LOOP_ANALYSIS = YES;
				CLANG_WARN_STRICT_PROTOTYPES = YES;
				CLANG_WARN_SUSPICIOUS_MOVE = YES;
				CLANG_WARN_UNGUARDED_AVAILABILITY = YES_AGGRESSIVE;
				CODE_SIGN_STYLE = Automatic;
				DEVELOPMENT_TEAM = GFDDVAVUVC;
				GCC_C_LANGUAGE_STANDARD = gnu11;
				INFOPLIST_FILE = DemoAppUITests/Info.plist;
				IPHONEOS_DEPLOYMENT_TARGET = 14.0;
				LD_RUNPATH_SEARCH_PATHS = "$(inherited) @executable_path/Frameworks @loader_path/Frameworks";
				MTL_ENABLE_DEBUG_INFO = INCLUDE_SOURCE;
				MTL_FAST_MATH = YES;
				PRODUCT_BUNDLE_IDENTIFIER = com.nidhikulkarni.DemoAppUITests;
				PRODUCT_NAME = "$(TARGET_NAME)";
				TARGETED_DEVICE_FAMILY = "1,2";
				TEST_TARGET_NAME = DemoApp;
			};
			name = Debug;
		};
		0218F25B2548B9A3009DF1FF /* Release */ = {
			isa = XCBuildConfiguration;
			buildSettings = {
				CLANG_ANALYZER_NUMBER_OBJECT_CONVERSION = YES_AGGRESSIVE;
				CLANG_CXX_LANGUAGE_STANDARD = "gnu++14";
				CLANG_ENABLE_OBJC_WEAK = YES;
				CLANG_WARN_BLOCK_CAPTURE_AUTORELEASING = YES;
				CLANG_WARN_COMMA = YES;
				CLANG_WARN_DEPRECATED_OBJC_IMPLEMENTATIONS = YES;
				CLANG_WARN_NON_LITERAL_NULL_CONVERSION = YES;
				CLANG_WARN_OBJC_IMPLICIT_RETAIN_SELF = YES;
				CLANG_WARN_OBJC_LITERAL_CONVERSION = YES;
				CLANG_WARN_QUOTED_INCLUDE_IN_FRAMEWORK_HEADER = YES;
				CLANG_WARN_RANGE_LOOP_ANALYSIS = YES;
				CLANG_WARN_STRICT_PROTOTYPES = YES;
				CLANG_WARN_SUSPICIOUS_MOVE = YES;
				CLANG_WARN_UNGUARDED_AVAILABILITY = YES_AGGRESSIVE;
				CODE_SIGN_STYLE = Automatic;
				DEVELOPMENT_TEAM = GFDDVAVUVC;
				GCC_C_LANGUAGE_STANDARD = gnu11;
				INFOPLIST_FILE = DemoAppUITests/Info.plist;
				IPHONEOS_DEPLOYMENT_TARGET = 14.0;
				LD_RUNPATH_SEARCH_PATHS = "$(inherited) @executable_path/Frameworks @loader_path/Frameworks";
				MTL_FAST_MATH = YES;
				PRODUCT_BUNDLE_IDENTIFIER = com.nidhikulkarni.DemoAppUITests;
				PRODUCT_NAME = "$(TARGET_NAME)";
				TARGETED_DEVICE_FAMILY = "1,2";
				TEST_TARGET_NAME = DemoApp;
			};
			name = Release;
		};
		F444D44D1DDB8EBF00FE804F /* Debug */ = {
			isa = XCBuildConfiguration;
			buildSettings = {
				ALWAYS_SEARCH_USER_PATHS = NO;
				CLANG_ANALYZER_NONNULL = YES;
				CLANG_CXX_LANGUAGE_STANDARD = "gnu++0x";
				CLANG_CXX_LIBRARY = "libc++";
				CLANG_ENABLE_MODULES = YES;
				CLANG_ENABLE_OBJC_ARC = YES;
				CLANG_WARN_BOOL_CONVERSION = YES;
				CLANG_WARN_CONSTANT_CONVERSION = YES;
				CLANG_WARN_DIRECT_OBJC_ISA_USAGE = YES_ERROR;
				CLANG_WARN_DOCUMENTATION_COMMENTS = YES;
				CLANG_WARN_EMPTY_BODY = YES;
				CLANG_WARN_ENUM_CONVERSION = YES;
				CLANG_WARN_INFINITE_RECURSION = YES;
				CLANG_WARN_INT_CONVERSION = YES;
				CLANG_WARN_OBJC_ROOT_CLASS = YES_ERROR;
				CLANG_WARN_SUSPICIOUS_MOVES = YES;
				CLANG_WARN_UNREACHABLE_CODE = YES;
				CLANG_WARN__DUPLICATE_METHOD_MATCH = YES;
				"CODE_SIGN_IDENTITY[sdk=iphoneos*]" = "iPhone Developer";
				COPY_PHASE_STRIP = NO;
				DEBUG_INFORMATION_FORMAT = dwarf;
				ENABLE_STRICT_OBJC_MSGSEND = YES;
				ENABLE_TESTABILITY = YES;
				GCC_C_LANGUAGE_STANDARD = gnu99;
				GCC_DYNAMIC_NO_PIC = NO;
				GCC_NO_COMMON_BLOCKS = YES;
				GCC_OPTIMIZATION_LEVEL = 0;
				GCC_PREPROCESSOR_DEFINITIONS = (
					"DEBUG=1",
					"$(inherited)",
				);
				GCC_WARN_64_TO_32_BIT_CONVERSION = YES;
				GCC_WARN_ABOUT_RETURN_TYPE = YES_ERROR;
				GCC_WARN_UNDECLARED_SELECTOR = YES;
				GCC_WARN_UNINITIALIZED_AUTOS = YES_AGGRESSIVE;
				GCC_WARN_UNUSED_FUNCTION = YES;
				GCC_WARN_UNUSED_VARIABLE = YES;
				IPHONEOS_DEPLOYMENT_TARGET = 10.0;
				MTL_ENABLE_DEBUG_INFO = YES;
				ONLY_ACTIVE_ARCH = YES;
				SDKROOT = iphoneos;
				TARGETED_DEVICE_FAMILY = "1,2";
			};
			name = Debug;
		};
		F444D44E1DDB8EBF00FE804F /* Release */ = {
			isa = XCBuildConfiguration;
			buildSettings = {
				ALWAYS_SEARCH_USER_PATHS = NO;
				CLANG_ANALYZER_NONNULL = YES;
				CLANG_CXX_LANGUAGE_STANDARD = "gnu++0x";
				CLANG_CXX_LIBRARY = "libc++";
				CLANG_ENABLE_MODULES = YES;
				CLANG_ENABLE_OBJC_ARC = YES;
				CLANG_WARN_BOOL_CONVERSION = YES;
				CLANG_WARN_CONSTANT_CONVERSION = YES;
				CLANG_WARN_DIRECT_OBJC_ISA_USAGE = YES_ERROR;
				CLANG_WARN_DOCUMENTATION_COMMENTS = YES;
				CLANG_WARN_EMPTY_BODY = YES;
				CLANG_WARN_ENUM_CONVERSION = YES;
				CLANG_WARN_INFINITE_RECURSION = YES;
				CLANG_WARN_INT_CONVERSION = YES;
				CLANG_WARN_OBJC_ROOT_CLASS = YES_ERROR;
				CLANG_WARN_SUSPICIOUS_MOVES = YES;
				CLANG_WARN_UNREACHABLE_CODE = YES;
				CLANG_WARN__DUPLICATE_METHOD_MATCH = YES;
				"CODE_SIGN_IDENTITY[sdk=iphoneos*]" = "iPhone Developer";
				COPY_PHASE_STRIP = NO;
				DEBUG_INFORMATION_FORMAT = "dwarf-with-dsym";
				ENABLE_NS_ASSERTIONS = NO;
				ENABLE_STRICT_OBJC_MSGSEND = YES;
				GCC_C_LANGUAGE_STANDARD = gnu99;
				GCC_NO_COMMON_BLOCKS = YES;
				GCC_WARN_64_TO_32_BIT_CONVERSION = YES;
				GCC_WARN_ABOUT_RETURN_TYPE = YES_ERROR;
				GCC_WARN_UNDECLARED_SELECTOR = YES;
				GCC_WARN_UNINITIALIZED_AUTOS = YES_AGGRESSIVE;
				GCC_WARN_UNUSED_FUNCTION = YES;
				GCC_WARN_UNUSED_VARIABLE = YES;
				IPHONEOS_DEPLOYMENT_TARGET = 10.0;
				MTL_ENABLE_DEBUG_INFO = NO;
				SDKROOT = iphoneos;
				TARGETED_DEVICE_FAMILY = "1,2";
				VALIDATE_PRODUCT = YES;
			};
			name = Release;
		};
		F444D4501DDB8EBF00FE804F /* Debug */ = {
			isa = XCBuildConfiguration;
			baseConfigurationReference = BC5EA289A0FA33B72042513F /* Pods-DemoApp.debug.xcconfig */;
			buildSettings = {
				ASSETCATALOG_COMPILER_APPICON_NAME = AppIcon;
				DEVELOPMENT_TEAM = CX6AHWLHM6;
				FRAMEWORK_SEARCH_PATHS = (
					"$(inherited)",
					"$(PROJECT_DIR)",
				);
				INFOPLIST_FILE = DemoApp/Info.plist;
				IPHONEOS_DEPLOYMENT_TARGET = 10.0;
				LD_RUNPATH_SEARCH_PATHS = "$(inherited) @executable_path/Frameworks";
				PRODUCT_BUNDLE_IDENTIFIER = com.mux.stats.ios.DemoApp22;
				PRODUCT_NAME = "$(TARGET_NAME)";
			};
			name = Debug;
		};
		F444D4511DDB8EBF00FE804F /* Release */ = {
			isa = XCBuildConfiguration;
			baseConfigurationReference = 5295EC382E7F10E7A6888A54 /* Pods-DemoApp.release.xcconfig */;
			buildSettings = {
				ASSETCATALOG_COMPILER_APPICON_NAME = AppIcon;
				DEVELOPMENT_TEAM = GFDDVAVUVC;
				FRAMEWORK_SEARCH_PATHS = (
					"$(inherited)",
					"$(PROJECT_DIR)",
				);
				INFOPLIST_FILE = DemoApp/Info.plist;
				IPHONEOS_DEPLOYMENT_TARGET = 10.0;
				LD_RUNPATH_SEARCH_PATHS = "$(inherited) @executable_path/Frameworks";
				PRODUCT_BUNDLE_IDENTIFIER = com.mux.stats.ios.DemoApp;
				PRODUCT_NAME = "$(TARGET_NAME)";
			};
			name = Release;
		};
/* End XCBuildConfiguration section */

/* Begin XCConfigurationList section */
		0218F25C2548B9A3009DF1FF /* Build configuration list for PBXNativeTarget "DemoAppUITests" */ = {
			isa = XCConfigurationList;
			buildConfigurations = (
				0218F25A2548B9A3009DF1FF /* Debug */,
				0218F25B2548B9A3009DF1FF /* Release */,
			);
			defaultConfigurationIsVisible = 0;
			defaultConfigurationName = Release;
		};
		F444D4331DDB8EBF00FE804F /* Build configuration list for PBXProject "DemoApp" */ = {
			isa = XCConfigurationList;
			buildConfigurations = (
				F444D44D1DDB8EBF00FE804F /* Debug */,
				F444D44E1DDB8EBF00FE804F /* Release */,
			);
			defaultConfigurationIsVisible = 0;
			defaultConfigurationName = Release;
		};
		F444D44F1DDB8EBF00FE804F /* Build configuration list for PBXNativeTarget "DemoApp" */ = {
			isa = XCConfigurationList;
			buildConfigurations = (
				F444D4501DDB8EBF00FE804F /* Debug */,
				F444D4511DDB8EBF00FE804F /* Release */,
			);
			defaultConfigurationIsVisible = 0;
			defaultConfigurationName = Release;
		};
/* End XCConfigurationList section */
	};
	rootObject = F444D4301DDB8EBF00FE804F /* Project object */;
}
