// !$*UTF8*$!
{
	archiveVersion = 1;
	classes = {
	};
	objectVersion = 56;
	objects = {

/* Begin PBXBuildFile section */
		350F76AA290328A6008F520F /* Mux_Catalyst_DemoApp.swift in Sources */ = {isa = PBXBuildFile; fileRef = 350F76A9290328A6008F520F /* Mux_Catalyst_DemoApp.swift */; };
		350F76AC290328A6008F520F /* ContentView.swift in Sources */ = {isa = PBXBuildFile; fileRef = 350F76AB290328A6008F520F /* ContentView.swift */; };
		350F76AE290328A7008F520F /* Assets.xcassets in Resources */ = {isa = PBXBuildFile; fileRef = 350F76AD290328A7008F520F /* Assets.xcassets */; };
		350F76B1290328A7008F520F /* Preview Assets.xcassets in Resources */ = {isa = PBXBuildFile; fileRef = 350F76B0290328A7008F520F /* Preview Assets.xcassets */; };
		350F76BB290328A8008F520F /* Mux_Catalyst_DemoTests.swift in Sources */ = {isa = PBXBuildFile; fileRef = 350F76BA290328A8008F520F /* Mux_Catalyst_DemoTests.swift */; };
		350F76C5290328A8008F520F /* Mux_Catalyst_DemoUITests.swift in Sources */ = {isa = PBXBuildFile; fileRef = 350F76C4290328A8008F520F /* Mux_Catalyst_DemoUITests.swift */; };
		350F76C7290328A8008F520F /* Mux_Catalyst_DemoUITestsLaunchTests.swift in Sources */ = {isa = PBXBuildFile; fileRef = 350F76C6290328A8008F520F /* Mux_Catalyst_DemoUITestsLaunchTests.swift */; };
/* End PBXBuildFile section */

/* Begin PBXContainerItemProxy section */
		350F76B7290328A8008F520F /* PBXContainerItemProxy */ = {
			isa = PBXContainerItemProxy;
			containerPortal = 350F769E290328A6008F520F /* Project object */;
			proxyType = 1;
			remoteGlobalIDString = 350F76A5290328A6008F520F;
			remoteInfo = "Mux Catalyst Demo";
		};
		350F76C1290328A8008F520F /* PBXContainerItemProxy */ = {
			isa = PBXContainerItemProxy;
			containerPortal = 350F769E290328A6008F520F /* Project object */;
			proxyType = 1;
			remoteGlobalIDString = 350F76A5290328A6008F520F;
			remoteInfo = "Mux Catalyst Demo";
		};
/* End PBXContainerItemProxy section */

/* Begin PBXFileReference section */
		350F76A6290328A6008F520F /* Mux Catalyst Demo.app */ = {isa = PBXFileReference; explicitFileType = wrapper.application; includeInIndex = 0; path = "Mux Catalyst Demo.app"; sourceTree = BUILT_PRODUCTS_DIR; };
		350F76A9290328A6008F520F /* Mux_Catalyst_DemoApp.swift */ = {isa = PBXFileReference; lastKnownFileType = sourcecode.swift; path = Mux_Catalyst_DemoApp.swift; sourceTree = "<group>"; };
		350F76AB290328A6008F520F /* ContentView.swift */ = {isa = PBXFileReference; lastKnownFileType = sourcecode.swift; path = ContentView.swift; sourceTree = "<group>"; };
		350F76AD290328A7008F520F /* Assets.xcassets */ = {isa = PBXFileReference; lastKnownFileType = folder.assetcatalog; path = Assets.xcassets; sourceTree = "<group>"; };
		350F76B0290328A7008F520F /* Preview Assets.xcassets */ = {isa = PBXFileReference; lastKnownFileType = folder.assetcatalog; path = "Preview Assets.xcassets"; sourceTree = "<group>"; };
		350F76B6290328A8008F520F /* Mux Catalyst DemoTests.xctest */ = {isa = PBXFileReference; explicitFileType = wrapper.cfbundle; includeInIndex = 0; path = "Mux Catalyst DemoTests.xctest"; sourceTree = BUILT_PRODUCTS_DIR; };
		350F76BA290328A8008F520F /* Mux_Catalyst_DemoTests.swift */ = {isa = PBXFileReference; lastKnownFileType = sourcecode.swift; path = Mux_Catalyst_DemoTests.swift; sourceTree = "<group>"; };
		350F76C0290328A8008F520F /* Mux Catalyst DemoUITests.xctest */ = {isa = PBXFileReference; explicitFileType = wrapper.cfbundle; includeInIndex = 0; path = "Mux Catalyst DemoUITests.xctest"; sourceTree = BUILT_PRODUCTS_DIR; };
		350F76C4290328A8008F520F /* Mux_Catalyst_DemoUITests.swift */ = {isa = PBXFileReference; lastKnownFileType = sourcecode.swift; path = Mux_Catalyst_DemoUITests.swift; sourceTree = "<group>"; };
		350F76C6290328A8008F520F /* Mux_Catalyst_DemoUITestsLaunchTests.swift */ = {isa = PBXFileReference; lastKnownFileType = sourcecode.swift; path = Mux_Catalyst_DemoUITestsLaunchTests.swift; sourceTree = "<group>"; };
/* End PBXFileReference section */

/* Begin PBXFrameworksBuildPhase section */
		350F76A3290328A6008F520F /* Frameworks */ = {
			isa = PBXFrameworksBuildPhase;
			buildActionMask = 2147483647;
			files = (
			);
			runOnlyForDeploymentPostprocessing = 0;
		};
		350F76B3290328A8008F520F /* Frameworks */ = {
			isa = PBXFrameworksBuildPhase;
			buildActionMask = 2147483647;
			files = (
			);
			runOnlyForDeploymentPostprocessing = 0;
		};
		350F76BD290328A8008F520F /* Frameworks */ = {
			isa = PBXFrameworksBuildPhase;
			buildActionMask = 2147483647;
			files = (
			);
			runOnlyForDeploymentPostprocessing = 0;
		};
/* End PBXFrameworksBuildPhase section */

/* Begin PBXGroup section */
		350F769D290328A6008F520F = {
			isa = PBXGroup;
			children = (
				350F76A8290328A6008F520F /* Mux Catalyst Demo */,
				350F76B9290328A8008F520F /* Mux Catalyst DemoTests */,
				350F76C3290328A8008F520F /* Mux Catalyst DemoUITests */,
				350F76A7290328A6008F520F /* Products */,
			);
			sourceTree = "<group>";
		};
		350F76A7290328A6008F520F /* Products */ = {
			isa = PBXGroup;
			children = (
				350F76A6290328A6008F520F /* Mux Catalyst Demo.app */,
				350F76B6290328A8008F520F /* Mux Catalyst DemoTests.xctest */,
				350F76C0290328A8008F520F /* Mux Catalyst DemoUITests.xctest */,
			);
			name = Products;
			sourceTree = "<group>";
		};
		350F76A8290328A6008F520F /* Mux Catalyst Demo */ = {
			isa = PBXGroup;
			children = (
				350F76A9290328A6008F520F /* Mux_Catalyst_DemoApp.swift */,
				350F76AB290328A6008F520F /* ContentView.swift */,
				350F76AD290328A7008F520F /* Assets.xcassets */,
				350F76AF290328A7008F520F /* Preview Content */,
			);
			path = "Mux Catalyst Demo";
			sourceTree = "<group>";
		};
		350F76AF290328A7008F520F /* Preview Content */ = {
			isa = PBXGroup;
			children = (
				350F76B0290328A7008F520F /* Preview Assets.xcassets */,
			);
			path = "Preview Content";
			sourceTree = "<group>";
		};
		350F76B9290328A8008F520F /* Mux Catalyst DemoTests */ = {
			isa = PBXGroup;
			children = (
				350F76BA290328A8008F520F /* Mux_Catalyst_DemoTests.swift */,
			);
			path = "Mux Catalyst DemoTests";
			sourceTree = "<group>";
		};
		350F76C3290328A8008F520F /* Mux Catalyst DemoUITests */ = {
			isa = PBXGroup;
			children = (
				350F76C4290328A8008F520F /* Mux_Catalyst_DemoUITests.swift */,
				350F76C6290328A8008F520F /* Mux_Catalyst_DemoUITestsLaunchTests.swift */,
			);
			path = "Mux Catalyst DemoUITests";
			sourceTree = "<group>";
		};
/* End PBXGroup section */

/* Begin PBXNativeTarget section */
		350F76A5290328A6008F520F /* Mux Catalyst Demo */ = {
			isa = PBXNativeTarget;
			buildConfigurationList = 350F76CA290328A8008F520F /* Build configuration list for PBXNativeTarget "Mux Catalyst Demo" */;
			buildPhases = (
				350F76A2290328A6008F520F /* Sources */,
				350F76A3290328A6008F520F /* Frameworks */,
				350F76A4290328A6008F520F /* Resources */,
			);
			buildRules = (
			);
			dependencies = (
			);
			name = "Mux Catalyst Demo";
			productName = "Mux Catalyst Demo";
			productReference = 350F76A6290328A6008F520F /* Mux Catalyst Demo.app */;
			productType = "com.apple.product-type.application";
		};
		350F76B5290328A8008F520F /* Mux Catalyst DemoTests */ = {
			isa = PBXNativeTarget;
			buildConfigurationList = 350F76CD290328A8008F520F /* Build configuration list for PBXNativeTarget "Mux Catalyst DemoTests" */;
			buildPhases = (
				350F76B2290328A8008F520F /* Sources */,
				350F76B3290328A8008F520F /* Frameworks */,
				350F76B4290328A8008F520F /* Resources */,
			);
			buildRules = (
			);
			dependencies = (
				350F76B8290328A8008F520F /* PBXTargetDependency */,
			);
			name = "Mux Catalyst DemoTests";
			productName = "Mux Catalyst DemoTests";
			productReference = 350F76B6290328A8008F520F /* Mux Catalyst DemoTests.xctest */;
			productType = "com.apple.product-type.bundle.unit-test";
		};
		350F76BF290328A8008F520F /* Mux Catalyst DemoUITests */ = {
			isa = PBXNativeTarget;
			buildConfigurationList = 350F76D0290328A8008F520F /* Build configuration list for PBXNativeTarget "Mux Catalyst DemoUITests" */;
			buildPhases = (
				350F76BC290328A8008F520F /* Sources */,
				350F76BD290328A8008F520F /* Frameworks */,
				350F76BE290328A8008F520F /* Resources */,
			);
			buildRules = (
			);
			dependencies = (
				350F76C2290328A8008F520F /* PBXTargetDependency */,
			);
			name = "Mux Catalyst DemoUITests";
			productName = "Mux Catalyst DemoUITests";
			productReference = 350F76C0290328A8008F520F /* Mux Catalyst DemoUITests.xctest */;
			productType = "com.apple.product-type.bundle.ui-testing";
		};
/* End PBXNativeTarget section */

/* Begin PBXProject section */
		350F769E290328A6008F520F /* Project object */ = {
			isa = PBXProject;
			attributes = {
				BuildIndependentTargetsInParallel = 1;
				LastSwiftUpdateCheck = 1400;
				LastUpgradeCheck = 1400;
				TargetAttributes = {
					350F76A5290328A6008F520F = {
						CreatedOnToolsVersion = 14.0.1;
					};
					350F76B5290328A8008F520F = {
						CreatedOnToolsVersion = 14.0.1;
						TestTargetID = 350F76A5290328A6008F520F;
					};
					350F76BF290328A8008F520F = {
						CreatedOnToolsVersion = 14.0.1;
						TestTargetID = 350F76A5290328A6008F520F;
					};
				};
			};
			buildConfigurationList = 350F76A1290328A6008F520F /* Build configuration list for PBXProject "Mux Catalyst Demo" */;
			compatibilityVersion = "Xcode 14.0";
			developmentRegion = en;
			hasScannedForEncodings = 0;
			knownRegions = (
				en,
				Base,
			);
			mainGroup = 350F769D290328A6008F520F;
			productRefGroup = 350F76A7290328A6008F520F /* Products */;
			projectDirPath = "";
			projectRoot = "";
			targets = (
				350F76A5290328A6008F520F /* Mux Catalyst Demo */,
				350F76B5290328A8008F520F /* Mux Catalyst DemoTests */,
				350F76BF290328A8008F520F /* Mux Catalyst DemoUITests */,
			);
		};
/* End PBXProject section */

/* Begin PBXResourcesBuildPhase section */
		350F76A4290328A6008F520F /* Resources */ = {
			isa = PBXResourcesBuildPhase;
			buildActionMask = 2147483647;
			files = (
				350F76B1290328A7008F520F /* Preview Assets.xcassets in Resources */,
				350F76AE290328A7008F520F /* Assets.xcassets in Resources */,
			);
			runOnlyForDeploymentPostprocessing = 0;
		};
		350F76B4290328A8008F520F /* Resources */ = {
			isa = PBXResourcesBuildPhase;
			buildActionMask = 2147483647;
			files = (
			);
			runOnlyForDeploymentPostprocessing = 0;
		};
		350F76BE290328A8008F520F /* Resources */ = {
			isa = PBXResourcesBuildPhase;
			buildActionMask = 2147483647;
			files = (
			);
			runOnlyForDeploymentPostprocessing = 0;
		};
/* End PBXResourcesBuildPhase section */

/* Begin PBXSourcesBuildPhase section */
		350F76A2290328A6008F520F /* Sources */ = {
			isa = PBXSourcesBuildPhase;
			buildActionMask = 2147483647;
			files = (
				350F76AC290328A6008F520F /* ContentView.swift in Sources */,
				350F76AA290328A6008F520F /* Mux_Catalyst_DemoApp.swift in Sources */,
			);
			runOnlyForDeploymentPostprocessing = 0;
		};
		350F76B2290328A8008F520F /* Sources */ = {
			isa = PBXSourcesBuildPhase;
			buildActionMask = 2147483647;
			files = (
				350F76BB290328A8008F520F /* Mux_Catalyst_DemoTests.swift in Sources */,
			);
			runOnlyForDeploymentPostprocessing = 0;
		};
		350F76BC290328A8008F520F /* Sources */ = {
			isa = PBXSourcesBuildPhase;
			buildActionMask = 2147483647;
			files = (
				350F76C5290328A8008F520F /* Mux_Catalyst_DemoUITests.swift in Sources */,
				350F76C7290328A8008F520F /* Mux_Catalyst_DemoUITestsLaunchTests.swift in Sources */,
			);
			runOnlyForDeploymentPostprocessing = 0;
		};
/* End PBXSourcesBuildPhase section */

/* Begin PBXTargetDependency section */
		350F76B8290328A8008F520F /* PBXTargetDependency */ = {
			isa = PBXTargetDependency;
			target = 350F76A5290328A6008F520F /* Mux Catalyst Demo */;
			targetProxy = 350F76B7290328A8008F520F /* PBXContainerItemProxy */;
		};
		350F76C2290328A8008F520F /* PBXTargetDependency */ = {
			isa = PBXTargetDependency;
			target = 350F76A5290328A6008F520F /* Mux Catalyst Demo */;
			targetProxy = 350F76C1290328A8008F520F /* PBXContainerItemProxy */;
		};
/* End PBXTargetDependency section */

/* Begin XCBuildConfiguration section */
		350F76C8290328A8008F520F /* Debug */ = {
			isa = XCBuildConfiguration;
			buildSettings = {
				ALWAYS_SEARCH_USER_PATHS = NO;
				CLANG_ANALYZER_NONNULL = YES;
				CLANG_ANALYZER_NUMBER_OBJECT_CONVERSION = YES_AGGRESSIVE;
				CLANG_CXX_LANGUAGE_STANDARD = "gnu++20";
				CLANG_ENABLE_MODULES = YES;
				CLANG_ENABLE_OBJC_ARC = YES;
				CLANG_ENABLE_OBJC_WEAK = YES;
				CLANG_WARN_BLOCK_CAPTURE_AUTORELEASING = YES;
				CLANG_WARN_BOOL_CONVERSION = YES;
				CLANG_WARN_COMMA = YES;
				CLANG_WARN_CONSTANT_CONVERSION = YES;
				CLANG_WARN_DEPRECATED_OBJC_IMPLEMENTATIONS = YES;
				CLANG_WARN_DIRECT_OBJC_ISA_USAGE = YES_ERROR;
				CLANG_WARN_DOCUMENTATION_COMMENTS = YES;
				CLANG_WARN_EMPTY_BODY = YES;
				CLANG_WARN_ENUM_CONVERSION = YES;
				CLANG_WARN_INFINITE_RECURSION = YES;
				CLANG_WARN_INT_CONVERSION = YES;
				CLANG_WARN_NON_LITERAL_NULL_CONVERSION = YES;
				CLANG_WARN_OBJC_IMPLICIT_RETAIN_SELF = YES;
				CLANG_WARN_OBJC_LITERAL_CONVERSION = YES;
				CLANG_WARN_OBJC_ROOT_CLASS = YES_ERROR;
				CLANG_WARN_QUOTED_INCLUDE_IN_FRAMEWORK_HEADER = YES;
				CLANG_WARN_RANGE_LOOP_ANALYSIS = YES;
				CLANG_WARN_STRICT_PROTOTYPES = YES;
				CLANG_WARN_SUSPICIOUS_MOVE = YES;
				CLANG_WARN_UNGUARDED_AVAILABILITY = YES_AGGRESSIVE;
				CLANG_WARN_UNREACHABLE_CODE = YES;
				CLANG_WARN__DUPLICATE_METHOD_MATCH = YES;
				COPY_PHASE_STRIP = NO;
				DEBUG_INFORMATION_FORMAT = dwarf;
				ENABLE_STRICT_OBJC_MSGSEND = YES;
				ENABLE_TESTABILITY = YES;
				GCC_C_LANGUAGE_STANDARD = gnu11;
				GCC_DYNAMIC_NO_PIC = NO;
				GCC_NO_COMMON_BLOCKS = YES;
				GCC_OPTIMIZATION_LEVEL = 0;
				GCC_PREPROCESSOR_DEFINITIONS = (
					"DEBUG=1",
					"$(inherited)",
				);
				GCC_WARN_64_TO_32_BIT_CONVERSION = YES;
				GCC_WARN_ABOUT_RETURN_TYPE = YES_ERROR;
				GCC_WARN_UNDECLARED_SELECTOR = YES;
				GCC_WARN_UNINITIALIZED_AUTOS = YES_AGGRESSIVE;
				GCC_WARN_UNUSED_FUNCTION = YES;
				GCC_WARN_UNUSED_VARIABLE = YES;
				IPHONEOS_DEPLOYMENT_TARGET = 16.0;
				MTL_ENABLE_DEBUG_INFO = INCLUDE_SOURCE;
				MTL_FAST_MATH = YES;
				ONLY_ACTIVE_ARCH = YES;
				SDKROOT = iphoneos;
				SWIFT_ACTIVE_COMPILATION_CONDITIONS = DEBUG;
				SWIFT_OPTIMIZATION_LEVEL = "-Onone";
			};
			name = Debug;
		};
		350F76C9290328A8008F520F /* Release */ = {
			isa = XCBuildConfiguration;
			buildSettings = {
				ALWAYS_SEARCH_USER_PATHS = NO;
				CLANG_ANALYZER_NONNULL = YES;
				CLANG_ANALYZER_NUMBER_OBJECT_CONVERSION = YES_AGGRESSIVE;
				CLANG_CXX_LANGUAGE_STANDARD = "gnu++20";
				CLANG_ENABLE_MODULES = YES;
				CLANG_ENABLE_OBJC_ARC = YES;
				CLANG_ENABLE_OBJC_WEAK = YES;
				CLANG_WARN_BLOCK_CAPTURE_AUTORELEASING = YES;
				CLANG_WARN_BOOL_CONVERSION = YES;
				CLANG_WARN_COMMA = YES;
				CLANG_WARN_CONSTANT_CONVERSION = YES;
				CLANG_WARN_DEPRECATED_OBJC_IMPLEMENTATIONS = YES;
				CLANG_WARN_DIRECT_OBJC_ISA_USAGE = YES_ERROR;
				CLANG_WARN_DOCUMENTATION_COMMENTS = YES;
				CLANG_WARN_EMPTY_BODY = YES;
				CLANG_WARN_ENUM_CONVERSION = YES;
				CLANG_WARN_INFINITE_RECURSION = YES;
				CLANG_WARN_INT_CONVERSION = YES;
				CLANG_WARN_NON_LITERAL_NULL_CONVERSION = YES;
				CLANG_WARN_OBJC_IMPLICIT_RETAIN_SELF = YES;
				CLANG_WARN_OBJC_LITERAL_CONVERSION = YES;
				CLANG_WARN_OBJC_ROOT_CLASS = YES_ERROR;
				CLANG_WARN_QUOTED_INCLUDE_IN_FRAMEWORK_HEADER = YES;
				CLANG_WARN_RANGE_LOOP_ANALYSIS = YES;
				CLANG_WARN_STRICT_PROTOTYPES = YES;
				CLANG_WARN_SUSPICIOUS_MOVE = YES;
				CLANG_WARN_UNGUARDED_AVAILABILITY = YES_AGGRESSIVE;
				CLANG_WARN_UNREACHABLE_CODE = YES;
				CLANG_WARN__DUPLICATE_METHOD_MATCH = YES;
				COPY_PHASE_STRIP = NO;
				DEBUG_INFORMATION_FORMAT = "dwarf-with-dsym";
				ENABLE_NS_ASSERTIONS = NO;
				ENABLE_STRICT_OBJC_MSGSEND = YES;
				GCC_C_LANGUAGE_STANDARD = gnu11;
				GCC_NO_COMMON_BLOCKS = YES;
				GCC_WARN_64_TO_32_BIT_CONVERSION = YES;
				GCC_WARN_ABOUT_RETURN_TYPE = YES_ERROR;
				GCC_WARN_UNDECLARED_SELECTOR = YES;
				GCC_WARN_UNINITIALIZED_AUTOS = YES_AGGRESSIVE;
				GCC_WARN_UNUSED_FUNCTION = YES;
				GCC_WARN_UNUSED_VARIABLE = YES;
				IPHONEOS_DEPLOYMENT_TARGET = 16.0;
				MTL_ENABLE_DEBUG_INFO = NO;
				MTL_FAST_MATH = YES;
				SDKROOT = iphoneos;
				SWIFT_COMPILATION_MODE = wholemodule;
				SWIFT_OPTIMIZATION_LEVEL = "-O";
				VALIDATE_PRODUCT = YES;
			};
			name = Release;
		};
		350F76CB290328A8008F520F /* Debug */ = {
			isa = XCBuildConfiguration;
			buildSettings = {
				ASSETCATALOG_COMPILER_APPICON_NAME = AppIcon;
				ASSETCATALOG_COMPILER_GLOBAL_ACCENT_COLOR_NAME = AccentColor;
				CODE_SIGN_STYLE = Automatic;
				CURRENT_PROJECT_VERSION = 1;
				DEVELOPMENT_ASSET_PATHS = "\"Mux Catalyst Demo/Preview Content\"";
				ENABLE_PREVIEWS = YES;
				GENERATE_INFOPLIST_FILE = YES;
				INFOPLIST_KEY_UIApplicationSceneManifest_Generation = YES;
				INFOPLIST_KEY_UIApplicationSupportsIndirectInputEvents = YES;
				INFOPLIST_KEY_UILaunchScreen_Generation = YES;
				INFOPLIST_KEY_UISupportedInterfaceOrientations_iPad = "UIInterfaceOrientationPortrait UIInterfaceOrientationPortraitUpsideDown UIInterfaceOrientationLandscapeLeft UIInterfaceOrientationLandscapeRight";
				INFOPLIST_KEY_UISupportedInterfaceOrientations_iPhone = "UIInterfaceOrientationPortrait UIInterfaceOrientationLandscapeLeft UIInterfaceOrientationLandscapeRight";
				LD_RUNPATH_SEARCH_PATHS = (
					"$(inherited)",
					"@executable_path/Frameworks",
				);
				MARKETING_VERSION = 1.0;
				PRODUCT_BUNDLE_IDENTIFIER = "com.mux.stats.example.Mux-Catalyst-Demo";
				PRODUCT_NAME = "$(TARGET_NAME)";
				SWIFT_EMIT_LOC_STRINGS = YES;
				SWIFT_VERSION = 5.0;
				TARGETED_DEVICE_FAMILY = "1,2";
			};
			name = Debug;
		};
		350F76CC290328A8008F520F /* Release */ = {
			isa = XCBuildConfiguration;
			buildSettings = {
				ASSETCATALOG_COMPILER_APPICON_NAME = AppIcon;
				ASSETCATALOG_COMPILER_GLOBAL_ACCENT_COLOR_NAME = AccentColor;
				CODE_SIGN_STYLE = Automatic;
				CURRENT_PROJECT_VERSION = 1;
				DEVELOPMENT_ASSET_PATHS = "\"Mux Catalyst Demo/Preview Content\"";
				ENABLE_PREVIEWS = YES;
				GENERATE_INFOPLIST_FILE = YES;
				INFOPLIST_KEY_UIApplicationSceneManifest_Generation = YES;
				INFOPLIST_KEY_UIApplicationSupportsIndirectInputEvents = YES;
				INFOPLIST_KEY_UILaunchScreen_Generation = YES;
				INFOPLIST_KEY_UISupportedInterfaceOrientations_iPad = "UIInterfaceOrientationPortrait UIInterfaceOrientationPortraitUpsideDown UIInterfaceOrientationLandscapeLeft UIInterfaceOrientationLandscapeRight";
				INFOPLIST_KEY_UISupportedInterfaceOrientations_iPhone = "UIInterfaceOrientationPortrait UIInterfaceOrientationLandscapeLeft UIInterfaceOrientationLandscapeRight";
				LD_RUNPATH_SEARCH_PATHS = (
					"$(inherited)",
					"@executable_path/Frameworks",
				);
				MARKETING_VERSION = 1.0;
				PRODUCT_BUNDLE_IDENTIFIER = "com.mux.stats.example.Mux-Catalyst-Demo";
				PRODUCT_NAME = "$(TARGET_NAME)";
				SWIFT_EMIT_LOC_STRINGS = YES;
				SWIFT_VERSION = 5.0;
				TARGETED_DEVICE_FAMILY = "1,2";
			};
			name = Release;
		};
		350F76CE290328A8008F520F /* Debug */ = {
			isa = XCBuildConfiguration;
			buildSettings = {
				ALWAYS_EMBED_SWIFT_STANDARD_LIBRARIES = YES;
				BUNDLE_LOADER = "$(TEST_HOST)";
				CODE_SIGN_STYLE = Automatic;
				CURRENT_PROJECT_VERSION = 1;
				GENERATE_INFOPLIST_FILE = YES;
				IPHONEOS_DEPLOYMENT_TARGET = 16.0;
				MARKETING_VERSION = 1.0;
				PRODUCT_BUNDLE_IDENTIFIER = "com.mux.stats.example.Mux-Catalyst-DemoTests";
				PRODUCT_NAME = "$(TARGET_NAME)";
				SWIFT_EMIT_LOC_STRINGS = NO;
				SWIFT_VERSION = 5.0;
				TARGETED_DEVICE_FAMILY = "1,2";
				TEST_HOST = "$(BUILT_PRODUCTS_DIR)/Mux Catalyst Demo.app/$(BUNDLE_EXECUTABLE_FOLDER_PATH)/Mux Catalyst Demo";
			};
			name = Debug;
		};
		350F76CF290328A8008F520F /* Release */ = {
			isa = XCBuildConfiguration;
			buildSettings = {
				ALWAYS_EMBED_SWIFT_STANDARD_LIBRARIES = YES;
				BUNDLE_LOADER = "$(TEST_HOST)";
				CODE_SIGN_STYLE = Automatic;
				CURRENT_PROJECT_VERSION = 1;
				GENERATE_INFOPLIST_FILE = YES;
				IPHONEOS_DEPLOYMENT_TARGET = 16.0;
				MARKETING_VERSION = 1.0;
				PRODUCT_BUNDLE_IDENTIFIER = "com.mux.stats.example.Mux-Catalyst-DemoTests";
				PRODUCT_NAME = "$(TARGET_NAME)";
				SWIFT_EMIT_LOC_STRINGS = NO;
				SWIFT_VERSION = 5.0;
				TARGETED_DEVICE_FAMILY = "1,2";
				TEST_HOST = "$(BUILT_PRODUCTS_DIR)/Mux Catalyst Demo.app/$(BUNDLE_EXECUTABLE_FOLDER_PATH)/Mux Catalyst Demo";
			};
			name = Release;
		};
		350F76D1290328A8008F520F /* Debug */ = {
			isa = XCBuildConfiguration;
			buildSettings = {
				ALWAYS_EMBED_SWIFT_STANDARD_LIBRARIES = YES;
				CODE_SIGN_STYLE = Automatic;
				CURRENT_PROJECT_VERSION = 1;
				GENERATE_INFOPLIST_FILE = YES;
				MARKETING_VERSION = 1.0;
				PRODUCT_BUNDLE_IDENTIFIER = "com.mux.stats.example.Mux-Catalyst-DemoUITests";
				PRODUCT_NAME = "$(TARGET_NAME)";
				SWIFT_EMIT_LOC_STRINGS = NO;
				SWIFT_VERSION = 5.0;
				TARGETED_DEVICE_FAMILY = "1,2";
				TEST_TARGET_NAME = "Mux Catalyst Demo";
			};
			name = Debug;
		};
		350F76D2290328A8008F520F /* Release */ = {
			isa = XCBuildConfiguration;
			buildSettings = {
				ALWAYS_EMBED_SWIFT_STANDARD_LIBRARIES = YES;
				CODE_SIGN_STYLE = Automatic;
				CURRENT_PROJECT_VERSION = 1;
				GENERATE_INFOPLIST_FILE = YES;
				MARKETING_VERSION = 1.0;
				PRODUCT_BUNDLE_IDENTIFIER = "com.mux.stats.example.Mux-Catalyst-DemoUITests";
				PRODUCT_NAME = "$(TARGET_NAME)";
				SWIFT_EMIT_LOC_STRINGS = NO;
				SWIFT_VERSION = 5.0;
				TARGETED_DEVICE_FAMILY = "1,2";
				TEST_TARGET_NAME = "Mux Catalyst Demo";
			};
			name = Release;
		};
/* End XCBuildConfiguration section */

/* Begin XCConfigurationList section */
		350F76A1290328A6008F520F /* Build configuration list for PBXProject "Mux Catalyst Demo" */ = {
			isa = XCConfigurationList;
			buildConfigurations = (
				350F76C8290328A8008F520F /* Debug */,
				350F76C9290328A8008F520F /* Release */,
			);
			defaultConfigurationIsVisible = 0;
			defaultConfigurationName = Release;
		};
		350F76CA290328A8008F520F /* Build configuration list for PBXNativeTarget "Mux Catalyst Demo" */ = {
			isa = XCConfigurationList;
			buildConfigurations = (
				350F76CB290328A8008F520F /* Debug */,
				350F76CC290328A8008F520F /* Release */,
			);
			defaultConfigurationIsVisible = 0;
			defaultConfigurationName = Release;
		};
		350F76CD290328A8008F520F /* Build configuration list for PBXNativeTarget "Mux Catalyst DemoTests" */ = {
			isa = XCConfigurationList;
			buildConfigurations = (
				350F76CE290328A8008F520F /* Debug */,
				350F76CF290328A8008F520F /* Release */,
			);
			defaultConfigurationIsVisible = 0;
			defaultConfigurationName = Release;
		};
		350F76D0290328A8008F520F /* Build configuration list for PBXNativeTarget "Mux Catalyst DemoUITests" */ = {
			isa = XCConfigurationList;
			buildConfigurations = (
				350F76D1290328A8008F520F /* Debug */,
				350F76D2290328A8008F520F /* Release */,
			);
			defaultConfigurationIsVisible = 0;
			defaultConfigurationName = Release;
		};
/* End XCConfigurationList section */
	};
	rootObject = 350F769E290328A6008F520F /* Project object */;
}
