// !$*UTF8*$!
{
	archiveVersion = 1;
	classes = {
	};
	objectVersion = 77;
	objects = {

/* Begin PBXBuildFile section */
		19CB36012ABD2B88002DF48C /* MUXSDKStats in Frameworks */ = {isa = PBXBuildFile; productRef = 19CB36002ABD2B88002DF48C /* MUXSDKStats */; };
/* End PBXBuildFile section */

/* Begin PBXContainerItemProxy section */
		19CB35E32ABD2B5D002DF48C /* PBXContainerItemProxy */ = {
			isa = PBXContainerItemProxy;
			containerPortal = 19CB35C42ABD2B5C002DF48C /* Project object */;
			proxyType = 1;
			remoteGlobalIDString = 19CB35CB2ABD2B5C002DF48C;
			remoteInfo = MUXSDKStatsExampleSPM;
		};
		19CB35ED2ABD2B5D002DF48C /* PBXContainerItemProxy */ = {
			isa = PBXContainerItemProxy;
			containerPortal = 19CB35C42ABD2B5C002DF48C /* Project object */;
			proxyType = 1;
			remoteGlobalIDString = 19CB35CB2ABD2B5C002DF48C;
			remoteInfo = MUXSDKStatsExampleSPM;
		};
/* End PBXContainerItemProxy section */

/* Begin PBXFileReference section */
		19ABBEA92B650DB2004A3634 /* MUXSDKStatsExampleSPM.xctestplan */ = {isa = PBXFileReference; lastKnownFileType = text; path = MUXSDKStatsExampleSPM.xctestplan; sourceTree = "<group>"; };
		19CB35CC2ABD2B5C002DF48C /* MUXSDKStatsExampleSPM.app */ = {isa = PBXFileReference; explicitFileType = wrapper.application; includeInIndex = 0; path = MUXSDKStatsExampleSPM.app; sourceTree = BUILT_PRODUCTS_DIR; };
		19CB35E22ABD2B5D002DF48C /* MUXSDKStatsExampleSPMTests.xctest */ = {isa = PBXFileReference; explicitFileType = wrapper.cfbundle; includeInIndex = 0; path = MUXSDKStatsExampleSPMTests.xctest; sourceTree = BUILT_PRODUCTS_DIR; };
		19CB35EC2ABD2B5D002DF48C /* MUXSDKStatsExampleSPMUITests.xctest */ = {isa = PBXFileReference; explicitFileType = wrapper.cfbundle; includeInIndex = 0; path = MUXSDKStatsExampleSPMUITests.xctest; sourceTree = BUILT_PRODUCTS_DIR; };
/* End PBXFileReference section */

/* Begin PBXFileSystemSynchronizedBuildFileExceptionSet section */
		7206D00B2F19B6E20048F641 /* Exceptions for "MUXSDKStatsExampleSPM" folder in "MUXSDKStatsExampleSPM" target */ = {
			isa = PBXFileSystemSynchronizedBuildFileExceptionSet;
			membershipExceptions = (
				Info.plist,
			);
			target = 19CB35CB2ABD2B5C002DF48C /* MUXSDKStatsExampleSPM */;
		};
/* End PBXFileSystemSynchronizedBuildFileExceptionSet section */

/* Begin PBXFileSystemSynchronizedRootGroup section */
		7206CFFD2F19B6E20048F641 /* MUXSDKStatsExampleSPM */ = {
			isa = PBXFileSystemSynchronizedRootGroup;
			exceptions = (
				7206D00B2F19B6E20048F641 /* Exceptions for "MUXSDKStatsExampleSPM" folder in "MUXSDKStatsExampleSPM" target */,
			);
			path = MUXSDKStatsExampleSPM;
			sourceTree = "<group>";
		};
		7206D00D2F19B6E50048F641 /* MUXSDKStatsExampleSPMTests */ = {
			isa = PBXFileSystemSynchronizedRootGroup;
			path = MUXSDKStatsExampleSPMTests;
			sourceTree = "<group>";
		};
		7206D0112F19B6E70048F641 /* MUXSDKStatsExampleSPMUITests */ = {
			isa = PBXFileSystemSynchronizedRootGroup;
			path = MUXSDKStatsExampleSPMUITests;
			sourceTree = "<group>";
		};
		722CF7FD2D83AE040005B60D /* Configuration */ = {
			isa = PBXFileSystemSynchronizedRootGroup;
			name = Configuration;
			path = ../../Configuration;
			sourceTree = SOURCE_ROOT;
		};
/* End PBXFileSystemSynchronizedRootGroup section */

/* Begin PBXFrameworksBuildPhase section */
		19CB35C92ABD2B5C002DF48C /* Frameworks */ = {
			isa = PBXFrameworksBuildPhase;
			buildActionMask = 2147483647;
			files = (
				19CB36012ABD2B88002DF48C /* MUXSDKStats in Frameworks */,
			);
			runOnlyForDeploymentPostprocessing = 0;
		};
		19CB35DF2ABD2B5D002DF48C /* Frameworks */ = {
			isa = PBXFrameworksBuildPhase;
			buildActionMask = 2147483647;
			files = (
			);
			runOnlyForDeploymentPostprocessing = 0;
		};
		19CB35E92ABD2B5D002DF48C /* Frameworks */ = {
			isa = PBXFrameworksBuildPhase;
			buildActionMask = 2147483647;
			files = (
			);
			runOnlyForDeploymentPostprocessing = 0;
		};
/* End PBXFrameworksBuildPhase section */

/* Begin PBXGroup section */
		19CB35C32ABD2B5C002DF48C = {
			isa = PBXGroup;
			children = (
				722CF7FD2D83AE040005B60D /* Configuration */,
				19ABBEA92B650DB2004A3634 /* MUXSDKStatsExampleSPM.xctestplan */,
				7206CFFD2F19B6E20048F641 /* MUXSDKStatsExampleSPM */,
				7206D00D2F19B6E50048F641 /* MUXSDKStatsExampleSPMTests */,
				7206D0112F19B6E70048F641 /* MUXSDKStatsExampleSPMUITests */,
				19CB35CD2ABD2B5C002DF48C /* Products */,
			);
			sourceTree = "<group>";
		};
		19CB35CD2ABD2B5C002DF48C /* Products */ = {
			isa = PBXGroup;
			children = (
				19CB35CC2ABD2B5C002DF48C /* MUXSDKStatsExampleSPM.app */,
				19CB35E22ABD2B5D002DF48C /* MUXSDKStatsExampleSPMTests.xctest */,
				19CB35EC2ABD2B5D002DF48C /* MUXSDKStatsExampleSPMUITests.xctest */,
			);
			name = Products;
			sourceTree = "<group>";
		};
/* End PBXGroup section */

/* Begin PBXNativeTarget section */
		19CB35CB2ABD2B5C002DF48C /* MUXSDKStatsExampleSPM */ = {
			isa = PBXNativeTarget;
			buildConfigurationList = 19CB35F62ABD2B5D002DF48C /* Build configuration list for PBXNativeTarget "MUXSDKStatsExampleSPM" */;
			buildPhases = (
				19CB35C82ABD2B5C002DF48C /* Sources */,
				19CB35C92ABD2B5C002DF48C /* Frameworks */,
				19CB35CA2ABD2B5C002DF48C /* Resources */,
			);
			buildRules = (
			);
			dependencies = (
			);
			fileSystemSynchronizedGroups = (
				7206CFFD2F19B6E20048F641 /* MUXSDKStatsExampleSPM */,
			);
			name = MUXSDKStatsExampleSPM;
			packageProductDependencies = (
				19CB36002ABD2B88002DF48C /* MUXSDKStats */,
			);
			productName = MUXSDKStatsExampleSPM;
			productReference = 19CB35CC2ABD2B5C002DF48C /* MUXSDKStatsExampleSPM.app */;
			productType = "com.apple.product-type.application";
		};
		19CB35E12ABD2B5D002DF48C /* MUXSDKStatsExampleSPMTests */ = {
			isa = PBXNativeTarget;
			buildConfigurationList = 19CB35F92ABD2B5D002DF48C /* Build configuration list for PBXNativeTarget "MUXSDKStatsExampleSPMTests" */;
			buildPhases = (
				19CB35DE2ABD2B5D002DF48C /* Sources */,
				19CB35DF2ABD2B5D002DF48C /* Frameworks */,
				19CB35E02ABD2B5D002DF48C /* Resources */,
			);
			buildRules = (
			);
			dependencies = (
				19CB35E42ABD2B5D002DF48C /* PBXTargetDependency */,
			);
			fileSystemSynchronizedGroups = (
				7206D00D2F19B6E50048F641 /* MUXSDKStatsExampleSPMTests */,
			);
			name = MUXSDKStatsExampleSPMTests;
			productName = MUXSDKStatsExampleSPMTests;
			productReference = 19CB35E22ABD2B5D002DF48C /* MUXSDKStatsExampleSPMTests.xctest */;
			productType = "com.apple.product-type.bundle.unit-test";
		};
		19CB35EB2ABD2B5D002DF48C /* MUXSDKStatsExampleSPMUITests */ = {
			isa = PBXNativeTarget;
			buildConfigurationList = 19CB35FC2ABD2B5D002DF48C /* Build configuration list for PBXNativeTarget "MUXSDKStatsExampleSPMUITests" */;
			buildPhases = (
				19CB35E82ABD2B5D002DF48C /* Sources */,
				19CB35E92ABD2B5D002DF48C /* Frameworks */,
				19CB35EA2ABD2B5D002DF48C /* Resources */,
			);
			buildRules = (
			);
			dependencies = (
				19CB35EE2ABD2B5D002DF48C /* PBXTargetDependency */,
			);
			fileSystemSynchronizedGroups = (
				7206D0112F19B6E70048F641 /* MUXSDKStatsExampleSPMUITests */,
			);
			name = MUXSDKStatsExampleSPMUITests;
			productName = MUXSDKStatsExampleSPMUITests;
			productReference = 19CB35EC2ABD2B5D002DF48C /* MUXSDKStatsExampleSPMUITests.xctest */;
			productType = "com.apple.product-type.bundle.ui-testing";
		};
/* End PBXNativeTarget section */

/* Begin PBXProject section */
		19CB35C42ABD2B5C002DF48C /* Project object */ = {
			isa = PBXProject;
			attributes = {
				BuildIndependentTargetsInParallel = 1;
				LastSwiftUpdateCheck = 1520;
				LastUpgradeCheck = 1640;
				TargetAttributes = {
					19CB35CB2ABD2B5C002DF48C = {
						CreatedOnToolsVersion = 15.0;
					};
					19CB35E12ABD2B5D002DF48C = {
						CreatedOnToolsVersion = 15.0;
						TestTargetID = 19CB35CB2ABD2B5C002DF48C;
					};
					19CB35EB2ABD2B5D002DF48C = {
						CreatedOnToolsVersion = 15.0;
						TestTargetID = 19CB35CB2ABD2B5C002DF48C;
					};
				};
			};
			buildConfigurationList = 19CB35C72ABD2B5C002DF48C /* Build configuration list for PBXProject "MUXSDKStatsExampleSPM" */;
			developmentRegion = en;
			hasScannedForEncodings = 0;
			knownRegions = (
				en,
				Base,
			);
			mainGroup = 19CB35C32ABD2B5C002DF48C;
			packageReferences = (
				195800EC2B51C3F5008BE2EB /* XCLocalSwiftPackageReference "../.." */,
			);
			preferredProjectObjectVersion = 77;
			productRefGroup = 19CB35CD2ABD2B5C002DF48C /* Products */;
			projectDirPath = "";
			projectRoot = "";
			targets = (
				19CB35CB2ABD2B5C002DF48C /* MUXSDKStatsExampleSPM */,
				19CB35E12ABD2B5D002DF48C /* MUXSDKStatsExampleSPMTests */,
				19CB35EB2ABD2B5D002DF48C /* MUXSDKStatsExampleSPMUITests */,
			);
		};
/* End PBXProject section */

/* Begin PBXResourcesBuildPhase section */
		19CB35CA2ABD2B5C002DF48C /* Resources */ = {
			isa = PBXResourcesBuildPhase;
			buildActionMask = 2147483647;
			files = (
			);
			runOnlyForDeploymentPostprocessing = 0;
		};
		19CB35E02ABD2B5D002DF48C /* Resources */ = {
			isa = PBXResourcesBuildPhase;
			buildActionMask = 2147483647;
			files = (
			);
			runOnlyForDeploymentPostprocessing = 0;
		};
		19CB35EA2ABD2B5D002DF48C /* Resources */ = {
			isa = PBXResourcesBuildPhase;
			buildActionMask = 2147483647;
			files = (
			);
			runOnlyForDeploymentPostprocessing = 0;
		};
/* End PBXResourcesBuildPhase section */

/* Begin PBXSourcesBuildPhase section */
		19CB35C82ABD2B5C002DF48C /* Sources */ = {
			isa = PBXSourcesBuildPhase;
			buildActionMask = 2147483647;
			files = (
			);
			runOnlyForDeploymentPostprocessing = 0;
		};
		19CB35DE2ABD2B5D002DF48C /* Sources */ = {
			isa = PBXSourcesBuildPhase;
			buildActionMask = 2147483647;
			files = (
			);
			runOnlyForDeploymentPostprocessing = 0;
		};
		19CB35E82ABD2B5D002DF48C /* Sources */ = {
			isa = PBXSourcesBuildPhase;
			buildActionMask = 2147483647;
			files = (
			);
			runOnlyForDeploymentPostprocessing = 0;
		};
/* End PBXSourcesBuildPhase section */

/* Begin PBXTargetDependency section */
		19CB35E42ABD2B5D002DF48C /* PBXTargetDependency */ = {
			isa = PBXTargetDependency;
			target = 19CB35CB2ABD2B5C002DF48C /* MUXSDKStatsExampleSPM */;
			targetProxy = 19CB35E32ABD2B5D002DF48C /* PBXContainerItemProxy */;
		};
		19CB35EE2ABD2B5D002DF48C /* PBXTargetDependency */ = {
			isa = PBXTargetDependency;
			target = 19CB35CB2ABD2B5C002DF48C /* MUXSDKStatsExampleSPM */;
			targetProxy = 19CB35ED2ABD2B5D002DF48C /* PBXContainerItemProxy */;
		};
/* End PBXTargetDependency section */

/* Begin XCBuildConfiguration section */
		19CB35F42ABD2B5D002DF48C /* Debug */ = {
			isa = XCBuildConfiguration;
			baseConfigurationReferenceAnchor = 722CF7FD2D83AE040005B60D /* Configuration */;
			baseConfigurationReferenceRelativePath = CodeSigning.xcconfig;
			buildSettings = {
				ALWAYS_SEARCH_USER_PATHS = NO;
				ASSETCATALOG_COMPILER_GENERATE_SWIFT_ASSET_SYMBOL_EXTENSIONS = YES;
				CLANG_ANALYZER_NONNULL = YES;
				CLANG_ANALYZER_NUMBER_OBJECT_CONVERSION = YES_AGGRESSIVE;
				CLANG_CXX_LANGUAGE_STANDARD = "gnu++20";
				CLANG_ENABLE_MODULES = YES;
				CLANG_ENABLE_OBJC_ARC = YES;
				CLANG_ENABLE_OBJC_WEAK = YES;
				CLANG_WARN_BLOCK_CAPTURE_AUTORELEASING = YES;
				CLANG_WARN_BOOL_CONVERSION = YES;
				CLANG_WARN_COMMA = YES;
				CLANG_WARN_CONSTANT_CONVERSION = YES;
				CLANG_WARN_DEPRECATED_OBJC_IMPLEMENTATIONS = YES;
				CLANG_WARN_DIRECT_OBJC_ISA_USAGE = YES_ERROR;
				CLANG_WARN_DOCUMENTATION_COMMENTS = YES;
				CLANG_WARN_EMPTY_BODY = YES;
				CLANG_WARN_ENUM_CONVERSION = YES;
				CLANG_WARN_INFINITE_RECURSION = YES;
				CLANG_WARN_INT_CONVERSION = YES;
				CLANG_WARN_NON_LITERAL_NULL_CONVERSION = YES;
				CLANG_WARN_OBJC_IMPLICIT_RETAIN_SELF = YES;
				CLANG_WARN_OBJC_LITERAL_CONVERSION = YES;
				CLANG_WARN_OBJC_ROOT_CLASS = YES_ERROR;
				CLANG_WARN_QUOTED_INCLUDE_IN_FRAMEWORK_HEADER = YES;
				CLANG_WARN_RANGE_LOOP_ANALYSIS = YES;
				CLANG_WARN_STRICT_PROTOTYPES = YES;
				CLANG_WARN_SUSPICIOUS_MOVE = YES;
				CLANG_WARN_UNGUARDED_AVAILABILITY = YES_AGGRESSIVE;
				CLANG_WARN_UNREACHABLE_CODE = YES;
				CLANG_WARN__DUPLICATE_METHOD_MATCH = YES;
				COPY_PHASE_STRIP = NO;
				DEBUG_INFORMATION_FORMAT = dwarf;
				ENABLE_STRICT_OBJC_MSGSEND = YES;
				ENABLE_TESTABILITY = YES;
				ENABLE_USER_SCRIPT_SANDBOXING = YES;
				GCC_C_LANGUAGE_STANDARD = gnu17;
				GCC_DYNAMIC_NO_PIC = NO;
				GCC_NO_COMMON_BLOCKS = YES;
				GCC_OPTIMIZATION_LEVEL = 0;
				GCC_PREPROCESSOR_DEFINITIONS = (
					"DEBUG=1",
					"$(inherited)",
				);
				GCC_WARN_64_TO_32_BIT_CONVERSION = YES;
				GCC_WARN_ABOUT_RETURN_TYPE = YES_ERROR;
				GCC_WARN_UNDECLARED_SELECTOR = YES;
				GCC_WARN_UNINITIALIZED_AUTOS = YES_AGGRESSIVE;
				GCC_WARN_UNUSED_FUNCTION = YES;
				GCC_WARN_UNUSED_VARIABLE = YES;
				IPHONEOS_DEPLOYMENT_TARGET = 14.0;
				LOCALIZATION_PREFERS_STRING_CATALOGS = YES;
				MTL_ENABLE_DEBUG_INFO = INCLUDE_SOURCE;
				MTL_FAST_MATH = YES;
				ONLY_ACTIVE_ARCH = YES;
				SDKROOT = iphoneos;
				SWIFT_ACTIVE_COMPILATION_CONDITIONS = "DEBUG $(inherited)";
				SWIFT_OPTIMIZATION_LEVEL = "-Onone";
				XROS_DEPLOYMENT_TARGET = 1.0;
			};
			name = Debug;
		};
		19CB35F52ABD2B5D002DF48C /* Release */ = {
			isa = XCBuildConfiguration;
			baseConfigurationReferenceAnchor = 722CF7FD2D83AE040005B60D /* Configuration */;
			baseConfigurationReferenceRelativePath = CodeSigning.xcconfig;
			buildSettings = {
				ALWAYS_SEARCH_USER_PATHS = NO;
				ASSETCATALOG_COMPILER_GENERATE_SWIFT_ASSET_SYMBOL_EXTENSIONS = YES;
				CLANG_ANALYZER_NONNULL = YES;
				CLANG_ANALYZER_NUMBER_OBJECT_CONVERSION = YES_AGGRESSIVE;
				CLANG_CXX_LANGUAGE_STANDARD = "gnu++20";
				CLANG_ENABLE_MODULES = YES;
				CLANG_ENABLE_OBJC_ARC = YES;
				CLANG_ENABLE_OBJC_WEAK = YES;
				CLANG_WARN_BLOCK_CAPTURE_AUTORELEASING = YES;
				CLANG_WARN_BOOL_CONVERSION = YES;
				CLANG_WARN_COMMA = YES;
				CLANG_WARN_CONSTANT_CONVERSION = YES;
				CLANG_WARN_DEPRECATED_OBJC_IMPLEMENTATIONS = YES;
				CLANG_WARN_DIRECT_OBJC_ISA_USAGE = YES_ERROR;
				CLANG_WARN_DOCUMENTATION_COMMENTS = YES;
				CLANG_WARN_EMPTY_BODY = YES;
				CLANG_WARN_ENUM_CONVERSION = YES;
				CLANG_WARN_INFINITE_RECURSION = YES;
				CLANG_WARN_INT_CONVERSION = YES;
				CLANG_WARN_NON_LITERAL_NULL_CONVERSION = YES;
				CLANG_WARN_OBJC_IMPLICIT_RETAIN_SELF = YES;
				CLANG_WARN_OBJC_LITERAL_CONVERSION = YES;
				CLANG_WARN_OBJC_ROOT_CLASS = YES_ERROR;
				CLANG_WARN_QUOTED_INCLUDE_IN_FRAMEWORK_HEADER = YES;
				CLANG_WARN_RANGE_LOOP_ANALYSIS = YES;
				CLANG_WARN_STRICT_PROTOTYPES = YES;
				CLANG_WARN_SUSPICIOUS_MOVE = YES;
				CLANG_WARN_UNGUARDED_AVAILABILITY = YES_AGGRESSIVE;
				CLANG_WARN_UNREACHABLE_CODE = YES;
				CLANG_WARN__DUPLICATE_METHOD_MATCH = YES;
				COPY_PHASE_STRIP = NO;
				DEBUG_INFORMATION_FORMAT = "dwarf-with-dsym";
				ENABLE_NS_ASSERTIONS = NO;
				ENABLE_STRICT_OBJC_MSGSEND = YES;
				ENABLE_USER_SCRIPT_SANDBOXING = YES;
				GCC_C_LANGUAGE_STANDARD = gnu17;
				GCC_NO_COMMON_BLOCKS = YES;
				GCC_WARN_64_TO_32_BIT_CONVERSION = YES;
				GCC_WARN_ABOUT_RETURN_TYPE = YES_ERROR;
				GCC_WARN_UNDECLARED_SELECTOR = YES;
				GCC_WARN_UNINITIALIZED_AUTOS = YES_AGGRESSIVE;
				GCC_WARN_UNUSED_FUNCTION = YES;
				GCC_WARN_UNUSED_VARIABLE = YES;
				IPHONEOS_DEPLOYMENT_TARGET = 14.0;
				LOCALIZATION_PREFERS_STRING_CATALOGS = YES;
				MTL_ENABLE_DEBUG_INFO = NO;
				MTL_FAST_MATH = YES;
				SDKROOT = iphoneos;
				SWIFT_COMPILATION_MODE = wholemodule;
				VALIDATE_PRODUCT = YES;
				XROS_DEPLOYMENT_TARGET = 1.0;
			};
			name = Release;
		};
		19CB35F72ABD2B5D002DF48C /* Debug */ = {
			isa = XCBuildConfiguration;
			buildSettings = {
				ASSETCATALOG_COMPILER_APPICON_NAME = AppIcon;
				ASSETCATALOG_COMPILER_GLOBAL_ACCENT_COLOR_NAME = AccentColor;
				CODE_SIGN_STYLE = Automatic;
				CURRENT_PROJECT_VERSION = 1;
				ENABLE_APP_SANDBOX = YES;
				ENABLE_INCOMING_NETWORK_CONNECTIONS = NO;
				ENABLE_OUTGOING_NETWORK_CONNECTIONS = YES;
				ENABLE_RESOURCE_ACCESS_AUDIO_INPUT = NO;
				ENABLE_RESOURCE_ACCESS_BLUETOOTH = NO;
				ENABLE_RESOURCE_ACCESS_CALENDARS = NO;
				ENABLE_RESOURCE_ACCESS_CAMERA = NO;
				ENABLE_RESOURCE_ACCESS_CONTACTS = NO;
				ENABLE_RESOURCE_ACCESS_LOCATION = NO;
				ENABLE_RESOURCE_ACCESS_PRINTING = NO;
				ENABLE_RESOURCE_ACCESS_USB = NO;
				GENERATE_INFOPLIST_FILE = YES;
				INFOPLIST_FILE = MUXSDKStatsExampleSPM/Info.plist;
				INFOPLIST_KEY_LSApplicationCategoryType = "public.app-category.video";
				INFOPLIST_KEY_UIApplicationSupportsIndirectInputEvents = YES;
				INFOPLIST_KEY_UILaunchStoryboardName = LaunchScreen;
				INFOPLIST_KEY_UIMainStoryboardFile = Main;
				INFOPLIST_KEY_UISupportedInterfaceOrientations = UIInterfaceOrientationPortrait;
				IPHONEOS_DEPLOYMENT_TARGET = 14.0;
				LD_RUNPATH_SEARCH_PATHS = (
					"$(inherited)",
					"@executable_path/Frameworks",
				);
				MARKETING_VERSION = 1.0;
				PRODUCT_BUNDLE_IDENTIFIER = "com.mux.stats.example-project.MUXSDKStatsExampleSPM${BUNDLE_ID_DISAMBIGUATOR}";
				PRODUCT_NAME = "$(TARGET_NAME)";
				SUPPORTED_PLATFORMS = "iphoneos iphonesimulator";
				SUPPORTS_MACCATALYST = YES;
				SWIFT_EMIT_LOC_STRINGS = YES;
				SWIFT_VERSION = 5.0;
				TARGETED_DEVICE_FAMILY = "1,2";
			};
			name = Debug;
		};
		19CB35F82ABD2B5D002DF48C /* Release */ = {
			isa = XCBuildConfiguration;
			buildSettings = {
				ASSETCATALOG_COMPILER_APPICON_NAME = AppIcon;
				ASSETCATALOG_COMPILER_GLOBAL_ACCENT_COLOR_NAME = AccentColor;
				CODE_SIGN_STYLE = Automatic;
				CURRENT_PROJECT_VERSION = 1;
				ENABLE_APP_SANDBOX = YES;
				ENABLE_INCOMING_NETWORK_CONNECTIONS = NO;
				ENABLE_OUTGOING_NETWORK_CONNECTIONS = YES;
				ENABLE_RESOURCE_ACCESS_AUDIO_INPUT = NO;
				ENABLE_RESOURCE_ACCESS_BLUETOOTH = NO;
				ENABLE_RESOURCE_ACCESS_CALENDARS = NO;
				ENABLE_RESOURCE_ACCESS_CAMERA = NO;
				ENABLE_RESOURCE_ACCESS_CONTACTS = NO;
				ENABLE_RESOURCE_ACCESS_LOCATION = NO;
				ENABLE_RESOURCE_ACCESS_PRINTING = NO;
				ENABLE_RESOURCE_ACCESS_USB = NO;
				GENERATE_INFOPLIST_FILE = YES;
				INFOPLIST_FILE = MUXSDKStatsExampleSPM/Info.plist;
				INFOPLIST_KEY_LSApplicationCategoryType = "public.app-category.video";
				INFOPLIST_KEY_UIApplicationSupportsIndirectInputEvents = YES;
				INFOPLIST_KEY_UILaunchStoryboardName = LaunchScreen;
				INFOPLIST_KEY_UIMainStoryboardFile = Main;
				INFOPLIST_KEY_UISupportedInterfaceOrientations = UIInterfaceOrientationPortrait;
				IPHONEOS_DEPLOYMENT_TARGET = 14.0;
				LD_RUNPATH_SEARCH_PATHS = (
					"$(inherited)",
					"@executable_path/Frameworks",
				);
				MARKETING_VERSION = 1.0;
				PRODUCT_BUNDLE_IDENTIFIER = "com.mux.stats.example-project.MUXSDKStatsExampleSPM${BUNDLE_ID_DISAMBIGUATOR}";
				PRODUCT_NAME = "$(TARGET_NAME)";
				SUPPORTED_PLATFORMS = "iphoneos iphonesimulator";
				SUPPORTS_MACCATALYST = YES;
				SWIFT_EMIT_LOC_STRINGS = YES;
				SWIFT_VERSION = 5.0;
				TARGETED_DEVICE_FAMILY = "1,2";
			};
			name = Release;
		};
		19CB35FA2ABD2B5D002DF48C /* Debug */ = {
			isa = XCBuildConfiguration;
			buildSettings = {
				BUNDLE_LOADER = "$(TEST_HOST)";
				CODE_SIGN_STYLE = Automatic;
				CURRENT_PROJECT_VERSION = 1;
				GENERATE_INFOPLIST_FILE = YES;
				IPHONEOS_DEPLOYMENT_TARGET = 14.0;
				PRODUCT_BUNDLE_IDENTIFIER = "com.mux.stats.example-project.MUXSDKStatsExampleSPMTests${BUNDLE_ID_DISAMBIGUATOR}";
				PRODUCT_NAME = "$(TARGET_NAME)";
				SWIFT_EMIT_LOC_STRINGS = NO;
				SWIFT_VERSION = 5.0;
				TARGETED_DEVICE_FAMILY = "1,2";
				TEST_HOST = "$(BUILT_PRODUCTS_DIR)/MUXSDKStatsExampleSPM.app/$(BUNDLE_EXECUTABLE_FOLDER_PATH)/MUXSDKStatsExampleSPM";
			};
			name = Debug;
		};
		19CB35FB2ABD2B5D002DF48C /* Release */ = {
			isa = XCBuildConfiguration;
			buildSettings = {
				BUNDLE_LOADER = "$(TEST_HOST)";
				CODE_SIGN_STYLE = Automatic;
				CURRENT_PROJECT_VERSION = 1;
				GENERATE_INFOPLIST_FILE = YES;
				IPHONEOS_DEPLOYMENT_TARGET = 14.0;
				PRODUCT_BUNDLE_IDENTIFIER = "com.mux.stats.example-project.MUXSDKStatsExampleSPMTests${BUNDLE_ID_DISAMBIGUATOR}";
				PRODUCT_NAME = "$(TARGET_NAME)";
				SWIFT_EMIT_LOC_STRINGS = NO;
				SWIFT_VERSION = 5.0;
				TARGETED_DEVICE_FAMILY = "1,2";
				TEST_HOST = "$(BUILT_PRODUCTS_DIR)/MUXSDKStatsExampleSPM.app/$(BUNDLE_EXECUTABLE_FOLDER_PATH)/MUXSDKStatsExampleSPM";
			};
			name = Release;
		};
		19CB35FD2ABD2B5D002DF48C /* Debug */ = {
			isa = XCBuildConfiguration;
			buildSettings = {
				CODE_SIGN_STYLE = Automatic;
				CURRENT_PROJECT_VERSION = 1;
				GENERATE_INFOPLIST_FILE = YES;
				PRODUCT_BUNDLE_IDENTIFIER = "com.mux.stats.example-project.MUXSDKStatsExampleSPMUITests${BUNDLE_ID_DISAMBIGUATOR}";
				PRODUCT_NAME = "$(TARGET_NAME)";
				SWIFT_EMIT_LOC_STRINGS = NO;
				SWIFT_VERSION = 5.0;
				TARGETED_DEVICE_FAMILY = "1,2";
				TEST_TARGET_NAME = MUXSDKStatsExampleSPM;
			};
			name = Debug;
		};
		19CB35FE2ABD2B5D002DF48C /* Release */ = {
			isa = XCBuildConfiguration;
			buildSettings = {
				CODE_SIGN_STYLE = Automatic;
				CURRENT_PROJECT_VERSION = 1;
				GENERATE_INFOPLIST_FILE = YES;
				PRODUCT_BUNDLE_IDENTIFIER = "com.mux.stats.example-project.MUXSDKStatsExampleSPMUITests${BUNDLE_ID_DISAMBIGUATOR}";
				PRODUCT_NAME = "$(TARGET_NAME)";
				SWIFT_EMIT_LOC_STRINGS = NO;
				SWIFT_VERSION = 5.0;
				TARGETED_DEVICE_FAMILY = "1,2";
				TEST_TARGET_NAME = MUXSDKStatsExampleSPM;
			};
			name = Release;
		};
/* End XCBuildConfiguration section */

/* Begin XCConfigurationList section */
		19CB35C72ABD2B5C002DF48C /* Build configuration list for PBXProject "MUXSDKStatsExampleSPM" */ = {
			isa = XCConfigurationList;
			buildConfigurations = (
				19CB35F42ABD2B5D002DF48C /* Debug */,
				19CB35F52ABD2B5D002DF48C /* Release */,
			);
			defaultConfigurationIsVisible = 0;
			defaultConfigurationName = Release;
		};
		19CB35F62ABD2B5D002DF48C /* Build configuration list for PBXNativeTarget "MUXSDKStatsExampleSPM" */ = {
			isa = XCConfigurationList;
			buildConfigurations = (
				19CB35F72ABD2B5D002DF48C /* Debug */,
				19CB35F82ABD2B5D002DF48C /* Release */,
			);
			defaultConfigurationIsVisible = 0;
			defaultConfigurationName = Release;
		};
		19CB35F92ABD2B5D002DF48C /* Build configuration list for PBXNativeTarget "MUXSDKStatsExampleSPMTests" */ = {
			isa = XCConfigurationList;
			buildConfigurations = (
				19CB35FA2ABD2B5D002DF48C /* Debug */,
				19CB35FB2ABD2B5D002DF48C /* Release */,
			);
			defaultConfigurationIsVisible = 0;
			defaultConfigurationName = Release;
		};
		19CB35FC2ABD2B5D002DF48C /* Build configuration list for PBXNativeTarget "MUXSDKStatsExampleSPMUITests" */ = {
			isa = XCConfigurationList;
			buildConfigurations = (
				19CB35FD2ABD2B5D002DF48C /* Debug */,
				19CB35FE2ABD2B5D002DF48C /* Release */,
			);
			defaultConfigurationIsVisible = 0;
			defaultConfigurationName = Release;
		};
/* End XCConfigurationList section */

/* Begin XCLocalSwiftPackageReference section */
		195800EC2B51C3F5008BE2EB /* XCLocalSwiftPackageReference "../.." */ = {
			isa = XCLocalSwiftPackageReference;
			relativePath = ../..;
		};
/* End XCLocalSwiftPackageReference section */

/* Begin XCSwiftPackageProductDependency section */
		19CB36002ABD2B88002DF48C /* MUXSDKStats */ = {
			isa = XCSwiftPackageProductDependency;
			productName = MUXSDKStats;
		};
/* End XCSwiftPackageProductDependency section */
	};
	rootObject = 19CB35C42ABD2B5C002DF48C /* Project object */;
}
