// !$*UTF8*$!
{
	archiveVersion = 1;
	classes = {
	};
	objectVersion = 77;
	objects = {

/* Begin PBXBuildFile section */
		08191E252DC12B8F003F912A /* MUXSDKStats in Frameworks */ = {isa = PBXBuildFile; productRef = 08191E242DC12B8F003F912A /* MUXSDKStats */; };
		914676E82DD4DFA0002ACAD1 /* MUXSDKStatsTv.h in Headers */ = {isa = PBXBuildFile; fileRef = 914676E42DD4DFA0002ACAD1 /* MUXSDKStatsTv.h */; };
		914676E92DD4DFA0002ACAD1 /* MUXSDKPlayerBinding.h in Headers */ = {isa = PBXBuildFile; fileRef = 914676E22DD4DFA0002ACAD1 /* MUXSDKPlayerBinding.h */; };
		914676EA2DD4DFA0002ACAD1 /* MUXSDKStats.h in Headers */ = {isa = PBXBuildFile; fileRef = 914676E32DD4DFA0002ACAD1 /* MUXSDKStats.h */; };
		914676EB2DD4DFA0002ACAD1 /* MUXSDKStatsVision.h in Headers */ = {isa = PBXBuildFile; fileRef = 914676E52DD4DFA0002ACAD1 /* MUXSDKStatsVision.h */; };
		914676F32DD4DFB8002ACAD1 /* MUXSDKPlayerBindingConstants.h in Headers */ = {isa = PBXBuildFile; fileRef = 914676F12DD4DFB8002ACAD1 /* MUXSDKPlayerBindingConstants.h */; };
		914676F42DD4DFB8002ACAD1 /* MUXSDKCustomerPlayerDataStore.h in Headers */ = {isa = PBXBuildFile; fileRef = 914676EE2DD4DFB8002ACAD1 /* MUXSDKCustomerPlayerDataStore.h */; };
		914676F52DD4DFB8002ACAD1 /* MUXSDKCustomerVideoDataStore.h in Headers */ = {isa = PBXBuildFile; fileRef = 914676EF2DD4DFB8002ACAD1 /* MUXSDKCustomerVideoDataStore.h */; };
		914676F62DD4DFB8002ACAD1 /* MUXSDKCustomerCustomDataStore.h in Headers */ = {isa = PBXBuildFile; fileRef = 914676ED2DD4DFB8002ACAD1 /* MUXSDKCustomerCustomDataStore.h */; };
		914676F72DD4DFB8002ACAD1 /* MUXSDKCustomerViewDataStore.h in Headers */ = {isa = PBXBuildFile; fileRef = 914676F02DD4DFB8002ACAD1 /* MUXSDKCustomerViewDataStore.h */; };
		914676F82DD4DFB8002ACAD1 /* MUXSDKConnection.h in Headers */ = {isa = PBXBuildFile; fileRef = 914676EC2DD4DFB8002ACAD1 /* MUXSDKConnection.h */; };
		914676F92DD4DFB8002ACAD1 /* MUXSDKPlayerBindingManager.h in Headers */ = {isa = PBXBuildFile; fileRef = 914676F22DD4DFB8002ACAD1 /* MUXSDKPlayerBindingManager.h */; };
		914677022DD4DFDE002ACAD1 /* MUXSDKStats+Internal.h in Headers */ = {isa = PBXBuildFile; fileRef = 914676FF2DD4DFDE002ACAD1 /* MUXSDKStats+Internal.h */; };
		914677032DD4DFDE002ACAD1 /* MUXSDKCore+Mock.h in Headers */ = {isa = PBXBuildFile; fileRef = 914676FB2DD4DFDE002ACAD1 /* MUXSDKCore+Mock.h */; };
		914677042DD4DFDE002ACAD1 /* MUXSDKStatsTests.m in Sources */ = {isa = PBXBuildFile; fileRef = 914677002DD4DFDE002ACAD1 /* MUXSDKStatsTests.m */; };
		914677052DD4DFDE002ACAD1 /* MUXSDKCore+Mock.m in Sources */ = {isa = PBXBuildFile; fileRef = 914676FC2DD4DFDE002ACAD1 /* MUXSDKCore+Mock.m */; };
		914677062DD4DFDE002ACAD1 /* MUXSDKPlayerBindingTests.m in Sources */ = {isa = PBXBuildFile; fileRef = 914676FE2DD4DFDE002ACAD1 /* MUXSDKPlayerBindingTests.m */; };
/* End PBXBuildFile section */

/* Begin PBXContainerItemProxy section */
		0812BF762DC119F4004F921E /* PBXContainerItemProxy */ = {
			isa = PBXContainerItemProxy;
			containerPortal = 0812BF5F2DC119F2004F921E /* Project object */;
			proxyType = 1;
			remoteGlobalIDString = 0812BF662DC119F2004F921E;
			remoteInfo = UnitTests;
		};
/* End PBXContainerItemProxy section */

/* Begin PBXFileReference section */
		0812BF672DC119F2004F921E /* UnitTestsHost.app */ = {isa = PBXFileReference; explicitFileType = wrapper.application; includeInIndex = 0; path = UnitTestsHost.app; sourceTree = BUILT_PRODUCTS_DIR; };
		0812BF752DC119F4004F921E /* UnitTests.xctest */ = {isa = PBXFileReference; explicitFileType = wrapper.cfbundle; includeInIndex = 0; path = UnitTests.xctest; sourceTree = BUILT_PRODUCTS_DIR; };
		914676E22DD4DFA0002ACAD1 /* MUXSDKPlayerBinding.h */ = {isa = PBXFileReference; lastKnownFileType = sourcecode.c.h; path = MUXSDKPlayerBinding.h; sourceTree = "<group>"; };
		914676E32DD4DFA0002ACAD1 /* MUXSDKStats.h */ = {isa = PBXFileReference; lastKnownFileType = sourcecode.c.h; path = MUXSDKStats.h; sourceTree = "<group>"; };
		914676E42DD4DFA0002ACAD1 /* MUXSDKStatsTv.h */ = {isa = PBXFileReference; lastKnownFileType = sourcecode.c.h; path = MUXSDKStatsTv.h; sourceTree = "<group>"; };
		914676E52DD4DFA0002ACAD1 /* MUXSDKStatsVision.h */ = {isa = PBXFileReference; lastKnownFileType = sourcecode.c.h; path = MUXSDKStatsVision.h; sourceTree = "<group>"; };
		914676EC2DD4DFB8002ACAD1 /* MUXSDKConnection.h */ = {isa = PBXFileReference; lastKnownFileType = sourcecode.c.h; name = MUXSDKConnection.h; path = "/Users/qualabs/repos/mux-stats-sdk-avplayer/Sources/MUXSDKStats/MUXSDKConnection.h"; sourceTree = "<absolute>"; };
		914676ED2DD4DFB8002ACAD1 /* MUXSDKCustomerCustomDataStore.h */ = {isa = PBXFileReference; lastKnownFileType = sourcecode.c.h; name = MUXSDKCustomerCustomDataStore.h; path = "/Users/qualabs/repos/mux-stats-sdk-avplayer/Sources/MUXSDKStats/MUXSDKCustomerCustomDataStore.h"; sourceTree = "<absolute>"; };
		914676EE2DD4DFB8002ACAD1 /* MUXSDKCustomerPlayerDataStore.h */ = {isa = PBXFileReference; lastKnownFileType = sourcecode.c.h; name = MUXSDKCustomerPlayerDataStore.h; path = "/Users/qualabs/repos/mux-stats-sdk-avplayer/Sources/MUXSDKStats/MUXSDKCustomerPlayerDataStore.h"; sourceTree = "<absolute>"; };
		914676EF2DD4DFB8002ACAD1 /* MUXSDKCustomerVideoDataStore.h */ = {isa = PBXFileReference; lastKnownFileType = sourcecode.c.h; name = MUXSDKCustomerVideoDataStore.h; path = "/Users/qualabs/repos/mux-stats-sdk-avplayer/Sources/MUXSDKStats/MUXSDKCustomerVideoDataStore.h"; sourceTree = "<absolute>"; };
		914676F02DD4DFB8002ACAD1 /* MUXSDKCustomerViewDataStore.h */ = {isa = PBXFileReference; lastKnownFileType = sourcecode.c.h; name = MUXSDKCustomerViewDataStore.h; path = "/Users/qualabs/repos/mux-stats-sdk-avplayer/Sources/MUXSDKStats/MUXSDKCustomerViewDataStore.h"; sourceTree = "<absolute>"; };
		914676F12DD4DFB8002ACAD1 /* MUXSDKPlayerBindingConstants.h */ = {isa = PBXFileReference; lastKnownFileType = sourcecode.c.h; name = MUXSDKPlayerBindingConstants.h; path = "/Users/qualabs/repos/mux-stats-sdk-avplayer/Sources/MUXSDKStats/MUXSDKPlayerBindingConstants.h"; sourceTree = "<absolute>"; };
		914676F22DD4DFB8002ACAD1 /* MUXSDKPlayerBindingManager.h */ = {isa = PBXFileReference; lastKnownFileType = sourcecode.c.h; name = MUXSDKPlayerBindingManager.h; path = "/Users/qualabs/repos/mux-stats-sdk-avplayer/Sources/MUXSDKStats/MUXSDKPlayerBindingManager.h"; sourceTree = "<absolute>"; };
		914676FB2DD4DFDE002ACAD1 /* MUXSDKCore+Mock.h */ = {isa = PBXFileReference; lastKnownFileType = sourcecode.c.h; path = "MUXSDKCore+Mock.h"; sourceTree = "<group>"; };
		914676FC2DD4DFDE002ACAD1 /* MUXSDKCore+Mock.m */ = {isa = PBXFileReference; lastKnownFileType = sourcecode.c.objc; path = "MUXSDKCore+Mock.m"; sourceTree = "<group>"; };
		914676FE2DD4DFDE002ACAD1 /* MUXSDKPlayerBindingTests.m */ = {isa = PBXFileReference; lastKnownFileType = sourcecode.c.objc; path = MUXSDKPlayerBindingTests.m; sourceTree = "<group>"; };
		914676FF2DD4DFDE002ACAD1 /* MUXSDKStats+Internal.h */ = {isa = PBXFileReference; lastKnownFileType = sourcecode.c.h; path = "MUXSDKStats+Internal.h"; sourceTree = "<group>"; };
		914677002DD4DFDE002ACAD1 /* MUXSDKStatsTests.m */ = {isa = PBXFileReference; lastKnownFileType = sourcecode.c.objc; path = MUXSDKStatsTests.m; sourceTree = "<group>"; };
/* End PBXFileReference section */

/* Begin PBXFileSystemSynchronizedRootGroup section */
		08191E4E2DC14F27003F912A /* UnitTestsHost */ = {
			isa = PBXFileSystemSynchronizedRootGroup;
			path = UnitTestsHost;
			sourceTree = "<group>";
		};
		08191E552DC155B2003F912A /* Configuration */ = {
			isa = PBXFileSystemSynchronizedRootGroup;
			name = Configuration;
			path = ../../Configuration;
			sourceTree = "<group>";
		};
/* End PBXFileSystemSynchronizedRootGroup section */

/* Begin PBXFrameworksBuildPhase section */
		0812BF642DC119F2004F921E /* Frameworks */ = {
			isa = PBXFrameworksBuildPhase;
			buildActionMask = 2147483647;
			files = (
				08191E252DC12B8F003F912A /* MUXSDKStats in Frameworks */,
			);
			runOnlyForDeploymentPostprocessing = 0;
		};
		0812BF722DC119F4004F921E /* Frameworks */ = {
			isa = PBXFrameworksBuildPhase;
			buildActionMask = 2147483647;
			files = (
			);
			runOnlyForDeploymentPostprocessing = 0;
		};
/* End PBXFrameworksBuildPhase section */

/* Begin PBXGroup section */
		0812BF5E2DC119F2004F921E = {
			isa = PBXGroup;
			children = (
				914676FA2DD4DFC5002ACAD1 /* UnitTests */,
				914676E12DD4DF8F002ACAD1 /* Headers */,
				08191E552DC155B2003F912A /* Configuration */,
				08191E4E2DC14F27003F912A /* UnitTestsHost */,
				08191DCA2DC1215D003F912A /* Frameworks */,
				0812BF682DC119F2004F921E /* Products */,
			);
			sourceTree = "<group>";
		};
		0812BF682DC119F2004F921E /* Products */ = {
			isa = PBXGroup;
			children = (
				0812BF672DC119F2004F921E /* UnitTestsHost.app */,
				0812BF752DC119F4004F921E /* UnitTests.xctest */,
			);
			name = Products;
			sourceTree = "<group>";
		};
		08191DCA2DC1215D003F912A /* Frameworks */ = {
			isa = PBXGroup;
			children = (
			);
			name = Frameworks;
			sourceTree = "<group>";
		};
		914676E12DD4DF8F002ACAD1 /* Headers */ = {
			isa = PBXGroup;
			children = (
				914676E72DD4DFA0002ACAD1 /* include */,
				914676EC2DD4DFB8002ACAD1 /* MUXSDKConnection.h */,
				914676ED2DD4DFB8002ACAD1 /* MUXSDKCustomerCustomDataStore.h */,
				914676EE2DD4DFB8002ACAD1 /* MUXSDKCustomerPlayerDataStore.h */,
				914676EF2DD4DFB8002ACAD1 /* MUXSDKCustomerVideoDataStore.h */,
				914676F02DD4DFB8002ACAD1 /* MUXSDKCustomerViewDataStore.h */,
				914676F12DD4DFB8002ACAD1 /* MUXSDKPlayerBindingConstants.h */,
				914676F22DD4DFB8002ACAD1 /* MUXSDKPlayerBindingManager.h */,
			);
			path = Headers;
			sourceTree = "<group>";
		};
		914676E62DD4DFA0002ACAD1 /* MUXSDKStats */ = {
			isa = PBXGroup;
			children = (
				914676E22DD4DFA0002ACAD1 /* MUXSDKPlayerBinding.h */,
				914676E32DD4DFA0002ACAD1 /* MUXSDKStats.h */,
				914676E42DD4DFA0002ACAD1 /* MUXSDKStatsTv.h */,
				914676E52DD4DFA0002ACAD1 /* MUXSDKStatsVision.h */,
			);
			path = MUXSDKStats;
			sourceTree = "<group>";
		};
		914676E72DD4DFA0002ACAD1 /* include */ = {
			isa = PBXGroup;
			children = (
				914676E62DD4DFA0002ACAD1 /* MUXSDKStats */,
			);
			name = include;
			path = "/Users/qualabs/repos/mux-stats-sdk-avplayer/Sources/MUXSDKStats/include";
			sourceTree = "<absolute>";
		};
		914676FA2DD4DFC5002ACAD1 /* UnitTests */ = {
			isa = PBXGroup;
			children = (
				914677012DD4DFDE002ACAD1 /* MUXSDKStatsTests */,
			);
			path = UnitTests;
			sourceTree = "<group>";
		};
		914676FD2DD4DFDE002ACAD1 /* Utils */ = {
			isa = PBXGroup;
			children = (
				914676FB2DD4DFDE002ACAD1 /* MUXSDKCore+Mock.h */,
				914676FC2DD4DFDE002ACAD1 /* MUXSDKCore+Mock.m */,
			);
			path = Utils;
			sourceTree = "<group>";
		};
		914677012DD4DFDE002ACAD1 /* MUXSDKStatsTests */ = {
			isa = PBXGroup;
			children = (
				914676FD2DD4DFDE002ACAD1 /* Utils */,
				914676FE2DD4DFDE002ACAD1 /* MUXSDKPlayerBindingTests.m */,
				914676FF2DD4DFDE002ACAD1 /* MUXSDKStats+Internal.h */,
				914677002DD4DFDE002ACAD1 /* MUXSDKStatsTests.m */,
			);
			name = MUXSDKStatsTests;
			path = "/Users/qualabs/repos/mux-stats-sdk-avplayer/Tests/MUXSDKStatsTests";
			sourceTree = "<absolute>";
		};
/* End PBXGroup section */

/* Begin PBXHeadersBuildPhase section */
		08191E2C2DC12EAF003F912A /* Headers */ = {
			isa = PBXHeadersBuildPhase;
			buildActionMask = 2147483647;
			files = (
				914676E82DD4DFA0002ACAD1 /* MUXSDKStatsTv.h in Headers */,
				914676E92DD4DFA0002ACAD1 /* MUXSDKPlayerBinding.h in Headers */,
				914676EA2DD4DFA0002ACAD1 /* MUXSDKStats.h in Headers */,
				914676F32DD4DFB8002ACAD1 /* MUXSDKPlayerBindingConstants.h in Headers */,
				914677022DD4DFDE002ACAD1 /* MUXSDKStats+Internal.h in Headers */,
				914677032DD4DFDE002ACAD1 /* MUXSDKCore+Mock.h in Headers */,
				914676F42DD4DFB8002ACAD1 /* MUXSDKCustomerPlayerDataStore.h in Headers */,
				914676F52DD4DFB8002ACAD1 /* MUXSDKCustomerVideoDataStore.h in Headers */,
				914676F62DD4DFB8002ACAD1 /* MUXSDKCustomerCustomDataStore.h in Headers */,
				914676F72DD4DFB8002ACAD1 /* MUXSDKCustomerViewDataStore.h in Headers */,
				914676F82DD4DFB8002ACAD1 /* MUXSDKConnection.h in Headers */,
				914676F92DD4DFB8002ACAD1 /* MUXSDKPlayerBindingManager.h in Headers */,
				914676EB2DD4DFA0002ACAD1 /* MUXSDKStatsVision.h in Headers */,
			);
			runOnlyForDeploymentPostprocessing = 0;
		};
/* End PBXHeadersBuildPhase section */

/* Begin PBXNativeTarget section */
		0812BF662DC119F2004F921E /* UnitTestsHost */ = {
			isa = PBXNativeTarget;
			buildConfigurationList = 0812BF892DC119F4004F921E /* Build configuration list for PBXNativeTarget "UnitTestsHost" */;
			buildPhases = (
				0812BF632DC119F2004F921E /* Sources */,
				0812BF642DC119F2004F921E /* Frameworks */,
				0812BF652DC119F2004F921E /* Resources */,
			);
			buildRules = (
			);
			dependencies = (
			);
			fileSystemSynchronizedGroups = (
				08191E4E2DC14F27003F912A /* UnitTestsHost */,
				08191E552DC155B2003F912A /* Configuration */,
			);
			name = UnitTestsHost;
			packageProductDependencies = (
				08191E242DC12B8F003F912A /* MUXSDKStats */,
			);
			productName = UnitTests;
			productReference = 0812BF672DC119F2004F921E /* UnitTestsHost.app */;
			productType = "com.apple.product-type.application";
		};
		0812BF742DC119F4004F921E /* UnitTests */ = {
			isa = PBXNativeTarget;
			buildConfigurationList = 0812BF8C2DC119F4004F921E /* Build configuration list for PBXNativeTarget "UnitTests" */;
			buildPhases = (
				08191E2C2DC12EAF003F912A /* Headers */,
				0812BF712DC119F4004F921E /* Sources */,
				0812BF722DC119F4004F921E /* Frameworks */,
				0812BF732DC119F4004F921E /* Resources */,
			);
			buildRules = (
			);
			dependencies = (
				0812BF772DC119F4004F921E /* PBXTargetDependency */,
			);
			fileSystemSynchronizedGroups = (
				08191E552DC155B2003F912A /* Configuration */,
			);
			name = UnitTests;
			packageProductDependencies = (
			);
			productName = UnitTestsTests;
			productReference = 0812BF752DC119F4004F921E /* UnitTests.xctest */;
			productType = "com.apple.product-type.bundle.unit-test";
		};
/* End PBXNativeTarget section */

/* Begin PBXProject section */
		0812BF5F2DC119F2004F921E /* Project object */ = {
			isa = PBXProject;
			attributes = {
				BuildIndependentTargetsInParallel = 1;
				LastSwiftUpdateCheck = 1630;
				LastUpgradeCheck = 1630;
				TargetAttributes = {
					0812BF662DC119F2004F921E = {
						CreatedOnToolsVersion = 16.3;
					};
					0812BF742DC119F4004F921E = {
						CreatedOnToolsVersion = 16.3;
						TestTargetID = 0812BF662DC119F2004F921E;
					};
				};
			};
			buildConfigurationList = 0812BF622DC119F2004F921E /* Build configuration list for PBXProject "UnitTests" */;
			developmentRegion = en;
			hasScannedForEncodings = 0;
			knownRegions = (
				en,
				Base,
			);
			mainGroup = 0812BF5E2DC119F2004F921E;
			minimizedProjectReferenceProxies = 1;
			packageReferences = (
			);
			preferredProjectObjectVersion = 77;
			productRefGroup = 0812BF682DC119F2004F921E /* Products */;
			projectDirPath = "";
			projectRoot = "";
			targets = (
				0812BF662DC119F2004F921E /* UnitTestsHost */,
				0812BF742DC119F4004F921E /* UnitTests */,
			);
		};
/* End PBXProject section */

/* Begin PBXResourcesBuildPhase section */
		0812BF652DC119F2004F921E /* Resources */ = {
			isa = PBXResourcesBuildPhase;
			buildActionMask = 2147483647;
			files = (
			);
			runOnlyForDeploymentPostprocessing = 0;
		};
		0812BF732DC119F4004F921E /* Resources */ = {
			isa = PBXResourcesBuildPhase;
			buildActionMask = 2147483647;
			files = (
			);
			runOnlyForDeploymentPostprocessing = 0;
		};
/* End PBXResourcesBuildPhase section */

/* Begin PBXSourcesBuildPhase section */
		0812BF632DC119F2004F921E /* Sources */ = {
			isa = PBXSourcesBuildPhase;
			buildActionMask = 2147483647;
			files = (
			);
			runOnlyForDeploymentPostprocessing = 0;
		};
		0812BF712DC119F4004F921E /* Sources */ = {
			isa = PBXSourcesBuildPhase;
			buildActionMask = 2147483647;
			files = (
				914677042DD4DFDE002ACAD1 /* MUXSDKStatsTests.m in Sources */,
				914677052DD4DFDE002ACAD1 /* MUXSDKCore+Mock.m in Sources */,
				914677062DD4DFDE002ACAD1 /* MUXSDKPlayerBindingTests.m in Sources */,
			);
			runOnlyForDeploymentPostprocessing = 0;
		};
/* End PBXSourcesBuildPhase section */

/* Begin PBXTargetDependency section */
		0812BF772DC119F4004F921E /* PBXTargetDependency */ = {
			isa = PBXTargetDependency;
			target = 0812BF662DC119F2004F921E /* UnitTestsHost */;
			targetProxy = 0812BF762DC119F4004F921E /* PBXContainerItemProxy */;
		};
/* End PBXTargetDependency section */

/* Begin XCBuildConfiguration section */
		0812BF872DC119F4004F921E /* Debug */ = {
			isa = XCBuildConfiguration;
			baseConfigurationReferenceAnchor = 08191E552DC155B2003F912A /* Configuration */;
			baseConfigurationReferenceRelativePath = CodeSigning.xcconfig;
			buildSettings = {
				ALWAYS_SEARCH_USER_PATHS = NO;
				ASSETCATALOG_COMPILER_GENERATE_SWIFT_ASSET_SYMBOL_EXTENSIONS = YES;
				CLANG_ANALYZER_NONNULL = YES;
				CLANG_ANALYZER_NUMBER_OBJECT_CONVERSION = YES_AGGRESSIVE;
				CLANG_CXX_LANGUAGE_STANDARD = "gnu++20";
				CLANG_ENABLE_MODULES = YES;
				CLANG_ENABLE_OBJC_ARC = YES;
				CLANG_ENABLE_OBJC_WEAK = YES;
				CLANG_WARN_BLOCK_CAPTURE_AUTORELEASING = YES;
				CLANG_WARN_BOOL_CONVERSION = YES;
				CLANG_WARN_COMMA = YES;
				CLANG_WARN_CONSTANT_CONVERSION = YES;
				CLANG_WARN_DEPRECATED_OBJC_IMPLEMENTATIONS = YES;
				CLANG_WARN_DIRECT_OBJC_ISA_USAGE = YES_ERROR;
				CLANG_WARN_DOCUMENTATION_COMMENTS = YES;
				CLANG_WARN_EMPTY_BODY = YES;
				CLANG_WARN_ENUM_CONVERSION = YES;
				CLANG_WARN_INFINITE_RECURSION = YES;
				CLANG_WARN_INT_CONVERSION = YES;
				CLANG_WARN_NON_LITERAL_NULL_CONVERSION = YES;
				CLANG_WARN_OBJC_IMPLICIT_RETAIN_SELF = YES;
				CLANG_WARN_OBJC_LITERAL_CONVERSION = YES;
				CLANG_WARN_OBJC_ROOT_CLASS = YES_ERROR;
				CLANG_WARN_QUOTED_INCLUDE_IN_FRAMEWORK_HEADER = YES;
				CLANG_WARN_RANGE_LOOP_ANALYSIS = YES;
				CLANG_WARN_STRICT_PROTOTYPES = YES;
				CLANG_WARN_SUSPICIOUS_MOVE = YES;
				CLANG_WARN_UNGUARDED_AVAILABILITY = YES_AGGRESSIVE;
				CLANG_WARN_UNREACHABLE_CODE = YES;
				CLANG_WARN__DUPLICATE_METHOD_MATCH = YES;
				COPY_PHASE_STRIP = NO;
				DEBUG_INFORMATION_FORMAT = dwarf;
				ENABLE_STRICT_OBJC_MSGSEND = YES;
				ENABLE_TESTABILITY = YES;
				ENABLE_USER_SCRIPT_SANDBOXING = YES;
				GCC_C_LANGUAGE_STANDARD = gnu17;
				GCC_DYNAMIC_NO_PIC = NO;
				GCC_NO_COMMON_BLOCKS = YES;
				GCC_OPTIMIZATION_LEVEL = 0;
				GCC_PREPROCESSOR_DEFINITIONS = (
					"DEBUG=1",
					"$(inherited)",
				);
				GCC_WARN_64_TO_32_BIT_CONVERSION = YES;
				GCC_WARN_ABOUT_RETURN_TYPE = YES_ERROR;
				GCC_WARN_UNDECLARED_SELECTOR = YES;
				GCC_WARN_UNINITIALIZED_AUTOS = YES_AGGRESSIVE;
				GCC_WARN_UNUSED_FUNCTION = YES;
				GCC_WARN_UNUSED_VARIABLE = YES;
				IPHONEOS_DEPLOYMENT_TARGET = 13.0;
				LOCALIZATION_PREFERS_STRING_CATALOGS = YES;
				MACOSX_DEPLOYMENT_TARGET = "";
				MTL_ENABLE_DEBUG_INFO = INCLUDE_SOURCE;
				MTL_FAST_MATH = YES;
				ONLY_ACTIVE_ARCH = YES;
				SUPPORTED_PLATFORMS = "xrsimulator xros iphonesimulator iphoneos appletvsimulator appletvos";
				SWIFT_ACTIVE_COMPILATION_CONDITIONS = "DEBUG $(inherited)";
				SWIFT_OPTIMIZATION_LEVEL = "-Onone";
				TARGETED_DEVICE_FAMILY = "1,2,3,7";
				TVOS_DEPLOYMENT_TARGET = 13.0;
				XROS_DEPLOYMENT_TARGET = 1.3;
			};
			name = Debug;
		};
		0812BF882DC119F4004F921E /* Release */ = {
			isa = XCBuildConfiguration;
			baseConfigurationReferenceAnchor = 08191E552DC155B2003F912A /* Configuration */;
			baseConfigurationReferenceRelativePath = CodeSigning.xcconfig;
			buildSettings = {
				ALWAYS_SEARCH_USER_PATHS = NO;
				ASSETCATALOG_COMPILER_GENERATE_SWIFT_ASSET_SYMBOL_EXTENSIONS = YES;
				CLANG_ANALYZER_NONNULL = YES;
				CLANG_ANALYZER_NUMBER_OBJECT_CONVERSION = YES_AGGRESSIVE;
				CLANG_CXX_LANGUAGE_STANDARD = "gnu++20";
				CLANG_ENABLE_MODULES = YES;
				CLANG_ENABLE_OBJC_ARC = YES;
				CLANG_ENABLE_OBJC_WEAK = YES;
				CLANG_WARN_BLOCK_CAPTURE_AUTORELEASING = YES;
				CLANG_WARN_BOOL_CONVERSION = YES;
				CLANG_WARN_COMMA = YES;
				CLANG_WARN_CONSTANT_CONVERSION = YES;
				CLANG_WARN_DEPRECATED_OBJC_IMPLEMENTATIONS = YES;
				CLANG_WARN_DIRECT_OBJC_ISA_USAGE = YES_ERROR;
				CLANG_WARN_DOCUMENTATION_COMMENTS = YES;
				CLANG_WARN_EMPTY_BODY = YES;
				CLANG_WARN_ENUM_CONVERSION = YES;
				CLANG_WARN_INFINITE_RECURSION = YES;
				CLANG_WARN_INT_CONVERSION = YES;
				CLANG_WARN_NON_LITERAL_NULL_CONVERSION = YES;
				CLANG_WARN_OBJC_IMPLICIT_RETAIN_SELF = YES;
				CLANG_WARN_OBJC_LITERAL_CONVERSION = YES;
				CLANG_WARN_OBJC_ROOT_CLASS = YES_ERROR;
				CLANG_WARN_QUOTED_INCLUDE_IN_FRAMEWORK_HEADER = YES;
				CLANG_WARN_RANGE_LOOP_ANALYSIS = YES;
				CLANG_WARN_STRICT_PROTOTYPES = YES;
				CLANG_WARN_SUSPICIOUS_MOVE = YES;
				CLANG_WARN_UNGUARDED_AVAILABILITY = YES_AGGRESSIVE;
				CLANG_WARN_UNREACHABLE_CODE = YES;
				CLANG_WARN__DUPLICATE_METHOD_MATCH = YES;
				COPY_PHASE_STRIP = NO;
				DEBUG_INFORMATION_FORMAT = "dwarf-with-dsym";
				ENABLE_NS_ASSERTIONS = NO;
				ENABLE_STRICT_OBJC_MSGSEND = YES;
				ENABLE_USER_SCRIPT_SANDBOXING = YES;
				GCC_C_LANGUAGE_STANDARD = gnu17;
				GCC_NO_COMMON_BLOCKS = YES;
				GCC_WARN_64_TO_32_BIT_CONVERSION = YES;
				GCC_WARN_ABOUT_RETURN_TYPE = YES_ERROR;
				GCC_WARN_UNDECLARED_SELECTOR = YES;
				GCC_WARN_UNINITIALIZED_AUTOS = YES_AGGRESSIVE;
				GCC_WARN_UNUSED_FUNCTION = YES;
				GCC_WARN_UNUSED_VARIABLE = YES;
				IPHONEOS_DEPLOYMENT_TARGET = 13.0;
				LOCALIZATION_PREFERS_STRING_CATALOGS = YES;
				MACOSX_DEPLOYMENT_TARGET = "";
				MTL_ENABLE_DEBUG_INFO = NO;
				MTL_FAST_MATH = YES;
				SUPPORTED_PLATFORMS = "xrsimulator xros iphonesimulator iphoneos appletvsimulator appletvos";
				SWIFT_COMPILATION_MODE = wholemodule;
				TARGETED_DEVICE_FAMILY = "1,2,3,7";
				TVOS_DEPLOYMENT_TARGET = 13.0;
				XROS_DEPLOYMENT_TARGET = 1.3;
			};
			name = Release;
		};
		0812BF8A2DC119F4004F921E /* Debug */ = {
			isa = XCBuildConfiguration;
			buildSettings = {
				ASSETCATALOG_COMPILER_APPICON_NAME = AppIcon;
				ASSETCATALOG_COMPILER_GLOBAL_ACCENT_COLOR_NAME = AccentColor;
				CODE_SIGN_ENTITLEMENTS = UnitTestsHost/UnitTestsHost.entitlements;
				CODE_SIGN_STYLE = Automatic;
				CURRENT_PROJECT_VERSION = 1;
				DEVELOPMENT_ASSET_PATHS = "";
				ENABLE_HARDENED_RUNTIME = YES;
				ENABLE_PREVIEWS = YES;
				GENERATE_INFOPLIST_FILE = YES;
				"INFOPLIST_KEY_UIApplicationSceneManifest_Generation[sdk=iphoneos*]" = YES;
				"INFOPLIST_KEY_UIApplicationSceneManifest_Generation[sdk=iphonesimulator*]" = YES;
				"INFOPLIST_KEY_UIApplicationSupportsIndirectInputEvents[sdk=iphoneos*]" = YES;
				"INFOPLIST_KEY_UIApplicationSupportsIndirectInputEvents[sdk=iphonesimulator*]" = YES;
				"INFOPLIST_KEY_UILaunchScreen_Generation[sdk=iphoneos*]" = YES;
				"INFOPLIST_KEY_UILaunchScreen_Generation[sdk=iphonesimulator*]" = YES;
				"INFOPLIST_KEY_UIStatusBarStyle[sdk=iphoneos*]" = UIStatusBarStyleDefault;
				"INFOPLIST_KEY_UIStatusBarStyle[sdk=iphonesimulator*]" = UIStatusBarStyleDefault;
				INFOPLIST_KEY_UISupportedInterfaceOrientations_iPad = "UIInterfaceOrientationPortrait UIInterfaceOrientationPortraitUpsideDown UIInterfaceOrientationLandscapeLeft UIInterfaceOrientationLandscapeRight";
				INFOPLIST_KEY_UISupportedInterfaceOrientations_iPhone = "UIInterfaceOrientationPortrait UIInterfaceOrientationLandscapeLeft UIInterfaceOrientationLandscapeRight";
				LD_RUNPATH_SEARCH_PATHS = "@executable_path/Frameworks";
				"LD_RUNPATH_SEARCH_PATHS[sdk=macosx*]" = "@executable_path/../Frameworks";
				MARKETING_VERSION = 1.0;
				PRODUCT_BUNDLE_IDENTIFIER = "com.mux.stats-avplayer.UnitTestsHost${BUNDLE_ID_DISAMBIGUATOR}";
				PRODUCT_NAME = "$(TARGET_NAME)";
				REGISTER_APP_GROUPS = YES;
				SDKROOT = auto;
				SUPPORTED_PLATFORMS = "appletvos appletvsimulator iphoneos iphonesimulator xros xrsimulator";
				SUPPORTS_MACCATALYST = YES;
				SWIFT_EMIT_LOC_STRINGS = YES;
				SWIFT_VERSION = 5.0;
				TARGETED_DEVICE_FAMILY = "1,2,3,7";
			};
			name = Debug;
		};
		0812BF8B2DC119F4004F921E /* Release */ = {
			isa = XCBuildConfiguration;
			buildSettings = {
				ASSETCATALOG_COMPILER_APPICON_NAME = AppIcon;
				ASSETCATALOG_COMPILER_GLOBAL_ACCENT_COLOR_NAME = AccentColor;
				CODE_SIGN_ENTITLEMENTS = UnitTestsHost/UnitTestsHost.entitlements;
				CODE_SIGN_STYLE = Automatic;
				CURRENT_PROJECT_VERSION = 1;
				DEVELOPMENT_ASSET_PATHS = "";
				ENABLE_HARDENED_RUNTIME = YES;
				ENABLE_PREVIEWS = YES;
				GENERATE_INFOPLIST_FILE = YES;
				"INFOPLIST_KEY_UIApplicationSceneManifest_Generation[sdk=iphoneos*]" = YES;
				"INFOPLIST_KEY_UIApplicationSceneManifest_Generation[sdk=iphonesimulator*]" = YES;
				"INFOPLIST_KEY_UIApplicationSupportsIndirectInputEvents[sdk=iphoneos*]" = YES;
				"INFOPLIST_KEY_UIApplicationSupportsIndirectInputEvents[sdk=iphonesimulator*]" = YES;
				"INFOPLIST_KEY_UILaunchScreen_Generation[sdk=iphoneos*]" = YES;
				"INFOPLIST_KEY_UILaunchScreen_Generation[sdk=iphonesimulator*]" = YES;
				"INFOPLIST_KEY_UIStatusBarStyle[sdk=iphoneos*]" = UIStatusBarStyleDefault;
				"INFOPLIST_KEY_UIStatusBarStyle[sdk=iphonesimulator*]" = UIStatusBarStyleDefault;
				INFOPLIST_KEY_UISupportedInterfaceOrientations_iPad = "UIInterfaceOrientationPortrait UIInterfaceOrientationPortraitUpsideDown UIInterfaceOrientationLandscapeLeft UIInterfaceOrientationLandscapeRight";
				INFOPLIST_KEY_UISupportedInterfaceOrientations_iPhone = "UIInterfaceOrientationPortrait UIInterfaceOrientationLandscapeLeft UIInterfaceOrientationLandscapeRight";
				LD_RUNPATH_SEARCH_PATHS = "@executable_path/Frameworks";
				"LD_RUNPATH_SEARCH_PATHS[sdk=macosx*]" = "@executable_path/../Frameworks";
				MARKETING_VERSION = 1.0;
				PRODUCT_BUNDLE_IDENTIFIER = "com.mux.stats-avplayer.UnitTestsHost${BUNDLE_ID_DISAMBIGUATOR}";
				PRODUCT_NAME = "$(TARGET_NAME)";
				REGISTER_APP_GROUPS = YES;
				SDKROOT = auto;
				SUPPORTED_PLATFORMS = "appletvos appletvsimulator iphoneos iphonesimulator xros xrsimulator";
				SUPPORTS_MACCATALYST = YES;
				SWIFT_EMIT_LOC_STRINGS = YES;
				SWIFT_VERSION = 5.0;
				TARGETED_DEVICE_FAMILY = "1,2,3,7";
			};
			name = Release;
		};
		0812BF8D2DC119F4004F921E /* Debug */ = {
			isa = XCBuildConfiguration;
			buildSettings = {
				BUNDLE_LOADER = "$(TEST_HOST)";
				CODE_SIGN_STYLE = Automatic;
				CURRENT_PROJECT_VERSION = 1;
				GENERATE_INFOPLIST_FILE = YES;
				IPHONEOS_DEPLOYMENT_TARGET = 13.0;
				MACOSX_DEPLOYMENT_TARGET = 13.0;
				MARKETING_VERSION = 1.0;
				PRODUCT_BUNDLE_IDENTIFIER = "com.mux.stats-avplayer.UnitTests${BUNDLE_ID_DISAMBIGUATOR}";
				PRODUCT_NAME = "$(TARGET_NAME)";
				SDKROOT = auto;
				SUPPORTED_PLATFORMS = "iphoneos iphonesimulator macosx xros xrsimulator";
				SWIFT_EMIT_LOC_STRINGS = NO;
				SWIFT_VERSION = 5.0;
				TARGETED_DEVICE_FAMILY = "1,2,7";
				TEST_HOST = "$(BUILT_PRODUCTS_DIR)/UnitTestsHost.app/$(BUNDLE_EXECUTABLE_FOLDER_PATH)/UnitTestsHost";
				XROS_DEPLOYMENT_TARGET = 1.3;
			};
			name = Debug;
		};
		0812BF8E2DC119F4004F921E /* Release */ = {
			isa = XCBuildConfiguration;
			buildSettings = {
				BUNDLE_LOADER = "$(TEST_HOST)";
				CODE_SIGN_STYLE = Automatic;
				CURRENT_PROJECT_VERSION = 1;
				GENERATE_INFOPLIST_FILE = YES;
				IPHONEOS_DEPLOYMENT_TARGET = 13.0;
				MACOSX_DEPLOYMENT_TARGET = 13.0;
				MARKETING_VERSION = 1.0;
				PRODUCT_BUNDLE_IDENTIFIER = "com.mux.stats-avplayer.UnitTests${BUNDLE_ID_DISAMBIGUATOR}";
				PRODUCT_NAME = "$(TARGET_NAME)";
				SDKROOT = auto;
				SUPPORTED_PLATFORMS = "iphoneos iphonesimulator macosx xros xrsimulator";
				SWIFT_EMIT_LOC_STRINGS = NO;
				SWIFT_VERSION = 5.0;
				TARGETED_DEVICE_FAMILY = "1,2,7";
				TEST_HOST = "$(BUILT_PRODUCTS_DIR)/UnitTestsHost.app/$(BUNDLE_EXECUTABLE_FOLDER_PATH)/UnitTestsHost";
				XROS_DEPLOYMENT_TARGET = 1.3;
			};
			name = Release;
		};
/* End XCBuildConfiguration section */

/* Begin XCConfigurationList section */
		0812BF622DC119F2004F921E /* Build configuration list for PBXProject "UnitTests" */ = {
			isa = XCConfigurationList;
			buildConfigurations = (
				0812BF872DC119F4004F921E /* Debug */,
				0812BF882DC119F4004F921E /* Release */,
			);
			defaultConfigurationIsVisible = 0;
			defaultConfigurationName = Release;
		};
		0812BF892DC119F4004F921E /* Build configuration list for PBXNativeTarget "UnitTestsHost" */ = {
			isa = XCConfigurationList;
			buildConfigurations = (
				0812BF8A2DC119F4004F921E /* Debug */,
				0812BF8B2DC119F4004F921E /* Release */,
			);
			defaultConfigurationIsVisible = 0;
			defaultConfigurationName = Release;
		};
		0812BF8C2DC119F4004F921E /* Build configuration list for PBXNativeTarget "UnitTests" */ = {
			isa = XCConfigurationList;
			buildConfigurations = (
				0812BF8D2DC119F4004F921E /* Debug */,
				0812BF8E2DC119F4004F921E /* Release */,
			);
			defaultConfigurationIsVisible = 0;
			defaultConfigurationName = Release;
		};
/* End XCConfigurationList section */

/* Begin XCSwiftPackageProductDependency section */
		08191E242DC12B8F003F912A /* MUXSDKStats */ = {
			isa = XCSwiftPackageProductDependency;
			productName = MUXSDKStats;
		};
/* End XCSwiftPackageProductDependency section */
	};
	rootObject = 0812BF5F2DC119F2004F921E /* Project object */;
}
