PODS:
  - GoogleAds-IMA-iOS-SDK (3.14.3)
  - Mux-Stats-AVPlayer (2.5.0):
    - Mux-Stats-Core (~> 3.4)
  - Mux-Stats-Core (3.4.0)
  - Mux-Stats-Google-IMA (0.6.0):
    - GoogleAds-IMA-iOS-SDK (~> 3.13)
    - GoogleAds-IMA-tvOS-SDK (~> 4.3)
    - Mux-Stats-AVPlayer (~> 2.0)

DEPENDENCIES:
  - GoogleAds-IMA-iOS-SDK (~> 3.14)
  - Mux-Stats-AVPlayer (from `../../`)
  - Mux-Stats-Google-IMA (~> 0.6)

SPEC REPOS:
  trunk:
    - GoogleAds-IMA-iOS-SDK
    - Mux-Stats-Core
    - Mux-Stats-Google-IMA

EXTERNAL SOURCES:
  Mux-Stats-AVPlayer:
    :path: "../../"

SPEC CHECKSUMS:
  GoogleAds-IMA-iOS-SDK: 2a9b7b14bda4993306f05287f952dce41b5be4ad
  Mux-Stats-AVPlayer: f36338adcf1cdda3c71424401934684011420594
  Mux-Stats-Core: 95905303d4b7fdf3996afef5d203b69becc08c5a
  Mux-Stats-Google-IMA: 688a43ff921bd467f92072479af0160ec9090e0b

PODFILE CHECKSUM: d1aa08986e99c423a5f3ca3784bcfd3ff90aafbf

COCOAPODS: 1.10.1
