PODS:
  - GoogleAds-IMA-iOS-SDK (3.16.3)
  - Mux-Stats-AVPlayer (2.13.0):
    - Mux-Stats-Core (~> 3.12.0)
  - Mux-Stats-Core (3.12.0)
  - Mux-Stats-Google-IMA (0.8.0):
    - GoogleAds-IMA-iOS-SDK (~> 3.16)
    - GoogleAds-IMA-tvOS-SDK (~> 4.6)
    - Mux-Stats-AVPlayer (~> 2.10)

DEPENDENCIES:
  - GoogleAds-IMA-iOS-SDK (~> 3.16)
  - Mux-Stats-AVPlayer (from `../../`)
  - Mux-Stats-Google-IMA (from `https://github.com/muxinc/mux-stats-google-ima.git`, branch `nk/sc-35291/not-seeing-the-view-sessions-go-back-to-video`)

SPEC REPOS:
  trunk:
    - GoogleAds-IMA-iOS-SDK
    - Mux-Stats-Core

EXTERNAL SOURCES:
  Mux-Stats-AVPlayer:
    :path: "../../"
  Mux-Stats-Google-IMA:
    :branch: nk/sc-35291/not-seeing-the-view-sessions-go-back-to-video
    :git: https://github.com/muxinc/mux-stats-google-ima.git

CHECKOUT OPTIONS:
  Mux-Stats-Google-IMA:
    :commit: 68dd6564f88322b8be2e113767c9baeb48280881
    :git: https://github.com/muxinc/mux-stats-google-ima.git

SPEC CHECKSUMS:
  GoogleAds-IMA-iOS-SDK: 1aba71fa5b58dc463cc5b752f06e970ec7c739c1
  Mux-Stats-AVPlayer: 89ada5e0b788130d686eba55eadc33318b9ab496
  Mux-Stats-Core: 47e36730a0b7e094b68c73737c0ce6cfefc3c3a6
  Mux-Stats-Google-IMA: 0e4c3c9e77159be94baa96c74d75861b9616d573

PODFILE CHECKSUM: d2ff9a0bddd8c48a8f7b0aa39db862e1faf987df

COCOAPODS: 1.11.2
