PODS:
  - Mux-Stats-AVPlayer (4.7.0):
    - Mux-Stats-Core (~> 5.5.0)
  - Mux-Stats-Core (5.5.0)

DEPENDENCIES:
  - Mux-Stats-AVPlayer (from `../..`)

SPEC REPOS:
  trunk:
    - Mux-Stats-Core

EXTERNAL SOURCES:
  Mux-Stats-AVPlayer:
    :path: "../.."

SPEC CHECKSUMS:
  Mux-Stats-AVPlayer: 316ab02d3d32ab0935a86303e73275718673e8bd
  Mux-Stats-Core: 4d39c68da0c40b480bda5955ada3fc346a21f06e

PODFILE CHECKSUM: f3cd1339a676bf25931d4cc0f37b559b35da2dba

COCOAPODS: 1.16.2
