{
  "originHash" : "8e8ce12178f8479bd50996e9da4e4ec21fefa88816757aaeabf97c26cf19925d",
  "pins" : [
    {
      "identity" : "stats-sdk-objc",
      "kind" : "remoteSourceControl",
      "location" : "https://github.com/muxinc/stats-sdk-objc.git",
      "state" : {
        "revision" : "aba0b57a2fb75e154848b30ad8ec07283b520b75",
        "version" : "5.11.0"
      }
    }
  ],
  "version" : 3
}
