{
  "originHash" : "f43efb0897b517b92fba2ac0d839e34541decc6657e40722d43b7112dad2916c",
  "pins" : [
    {
      "identity" : "stats-sdk-objc",
      "kind" : "remoteSourceControl",
      "location" : "https://github.com/muxinc/stats-sdk-objc.git",
      "state" : {
        "revision" : "8c2bfa65f63eb0315b2de12e0063a3281734429a",
        "version" : "5.4.1"
      }
    },
    {
      "identity" : "swifterfork",
      "kind" : "remoteSourceControl",
      "location" : "https://github.com/tomieq/swifterfork",
      "state" : {
        "revision" : "bde9ac098db4f9d7b79802532489d629fac1ca96",
        "version" : "1.5.7"
      }
    }
  ],
  "version" : 3
}
