{
  "originHash" : "1dc6529ca9e631da85325fd48e25b4f802d021b74ea1229bc4af5c940f356855",
  "pins" : [
    {
      "identity" : "stats-sdk-objc",
      "kind" : "remoteSourceControl",
      "location" : "https://github.com/muxinc/stats-sdk-objc.git",
      "state" : {
        "revision" : "8c2bfa65f63eb0315b2de12e0063a3281734429a",
        "version" : "5.4.1"
      }
    },
    {
      "identity" : "swifter",
      "kind" : "remoteSourceControl",
      "location" : "https://github.com/httpswift/swifter.git",
      "state" : {
        "revision" : "9483a5d459b45c3ffd059f7b55f9638e268632fd",
        "version" : "1.5.0"
      }
    }
  ],
  "version" : 3
}
