PODS:
  - Mux-Stats-Core (3.8.0)

DEPENDENCIES:
  - Mux-Stats-Core (from `https://github.com/muxinc/stats-sdk-objc.git`, branch `szuniga/session_data_experiment_fields`)

EXTERNAL SOURCES:
  Mux-Stats-Core:
    :branch: szuniga/session_data_experiment_fields
    :git: https://github.com/muxinc/stats-sdk-objc.git

CHECKOUT OPTIONS:
  Mux-Stats-Core:
    :commit: af8f55af8140537d549b0bfcd60bf1bf93604c47
    :git: https://github.com/muxinc/stats-sdk-objc.git

SPEC CHECKSUMS:
  Mux-Stats-Core: cb72e59db58a12f04a54a7634567f20f16b9453a

PODFILE CHECKSUM: 5df0951b64eb7cbbf7aecaee2660b8b31fadfe3a

COCOAPODS: 1.11.2
