PODS:
  - Mux-Stats-Core (3.11.0)

DEPENDENCIES:
  - Mux-Stats-Core (from `../../stats-sdk-objc`)

EXTERNAL SOURCES:
  Mux-Stats-Core:
    :path: "../../stats-sdk-objc"

SPEC CHECKSUMS:
  Mux-Stats-Core: 0415ae94508651e151f0e82e2d954955059d5b67

PODFILE CHECKSUM: 94c04356618f8123df9dbe1a7521b0127f75d7ef

COCOAPODS: 1.11.3
