// !$*UTF8*$!
{
	archiveVersion = 1;
	classes = {
	};
	objectVersion = 48;
	objects = {

/* Begin PBXBuildFile section */
		733C31B92060C9AC00CC32F1 /* AppDelegate.swift in Sources */ = {isa = PBXBuildFile; fileRef = 733C31B82060C9AC00CC32F1 /* AppDelegate.swift */; };
		733C31BB2060C9AC00CC32F1 /* ViewController.swift in Sources */ = {isa = PBXBuildFile; fileRef = 733C31BA2060C9AC00CC32F1 /* ViewController.swift */; };
		733C31BE2060C9AC00CC32F1 /* Main.storyboard in Resources */ = {isa = PBXBuildFile; fileRef = 733C31BC2060C9AC00CC32F1 /* Main.storyboard */; };
		733C31C32060C9AC00CC32F1 /* LaunchScreen.storyboard in Resources */ = {isa = PBXBuildFile; fileRef = 733C31C12060C9AC00CC32F1 /* LaunchScreen.storyboard */; };
		733C31CD2060C9EF00CC32F1 /* Assets.xcassets in Resources */ = {isa = PBXBuildFile; fileRef = 733C31CC2060C9EF00CC32F1 /* Assets.xcassets */; };
		733C31D12060CA2200CC32F1 /* launch-full.png in Resources */ = {isa = PBXBuildFile; fileRef = 733C31CE2060CA2200CC32F1 /* launch-full.png */; };
		733C31D22060CA2200CC32F1 /* launch-landscape.png in Resources */ = {isa = PBXBuildFile; fileRef = 733C31CF2060CA2200CC32F1 /* launch-landscape.png */; };
		733C31D32060CA2200CC32F1 /* launch-portrait.png in Resources */ = {isa = PBXBuildFile; fileRef = 733C31D02060CA2200CC32F1 /* launch-portrait.png */; };
		733C31D52060CB0E00CC32F1 /* VideoDemoCell.swift in Sources */ = {isa = PBXBuildFile; fileRef = 733C31D42060CB0E00CC32F1 /* VideoDemoCell.swift */; };
		733C31D72060CBCE00CC32F1 /* VideoDemoController.swift in Sources */ = {isa = PBXBuildFile; fileRef = 733C31D62060CBCE00CC32F1 /* VideoDemoController.swift */; };
		733C31D92060D0EE00CC32F1 /* VideoPlayerController.swift in Sources */ = {isa = PBXBuildFile; fileRef = 733C31D82060D0EE00CC32F1 /* VideoPlayerController.swift */; };
		737F09F9211243E400B0156C /* MuxCore.framework in Frameworks */ = {isa = PBXBuildFile; fileRef = 737F09F7211243E400B0156C /* MuxCore.framework */; };
		737F09FA211243E400B0156C /* MUXSDKStats.framework in Frameworks */ = {isa = PBXBuildFile; fileRef = 737F09F8211243E400B0156C /* MUXSDKStats.framework */; };
/* End PBXBuildFile section */

/* Begin PBXFileReference section */
		733C31B52060C9AC00CC32F1 /* video-demo.app */ = {isa = PBXFileReference; explicitFileType = wrapper.application; includeInIndex = 0; path = "video-demo.app"; sourceTree = BUILT_PRODUCTS_DIR; };
		733C31B82060C9AC00CC32F1 /* AppDelegate.swift */ = {isa = PBXFileReference; lastKnownFileType = sourcecode.swift; path = AppDelegate.swift; sourceTree = "<group>"; };
		733C31BA2060C9AC00CC32F1 /* ViewController.swift */ = {isa = PBXFileReference; lastKnownFileType = sourcecode.swift; path = ViewController.swift; sourceTree = "<group>"; };
		733C31BD2060C9AC00CC32F1 /* Base */ = {isa = PBXFileReference; lastKnownFileType = file.storyboard; name = Base; path = Base.lproj/Main.storyboard; sourceTree = "<group>"; };
		733C31C22060C9AC00CC32F1 /* Base */ = {isa = PBXFileReference; lastKnownFileType = file.storyboard; name = Base; path = Base.lproj/LaunchScreen.storyboard; sourceTree = "<group>"; };
		733C31C42060C9AC00CC32F1 /* Info.plist */ = {isa = PBXFileReference; lastKnownFileType = text.plist.xml; path = Info.plist; sourceTree = "<group>"; };
		733C31CC2060C9EF00CC32F1 /* Assets.xcassets */ = {isa = PBXFileReference; lastKnownFileType = folder.assetcatalog; path = Assets.xcassets; sourceTree = "<group>"; };
		733C31CE2060CA2200CC32F1 /* launch-full.png */ = {isa = PBXFileReference; lastKnownFileType = image.png; path = "launch-full.png"; sourceTree = "<group>"; };
		733C31CF2060CA2200CC32F1 /* launch-landscape.png */ = {isa = PBXFileReference; lastKnownFileType = image.png; path = "launch-landscape.png"; sourceTree = "<group>"; };
		733C31D02060CA2200CC32F1 /* launch-portrait.png */ = {isa = PBXFileReference; lastKnownFileType = image.png; path = "launch-portrait.png"; sourceTree = "<group>"; };
		733C31D42060CB0E00CC32F1 /* VideoDemoCell.swift */ = {isa = PBXFileReference; lastKnownFileType = sourcecode.swift; path = VideoDemoCell.swift; sourceTree = "<group>"; };
		733C31D62060CBCE00CC32F1 /* VideoDemoController.swift */ = {isa = PBXFileReference; lastKnownFileType = sourcecode.swift; path = VideoDemoController.swift; sourceTree = "<group>"; };
		733C31D82060D0EE00CC32F1 /* VideoPlayerController.swift */ = {isa = PBXFileReference; lastKnownFileType = sourcecode.swift; path = VideoPlayerController.swift; sourceTree = "<group>"; };
		737F09F7211243E400B0156C /* MuxCore.framework */ = {isa = PBXFileReference; lastKnownFileType = wrapper.framework; name = MuxCore.framework; path = Carthage/Build/iOS/MuxCore.framework; sourceTree = "<group>"; };
		737F09F8211243E400B0156C /* MUXSDKStats.framework */ = {isa = PBXFileReference; lastKnownFileType = wrapper.framework; name = MUXSDKStats.framework; path = Carthage/Build/iOS/MUXSDKStats.framework; sourceTree = "<group>"; };
/* End PBXFileReference section */

/* Begin PBXFrameworksBuildPhase section */
		733C31B22060C9AC00CC32F1 /* Frameworks */ = {
			isa = PBXFrameworksBuildPhase;
			buildActionMask = 2147483647;
			files = (
				737F09FA211243E400B0156C /* MUXSDKStats.framework in Frameworks */,
				737F09F9211243E400B0156C /* MuxCore.framework in Frameworks */,
			);
			runOnlyForDeploymentPostprocessing = 0;
		};
/* End PBXFrameworksBuildPhase section */

/* Begin PBXGroup section */
		4E8CD001C2514783CAD2C56B /* Pods */ = {
			isa = PBXGroup;
			children = (
			);
			name = Pods;
			sourceTree = "<group>";
		};
		733C31AC2060C9AC00CC32F1 = {
			isa = PBXGroup;
			children = (
				733C31B72060C9AC00CC32F1 /* video-demo */,
				733C31B62060C9AC00CC32F1 /* Products */,
				73FD4C342061BE6800AFBA85 /* Frameworks */,
				4E8CD001C2514783CAD2C56B /* Pods */,
			);
			sourceTree = "<group>";
		};
		733C31B62060C9AC00CC32F1 /* Products */ = {
			isa = PBXGroup;
			children = (
				733C31B52060C9AC00CC32F1 /* video-demo.app */,
			);
			name = Products;
			sourceTree = "<group>";
		};
		733C31B72060C9AC00CC32F1 /* video-demo */ = {
			isa = PBXGroup;
			children = (
				733C31CE2060CA2200CC32F1 /* launch-full.png */,
				733C31CF2060CA2200CC32F1 /* launch-landscape.png */,
				733C31D02060CA2200CC32F1 /* launch-portrait.png */,
				733C31CC2060C9EF00CC32F1 /* Assets.xcassets */,
				733C31B82060C9AC00CC32F1 /* AppDelegate.swift */,
				733C31BA2060C9AC00CC32F1 /* ViewController.swift */,
				733C31BC2060C9AC00CC32F1 /* Main.storyboard */,
				733C31C12060C9AC00CC32F1 /* LaunchScreen.storyboard */,
				733C31C42060C9AC00CC32F1 /* Info.plist */,
				733C31D42060CB0E00CC32F1 /* VideoDemoCell.swift */,
				733C31D62060CBCE00CC32F1 /* VideoDemoController.swift */,
				733C31D82060D0EE00CC32F1 /* VideoPlayerController.swift */,
			);
			path = "video-demo";
			sourceTree = "<group>";
		};
		73FD4C342061BE6800AFBA85 /* Frameworks */ = {
			isa = PBXGroup;
			children = (
				737F09F7211243E400B0156C /* MuxCore.framework */,
				737F09F8211243E400B0156C /* MUXSDKStats.framework */,
			);
			name = Frameworks;
			sourceTree = "<group>";
		};
/* End PBXGroup section */

/* Begin PBXNativeTarget section */
		733C31B42060C9AC00CC32F1 /* video-demo */ = {
			isa = PBXNativeTarget;
			buildConfigurationList = 733C31C72060C9AC00CC32F1 /* Build configuration list for PBXNativeTarget "video-demo" */;
			buildPhases = (
				733C31B12060C9AC00CC32F1 /* Sources */,
				733C31B22060C9AC00CC32F1 /* Frameworks */,
				733C31B32060C9AC00CC32F1 /* Resources */,
			);
			buildRules = (
			);
			dependencies = (
			);
			name = "video-demo";
			productName = "video-demo";
			productReference = 733C31B52060C9AC00CC32F1 /* video-demo.app */;
			productType = "com.apple.product-type.application";
		};
/* End PBXNativeTarget section */

/* Begin PBXProject section */
		733C31AD2060C9AC00CC32F1 /* Project object */ = {
			isa = PBXProject;
			attributes = {
				LastSwiftUpdateCheck = 0920;
				LastUpgradeCheck = 0920;
				ORGANIZATIONNAME = mux;
				TargetAttributes = {
					733C31B42060C9AC00CC32F1 = {
						CreatedOnToolsVersion = 9.2;
						ProvisioningStyle = Automatic;
					};
				};
			};
			buildConfigurationList = 733C31B02060C9AC00CC32F1 /* Build configuration list for PBXProject "video-demo" */;
			compatibilityVersion = "Xcode 8.0";
			developmentRegion = en;
			hasScannedForEncodings = 0;
			knownRegions = (
				en,
				Base,
			);
			mainGroup = 733C31AC2060C9AC00CC32F1;
			productRefGroup = 733C31B62060C9AC00CC32F1 /* Products */;
			projectDirPath = "";
			projectRoot = "";
			targets = (
				733C31B42060C9AC00CC32F1 /* video-demo */,
			);
		};
/* End PBXProject section */

/* Begin PBXResourcesBuildPhase section */
		733C31B32060C9AC00CC32F1 /* Resources */ = {
			isa = PBXResourcesBuildPhase;
			buildActionMask = 2147483647;
			files = (
				733C31D22060CA2200CC32F1 /* launch-landscape.png in Resources */,
				733C31C32060C9AC00CC32F1 /* LaunchScreen.storyboard in Resources */,
				733C31D12060CA2200CC32F1 /* launch-full.png in Resources */,
				733C31CD2060C9EF00CC32F1 /* Assets.xcassets in Resources */,
				733C31BE2060C9AC00CC32F1 /* Main.storyboard in Resources */,
				733C31D32060CA2200CC32F1 /* launch-portrait.png in Resources */,
			);
			runOnlyForDeploymentPostprocessing = 0;
		};
/* End PBXResourcesBuildPhase section */

/* Begin PBXSourcesBuildPhase section */
		733C31B12060C9AC00CC32F1 /* Sources */ = {
			isa = PBXSourcesBuildPhase;
			buildActionMask = 2147483647;
			files = (
				733C31D72060CBCE00CC32F1 /* VideoDemoController.swift in Sources */,
				733C31D52060CB0E00CC32F1 /* VideoDemoCell.swift in Sources */,
				733C31BB2060C9AC00CC32F1 /* ViewController.swift in Sources */,
				733C31B92060C9AC00CC32F1 /* AppDelegate.swift in Sources */,
				733C31D92060D0EE00CC32F1 /* VideoPlayerController.swift in Sources */,
			);
			runOnlyForDeploymentPostprocessing = 0;
		};
/* End PBXSourcesBuildPhase section */

/* Begin PBXVariantGroup section */
		733C31BC2060C9AC00CC32F1 /* Main.storyboard */ = {
			isa = PBXVariantGroup;
			children = (
				733C31BD2060C9AC00CC32F1 /* Base */,
			);
			name = Main.storyboard;
			sourceTree = "<group>";
		};
		733C31C12060C9AC00CC32F1 /* LaunchScreen.storyboard */ = {
			isa = PBXVariantGroup;
			children = (
				733C31C22060C9AC00CC32F1 /* Base */,
			);
			name = LaunchScreen.storyboard;
			sourceTree = "<group>";
		};
/* End PBXVariantGroup section */

/* Begin XCBuildConfiguration section */
		733C31C52060C9AC00CC32F1 /* Debug */ = {
			isa = XCBuildConfiguration;
			buildSettings = {
				ALWAYS_SEARCH_USER_PATHS = NO;
				CLANG_ANALYZER_NONNULL = YES;
				CLANG_ANALYZER_NUMBER_OBJECT_CONVERSION = YES_AGGRESSIVE;
				CLANG_CXX_LANGUAGE_STANDARD = "gnu++14";
				CLANG_CXX_LIBRARY = "libc++";
				CLANG_ENABLE_MODULES = YES;
				CLANG_ENABLE_OBJC_ARC = YES;
				CLANG_WARN_BLOCK_CAPTURE_AUTORELEASING = YES;
				CLANG_WARN_BOOL_CONVERSION = YES;
				CLANG_WARN_COMMA = YES;
				CLANG_WARN_CONSTANT_CONVERSION = YES;
				CLANG_WARN_DIRECT_OBJC_ISA_USAGE = YES_ERROR;
				CLANG_WARN_DOCUMENTATION_COMMENTS = YES;
				CLANG_WARN_EMPTY_BODY = YES;
				CLANG_WARN_ENUM_CONVERSION = YES;
				CLANG_WARN_INFINITE_RECURSION = YES;
				CLANG_WARN_INT_CONVERSION = YES;
				CLANG_WARN_NON_LITERAL_NULL_CONVERSION = YES;
				CLANG_WARN_OBJC_LITERAL_CONVERSION = YES;
				CLANG_WARN_OBJC_ROOT_CLASS = YES_ERROR;
				CLANG_WARN_RANGE_LOOP_ANALYSIS = YES;
				CLANG_WARN_STRICT_PROTOTYPES = YES;
				CLANG_WARN_SUSPICIOUS_MOVE = YES;
				CLANG_WARN_UNGUARDED_AVAILABILITY = YES_AGGRESSIVE;
				CLANG_WARN_UNREACHABLE_CODE = YES;
				CLANG_WARN__DUPLICATE_METHOD_MATCH = YES;
				CODE_SIGN_IDENTITY = "iPhone Developer";
				COPY_PHASE_STRIP = NO;
				DEBUG_INFORMATION_FORMAT = dwarf;
				ENABLE_STRICT_OBJC_MSGSEND = YES;
				ENABLE_TESTABILITY = YES;
				GCC_C_LANGUAGE_STANDARD = gnu11;
				GCC_DYNAMIC_NO_PIC = NO;
				GCC_NO_COMMON_BLOCKS = YES;
				GCC_OPTIMIZATION_LEVEL = 0;
				GCC_PREPROCESSOR_DEFINITIONS = (
					"DEBUG=1",
					"$(inherited)",
				);
				GCC_WARN_64_TO_32_BIT_CONVERSION = YES;
				GCC_WARN_ABOUT_RETURN_TYPE = YES_ERROR;
				GCC_WARN_UNDECLARED_SELECTOR = YES;
				GCC_WARN_UNINITIALIZED_AUTOS = YES_AGGRESSIVE;
				GCC_WARN_UNUSED_FUNCTION = YES;
				GCC_WARN_UNUSED_VARIABLE = YES;
				IPHONEOS_DEPLOYMENT_TARGET = 11.2;
				MTL_ENABLE_DEBUG_INFO = YES;
				ONLY_ACTIVE_ARCH = YES;
				SDKROOT = iphoneos;
				SWIFT_ACTIVE_COMPILATION_CONDITIONS = DEBUG;
				SWIFT_OPTIMIZATION_LEVEL = "-Onone";
			};
			name = Debug;
		};
		733C31C62060C9AC00CC32F1 /* Release */ = {
			isa = XCBuildConfiguration;
			buildSettings = {
				ALWAYS_SEARCH_USER_PATHS = NO;
				CLANG_ANALYZER_NONNULL = YES;
				CLANG_ANALYZER_NUMBER_OBJECT_CONVERSION = YES_AGGRESSIVE;
				CLANG_CXX_LANGUAGE_STANDARD = "gnu++14";
				CLANG_CXX_LIBRARY = "libc++";
				CLANG_ENABLE_MODULES = YES;
				CLANG_ENABLE_OBJC_ARC = YES;
				CLANG_WARN_BLOCK_CAPTURE_AUTORELEASING = YES;
				CLANG_WARN_BOOL_CONVERSION = YES;
				CLANG_WARN_COMMA = YES;
				CLANG_WARN_CONSTANT_CONVERSION = YES;
				CLANG_WARN_DIRECT_OBJC_ISA_USAGE = YES_ERROR;
				CLANG_WARN_DOCUMENTATION_COMMENTS = YES;
				CLANG_WARN_EMPTY_BODY = YES;
				CLANG_WARN_ENUM_CONVERSION = YES;
				CLANG_WARN_INFINITE_RECURSION = YES;
				CLANG_WARN_INT_CONVERSION = YES;
				CLANG_WARN_NON_LITERAL_NULL_CONVERSION = YES;
				CLANG_WARN_OBJC_LITERAL_CONVERSION = YES;
				CLANG_WARN_OBJC_ROOT_CLASS = YES_ERROR;
				CLANG_WARN_RANGE_LOOP_ANALYSIS = YES;
				CLANG_WARN_STRICT_PROTOTYPES = YES;
				CLANG_WARN_SUSPICIOUS_MOVE = YES;
				CLANG_WARN_UNGUARDED_AVAILABILITY = YES_AGGRESSIVE;
				CLANG_WARN_UNREACHABLE_CODE = YES;
				CLANG_WARN__DUPLICATE_METHOD_MATCH = YES;
				CODE_SIGN_IDENTITY = "iPhone Developer";
				COPY_PHASE_STRIP = NO;
				DEBUG_INFORMATION_FORMAT = "dwarf-with-dsym";
				ENABLE_NS_ASSERTIONS = NO;
				ENABLE_STRICT_OBJC_MSGSEND = YES;
				GCC_C_LANGUAGE_STANDARD = gnu11;
				GCC_NO_COMMON_BLOCKS = YES;
				GCC_WARN_64_TO_32_BIT_CONVERSION = YES;
				GCC_WARN_ABOUT_RETURN_TYPE = YES_ERROR;
				GCC_WARN_UNDECLARED_SELECTOR = YES;
				GCC_WARN_UNINITIALIZED_AUTOS = YES_AGGRESSIVE;
				GCC_WARN_UNUSED_FUNCTION = YES;
				GCC_WARN_UNUSED_VARIABLE = YES;
				IPHONEOS_DEPLOYMENT_TARGET = 11.2;
				MTL_ENABLE_DEBUG_INFO = NO;
				SDKROOT = iphoneos;
				SWIFT_OPTIMIZATION_LEVEL = "-Owholemodule";
				VALIDATE_PRODUCT = YES;
			};
			name = Release;
		};
		733C31C82060C9AC00CC32F1 /* Debug */ = {
			isa = XCBuildConfiguration;
			buildSettings = {
				ASSETCATALOG_COMPILER_APPICON_NAME = AppIcon;
				CODE_SIGN_STYLE = Automatic;
				DEVELOPMENT_TEAM = XX95P4Y787;
				FRAMEWORK_SEARCH_PATHS = (
					"$(inherited)",
					"$(PROJECT_DIR)",
					"$(PROJECT_DIR)/Carthage/Build/iOS",
				);
				INFOPLIST_FILE = "video-demo/Info.plist";
				LD_RUNPATH_SEARCH_PATHS = "$(inherited) @executable_path/Frameworks";
				PRODUCT_BUNDLE_IDENTIFIER = "com.mux.video-demo";
				PRODUCT_NAME = "$(TARGET_NAME)";
				SWIFT_VERSION = 4.0;
				TARGETED_DEVICE_FAMILY = "1,2";
			};
			name = Debug;
		};
		733C31C92060C9AC00CC32F1 /* Release */ = {
			isa = XCBuildConfiguration;
			buildSettings = {
				ASSETCATALOG_COMPILER_APPICON_NAME = AppIcon;
				CODE_SIGN_STYLE = Automatic;
				DEVELOPMENT_TEAM = XX95P4Y787;
				FRAMEWORK_SEARCH_PATHS = (
					"$(inherited)",
					"$(PROJECT_DIR)",
					"$(PROJECT_DIR)/Carthage/Build/iOS",
				);
				INFOPLIST_FILE = "video-demo/Info.plist";
				LD_RUNPATH_SEARCH_PATHS = "$(inherited) @executable_path/Frameworks";
				PRODUCT_BUNDLE_IDENTIFIER = "com.mux.video-demo";
				PRODUCT_NAME = "$(TARGET_NAME)";
				SWIFT_VERSION = 4.0;
				TARGETED_DEVICE_FAMILY = "1,2";
			};
			name = Release;
		};
/* End XCBuildConfiguration section */

/* Begin XCConfigurationList section */
		733C31B02060C9AC00CC32F1 /* Build configuration list for PBXProject "video-demo" */ = {
			isa = XCConfigurationList;
			buildConfigurations = (
				733C31C52060C9AC00CC32F1 /* Debug */,
				733C31C62060C9AC00CC32F1 /* Release */,
			);
			defaultConfigurationIsVisible = 0;
			defaultConfigurationName = Release;
		};
		733C31C72060C9AC00CC32F1 /* Build configuration list for PBXNativeTarget "video-demo" */ = {
			isa = XCConfigurationList;
			buildConfigurations = (
				733C31C82060C9AC00CC32F1 /* Debug */,
				733C31C92060C9AC00CC32F1 /* Release */,
			);
			defaultConfigurationIsVisible = 0;
			defaultConfigurationName = Release;
		};
/* End XCConfigurationList section */
	};
	rootObject = 733C31AD2060C9AC00CC32F1 /* Project object */;
}
