{
  "pins" : [
    {
      "identity" : "stats-sdk-objc",
      "kind" : "remoteSourceControl",
      "location" : "https://github.com/muxinc/stats-sdk-objc.git",
      "state" : {
        "revision" : "2543664a3ba555863981b7bf17a79025e4501965",
        "version" : "5.5.0"
      }
    }
  ],
  "version" : 2
}
