{
  "pins" : [
    {
      "identity" : "stats-sdk-objc",
      "kind" : "remoteSourceControl",
      "location" : "https://github.com/muxinc/stats-sdk-objc.git",
      "state" : {
        "revision" : "e4ee85c6170fde1bc217e5842f535d2df756117e",
        "version" : "5.8.1"
      }
    }
  ],
  "version" : 2
}
