{
  "originHash" : "a6ef3c94d4539aa8c540f965ea2a3dd4068cfc51108f27c487f5bf4d55715bc9",
  "pins" : [
    {
      "identity" : "mux-stats-sdk-objc",
      "kind" : "remoteSourceControl",
      "location" : "git@github.com:muxinc/mux-stats-sdk-objc.git",
      "state" : {
        "branch" : "feature/nat-416-audio-track-changes",
        "revision" : "963d1b1a5de38a9d2ce47f37429fcf713e8648b9"
      }
    }
  ],
  "version" : 3
}
