PODS:
  - GoogleAds-IMA-iOS-SDK (3.11.3)
  - Mux-Stats-AVPlayer (2.0.0-beta.0):
    - Mux-Stats-Core (~> 3.0.0-beta.0)
  - Mux-Stats-Core (3.0.0-beta.0)

DEPENDENCIES:
  - GoogleAds-IMA-iOS-SDK (~> 3.9)
  - Mux-Stats-AVPlayer (from `../../`)
  - Mux-Stats-Core (from `https://github.com/muxinc/stats-sdk-objc.git`, branch `nidhik/xcframework-mux-core`)

SPEC REPOS:
  trunk:
    - GoogleAds-IMA-iOS-SDK

EXTERNAL SOURCES:
  Mux-Stats-AVPlayer:
    :path: "../../"
  Mux-Stats-Core:
    :branch: nidhik/xcframework-mux-core
    :git: https://github.com/muxinc/stats-sdk-objc.git

CHECKOUT OPTIONS:
  Mux-Stats-Core:
    :commit: ef130ef077c997a810dd911ed59ec8f4d5dcf0a8
    :git: https://github.com/muxinc/stats-sdk-objc.git

SPEC CHECKSUMS:
  GoogleAds-IMA-iOS-SDK: 134b35758455576aaa6b3d2d3146699dcf8af4f1
  Mux-Stats-AVPlayer: 7527c471f15b1d134066540e0ca4b7268a876b36
  Mux-Stats-Core: 7f85601f115e38be6ab705069295a60643c0c544

PODFILE CHECKSUM: 4670e623e41c5e2e7b4b047c3ff1078c9761ce17

COCOAPODS: 1.10.0
